
Microsoft Visual Studio Solution File, Format Version 12.00
# Visual Studio Version 17
VisualStudioVersion = 17.14.36811.4
MinimumVisualStudioVersion = 10.0.40219.1
Project("{2150E333-8FDC-42A3-9474-1A3956D46DE8}") = "framework", "framework", "{02EA681E-C7D8-13C7-8484-4AC65E1B71E8}"
EndProject
Project("{FAE04EC0-301F-11D3-BF4B-00C04F79EFBC}") = "Censeq.Framework.Core", "framework\Censeq.Framework.Core\Censeq.Framework.Core.csproj", "{DB10F8CC-C3DB-9F99-45D5-B93CD6538A22}"
EndProject
Project("{FAE04EC0-301F-11D3-BF4B-00C04F79EFBC}") = "Censeq.Framework.AspNetCore", "framework\Censeq.Framework.AspNetCore\Censeq.Framework.AspNetCore.csproj", "{6B39588B-5AA9-678B-ABEC-BC153D7B4632}"
EndProject
Project("{FAE04EC0-301F-11D3-BF4B-00C04F79EFBC}") = "Censeq.Framework.Swashbuckle", "framework\Censeq.Framework.Swashbuckle\Censeq.Framework.Swashbuckle.csproj", "{2AE033CC-BF5D-9BF6-D760-A36C5D62AD4F}"
EndProject
Project("{2150E333-8FDC-42A3-9474-1A3956D46DE8}") = "modules", "modules", "{EAF7E666-1E79-48B8-B8EA-3DFD72BF359E}"
EndProject
Project("{2150E333-8FDC-42A3-9474-1A3956D46DE8}") = "src", "src", "{123C8106-B92F-48DE-BBF4-1C71062E830E}"
EndProject
Project("{FAE04EC0-301F-11D3-BF4B-00C04F79EFBC}") = "Censeq.Admin.Domain", "src\Censeq.Admin.Domain\Censeq.Admin.Domain.csproj", "{BB7AA6B9-D5F4-0AD4-70F8-62C5F6AEBA40}"
EndProject
Project("{FAE04EC0-301F-11D3-BF4B-00C04F79EFBC}") = "Censeq.Admin.Domain.Shared", "src\Censeq.Admin.Domain.Shared\Censeq.Admin.Domain.Shared.csproj", "{E95E9933-F38B-2C58-3C13-AA6011CA61D6}"
EndProject
Project("{FAE04EC0-301F-11D3-BF4B-00C04F79EFBC}") = "Censeq.Admin.Application.Contracts", "src\Censeq.Admin.Application.Contracts\Censeq.Admin.Application.Contracts.csproj", "{BA27DD4C-72C3-EF9A-04C5-F4995F57164D}"
EndProject
Project("{FAE04EC0-301F-11D3-BF4B-00C04F79EFBC}") = "Censeq.Admin.Application", "src\Censeq.Admin.Application\Censeq.Admin.Application.csproj", "{EFD7DA0F-8FFE-D482-1C04-DED971FFEAA1}"
EndProject
Project("{FAE04EC0-301F-11D3-BF4B-00C04F79EFBC}") = "Censeq.Admin.EntityFrameworkCore", "src\Censeq.Admin.EntityFrameworkCore\Censeq.Admin.EntityFrameworkCore.csproj", "{587AE6DA-BF4D-6218-B96A-65DD67542094}"
EndProject
Project("{FAE04EC0-301F-11D3-BF4B-00C04F79EFBC}") = "Censeq.Admin.HttpApi", "src\Censeq.Admin.HttpApi\Censeq.Admin.HttpApi.csproj", "{298916BD-CAA0-E890-B1A0-ABFC0DD8BF13}"
EndProject
Project("{FAE04EC0-301F-11D3-BF4B-00C04F79EFBC}") = "Censeq.Admin.HttpApi.Host", "src\Censeq.Admin.HttpApi.Host\Censeq.Admin.HttpApi.Host.csproj", "{9C987628-0E09-3DB2-2C5C-E5480A0B99B4}"
EndProject
Project("{2150E333-8FDC-42A3-9474-1A3956D46DE8}") = "audit-logging", "audit-logging", "{7E5528EA-94BB-42A3-ABD0-B4D3F1488B71}"
EndProject
Project("{FAE04EC0-301F-11D3-BF4B-00C04F79EFBC}") = "Censeq.AuditLogging.Domain.Shared", "modules\audit-logging\Censeq.AuditLogging.Domain.Shared\Censeq.AuditLogging.Domain.Shared.csproj", "{A730B259-CC7A-6686-08A5-2468D11C4A93}"
EndProject
Project("{FAE04EC0-301F-11D3-BF4B-00C04F79EFBC}") = "Censeq.AuditLogging.Domain", "modules\audit-logging\Censeq.AuditLogging.Domain\Censeq.AuditLogging.Domain.csproj", "{41088BBE-5241-361C-E29D-3B146B153F47}"
EndProject
Project("{FAE04EC0-301F-11D3-BF4B-00C04F79EFBC}") = "Censeq.AuditLogging.EntityFrameworkCore", "modules\audit-logging\Censeq.AuditLogging.EntityFrameworkCore\Censeq.AuditLogging.EntityFrameworkCore.csproj", "{21D49D21-69CE-02EC-7934-B8485854F929}"
EndProject
Project("{FAE04EC0-301F-11D3-BF4B-00C04F79EFBC}") = "Censeq.Framework.EntityFrameworkCore", "framework\Censeq.Framework.EntityFrameworkCore\Censeq.Framework.EntityFrameworkCore.csproj", "{B2F22FAD-1459-D2D7-D66B-1B9D975DEF35}"
EndProject
Project("{2150E333-8FDC-42A3-9474-1A3956D46DE8}") = "basic-theme", "basic-theme", "{5A41B538-B2B9-4EBA-B526-D0C92B0ECBFA}"
EndProject
Project("{FAE04EC0-301F-11D3-BF4B-00C04F79EFBC}") = "Censeq.Framework.AspNetCore.Mvc.UI.Theme.Basic", "modules\basic-theme\Censeq.Framework.AspNetCore.Mvc.UI.Theme.Basic\Censeq.Framework.AspNetCore.Mvc.UI.Theme.Basic.csproj", "{AED7D7CB-49F9-9013-31AB-FCC92A75CC4B}"
EndProject
Project("{2150E333-8FDC-42A3-9474-1A3956D46DE8}") = "account", "account", "{B91E0CEC-26BB-480D-AD6C-DC219883A432}"
EndProject
Project("{FAE04EC0-301F-11D3-BF4B-00C04F79EFBC}") = "Censeq.Account.Web", "modules\account\Censeq.Account.Web\Censeq.Account.Web.csproj", "{CF6DD81A-73E6-80D9-53B4-15033E2B8E7B}"
EndProject
Project("{FAE04EC0-301F-11D3-BF4B-00C04F79EFBC}") = "Censeq.Account.Web.OpenIddict", "modules\account\Censeq.Account.Web.OpenIddict\Censeq.Account.Web.OpenIddict.csproj", "{3BB0AA26-0DCA-EA54-F49B-5D78B91C23A3}"
EndProject
Project("{2150E333-8FDC-42A3-9474-1A3956D46DE8}") = "setting-management", "setting-management", "{9DC93C82-4B84-4CA0-8F82-4D8B2D7711D2}"
EndProject
Project("{FAE04EC0-301F-11D3-BF4B-00C04F79EFBC}") = "Censeq.SettingManagement.Domain.Shared", "modules\setting-management\Censeq.SettingManagement.Domain.Shared\Censeq.SettingManagement.Domain.Shared.csproj", "{2C7288D2-841E-9463-E441-2DF4C7F6CC7A}"
EndProject
Project("{FAE04EC0-301F-11D3-BF4B-00C04F79EFBC}") = "Censeq.SettingManagement.Domain", "modules\setting-management\Censeq.SettingManagement.Domain\Censeq.SettingManagement.Domain.csproj", "{08673C3C-E724-ABE3-4052-6CC0C2A7BDFD}"
EndProject
Project("{FAE04EC0-301F-11D3-BF4B-00C04F79EFBC}") = "Censeq.SettingManagement.Application.Contracts", "modules\setting-management\Censeq.SettingManagement.Application.Contracts\Censeq.SettingManagement.Application.Contracts.csproj", "{DE71E742-6232-BE6A-F257-E814689F7F46}"
EndProject
Project("{FAE04EC0-301F-11D3-BF4B-00C04F79EFBC}") = "Censeq.SettingManagement.Application", "modules\setting-management\Censeq.SettingManagement.Application\Censeq.SettingManagement.Application.csproj", "{F6212D43-9B96-93DC-6C25-337CCD367F3E}"
EndProject
Project("{FAE04EC0-301F-11D3-BF4B-00C04F79EFBC}") = "Censeq.SettingManagement.EntityFrameworkCore", "modules\setting-management\Censeq.SettingManagement.EntityFrameworkCore\Censeq.SettingManagement.EntityFrameworkCore.csproj", "{F6F88237-5780-3C84-DB9D-C6554C0BBC6B}"
EndProject
Project("{FAE04EC0-301F-11D3-BF4B-00C04F79EFBC}") = "Censeq.SettingManagement.HttpApi", "modules\setting-management\Censeq.SettingManagement.HttpApi\Censeq.SettingManagement.HttpApi.csproj", "{D800798B-4246-07AE-1106-CE62E438936D}"
EndProject
Project("{2150E333-8FDC-42A3-9474-1A3956D46DE8}") = "tenant-management", "tenant-management", "{8BFBEF9D-3396-4BFA-9098-FC01B5A75ECD}"
EndProject
Project("{FAE04EC0-301F-11D3-BF4B-00C04F79EFBC}") = "Censeq.TenantManagement.Application.Contracts", "modules\tenant-management\Censeq.TenantManagement.Application.Contracts\Censeq.TenantManagement.Application.Contracts.csproj", "{EBD041CF-CA38-8617-D876-D59B0C1477CA}"
EndProject
Project("{FAE04EC0-301F-11D3-BF4B-00C04F79EFBC}") = "Censeq.TenantManagement.Application", "modules\tenant-management\Censeq.TenantManagement.Application\Censeq.TenantManagement.Application.csproj", "{208A5F28-785D-A91C-3A1C-5578101AB464}"
EndProject
Project("{FAE04EC0-301F-11D3-BF4B-00C04F79EFBC}") = "Censeq.TenantManagement.Domain.Shared", "modules\tenant-management\Censeq.TenantManagement.Domain.Shared\Censeq.TenantManagement.Domain.Shared.csproj", "{2BC58A73-4EFB-4CA0-A279-7F623495288E}"
EndProject
Project("{FAE04EC0-301F-11D3-BF4B-00C04F79EFBC}") = "Censeq.TenantManagement.Domain", "modules\tenant-management\Censeq.TenantManagement.Domain\Censeq.TenantManagement.Domain.csproj", "{DBD9EAD6-D545-EA05-E6BA-E212E1F8DE10}"
EndProject
Project("{FAE04EC0-301F-11D3-BF4B-00C04F79EFBC}") = "Censeq.TenantManagement.HttpApi", "modules\tenant-management\Censeq.TenantManagement.HttpApi\Censeq.TenantManagement.HttpApi.csproj", "{D90C0C6C-B4B9-1726-7D07-7CDA906AD24C}"
EndProject
Project("{FAE04EC0-301F-11D3-BF4B-00C04F79EFBC}") = "Censeq.TenantManagement.EntityFrameworkCore", "modules\tenant-management\Censeq.TenantManagement.EntityFrameworkCore\Censeq.TenantManagement.EntityFrameworkCore.csproj", "{E3A0CB4D-C4BF-C667-4848-8F572853977B}"
EndProject
Project("{2150E333-8FDC-42A3-9474-1A3956D46DE8}") = "feature-management", "feature-management", "{A7339CD4-A941-47E7-866B-27BDDA30E979}"
EndProject
Project("{FAE04EC0-301F-11D3-BF4B-00C04F79EFBC}") = "Censeq.FeatureManagement.Domain.Shared", "modules\feature-management\Censeq.FeatureManagement.Domain.Shared\Censeq.FeatureManagement.Domain.Shared.csproj", "{3053C3DE-A8AE-171B-48FD-61D0CA63011E}"
EndProject
Project("{FAE04EC0-301F-11D3-BF4B-00C04F79EFBC}") = "Censeq.FeatureManagement.Domain", "modules\feature-management\Censeq.FeatureManagement.Domain\Censeq.FeatureManagement.Domain.csproj", "{D2EA53DC-6977-1E0C-260A-04F9CD02B189}"
EndProject
Project("{FAE04EC0-301F-11D3-BF4B-00C04F79EFBC}") = "Censeq.FeatureManagement.Application.Contracts", "modules\feature-management\Censeq.FeatureManagement.Application.Contracts\Censeq.FeatureManagement.Application.Contracts.csproj", "{D2B10F7D-B7F9-3238-8284-2AFDD54CC45C}"
EndProject
Project("{FAE04EC0-301F-11D3-BF4B-00C04F79EFBC}") = "Censeq.FeatureManagement.Application", "modules\feature-management\Censeq.FeatureManagement.Application\Censeq.FeatureManagement.Application.csproj", "{06B47A55-9615-C469-6130-7F50D53D0AD8}"
EndProject
Project("{FAE04EC0-301F-11D3-BF4B-00C04F79EFBC}") = "Censeq.FeatureManagement.EntityFrameworkCore", "modules\feature-management\Censeq.FeatureManagement.EntityFrameworkCore\Censeq.FeatureManagement.EntityFrameworkCore.csproj", "{4FA834F7-D9DC-7DC1-5417-C2A729C55220}"
EndProject
Project("{FAE04EC0-301F-11D3-BF4B-00C04F79EFBC}") = "Censeq.FeatureManagement.HttpApi", "modules\feature-management\Censeq.FeatureManagement.HttpApi\Censeq.FeatureManagement.HttpApi.csproj", "{B5C6D7E8-F9A0-4B1C-8D2E-3F4A5B6C7D8E}"
EndProject
Project("{2150E333-8FDC-42A3-9474-1A3956D46DE8}") = "permission-management", "permission-management", "{B335517A-1DCC-445E-9FAC-C6D9BDD5A2C6}"
EndProject
Project("{FAE04EC0-301F-11D3-BF4B-00C04F79EFBC}") = "Censeq.PermissionManagement.Domain.Shared", "modules\permission-management\Censeq.PermissionManagement.Domain.Shared\Censeq.PermissionManagement.Domain.Shared.csproj", "{026AA330-34E9-3BE4-6619-8B89387A9673}"
EndProject
Project("{FAE04EC0-301F-11D3-BF4B-00C04F79EFBC}") = "Censeq.PermissionManagement.Domain", "modules\permission-management\Censeq.PermissionManagement.Domain\Censeq.PermissionManagement.Domain.csproj", "{2DC3B3A9-1F9D-9F96-2E2E-E0AE217BE2AF}"
EndProject
Project("{FAE04EC0-301F-11D3-BF4B-00C04F79EFBC}") = "Censeq.PermissionManagement.Application.Contracts", "modules\permission-management\Censeq.PermissionManagement.Application.Contracts\Censeq.PermissionManagement.Application.Contracts.csproj", "{4D937B2E-9A9E-19B5-DEA4-1BE50BD1B6C2}"
EndProject
Project("{FAE04EC0-301F-11D3-BF4B-00C04F79EFBC}") = "Censeq.PermissionManagement.Application", "modules\permission-management\Censeq.PermissionManagement.Application\Censeq.PermissionManagement.Application.csproj", "{A6E66954-349F-3418-5CEF-EC9489B0E9CE}"
EndProject
Project("{FAE04EC0-301F-11D3-BF4B-00C04F79EFBC}") = "Censeq.PermissionManagement.EntityFrameworkCore", "modules\permission-management\Censeq.PermissionManagement.EntityFrameworkCore\Censeq.PermissionManagement.EntityFrameworkCore.csproj", "{38474EC8-3EBE-84EB-C3DC-E47D227D2CE3}"
EndProject
Project("{FAE04EC0-301F-11D3-BF4B-00C04F79EFBC}") = "Censeq.PermissionManagement.HttpApi", "modules\permission-management\Censeq.PermissionManagement.HttpApi\Censeq.PermissionManagement.HttpApi.csproj", "{7E8D9C0B-1A2F-4E3D-8C7B-6A5F4E3D2C1B}"
EndProject
Project("{2150E333-8FDC-42A3-9474-1A3956D46DE8}") = "identity", "identity", "{2121BC62-619A-478A-ADDC-C5B9C2E219C8}"
EndProject
Project("{2150E333-8FDC-42A3-9474-1A3956D46DE8}") = "openiddict", "openiddict", "{82088286-1357-4414-811A-B92DE5E512C3}"
EndProject
Project("{FAE04EC0-301F-11D3-BF4B-00C04F79EFBC}") = "Censeq.Identity.Domain.Shared", "modules\identity\Censeq.Identity.Domain.Shared\Censeq.Identity.Domain.Shared.csproj", "{A5ECB562-D03C-A337-658C-5B8E782D2A4B}"
EndProject
Project("{FAE04EC0-301F-11D3-BF4B-00C04F79EFBC}") = "Censeq.Identity.Domain", "modules\identity\Censeq.Identity.Domain\Censeq.Identity.Domain.csproj", "{09A89AF5-FDC4-C83A-CD37-1EFEB10CC65A}"
EndProject
Project("{FAE04EC0-301F-11D3-BF4B-00C04F79EFBC}") = "Censeq.Identity.Application.Contracts", "modules\identity\Censeq.Identity.Application.Contracts\Censeq.Identity.Application.Contracts.csproj", "{1FFB8C7A-66B4-A4E1-4BF5-B7B5761C146F}"
EndProject
Project("{FAE04EC0-301F-11D3-BF4B-00C04F79EFBC}") = "Censeq.Identity.Application", "modules\identity\Censeq.Identity.Application\Censeq.Identity.Application.csproj", "{F35AF77A-418F-4D7A-CCF1-5D6BE2D04C00}"
EndProject
Project("{FAE04EC0-301F-11D3-BF4B-00C04F79EFBC}") = "Censeq.Identity.AspNetCore", "modules\identity\Censeq.Identity.AspNetCore\Censeq.Identity.AspNetCore.csproj", "{3FE44EE9-1CF9-840B-CF92-61B1831888EE}"
EndProject
Project("{FAE04EC0-301F-11D3-BF4B-00C04F79EFBC}") = "Censeq.Identity.EntityFrameworkCore", "modules\identity\Censeq.Identity.EntityFrameworkCore\Censeq.Identity.EntityFrameworkCore.csproj", "{2441E62A-1E29-CCD1-39D5-6954BB795471}"
EndProject
Project("{FAE04EC0-301F-11D3-BF4B-00C04F79EFBC}") = "Censeq.Identity.HttpApi", "modules\identity\Censeq.Identity.HttpApi\Censeq.Identity.HttpApi.csproj", "{1A5AD9F9-5FCC-C9BF-E94E-D8F550781D70}"
EndProject
Project("{FAE04EC0-301F-11D3-BF4B-00C04F79EFBC}") = "Censeq.PermissionManagement.Domain.Identity", "modules\identity\Censeq.PermissionManagement.Domain.Identity\Censeq.PermissionManagement.Domain.Identity.csproj", "{A69744BE-F26A-4F6C-EBC2-2405DB08A519}"
EndProject
Project("{FAE04EC0-301F-11D3-BF4B-00C04F79EFBC}") = "Censeq.OpenIddict.Domain.Shared", "modules\openiddict\Censeq.OpenIddict.Domain.Shared\Censeq.OpenIddict.Domain.Shared.csproj", "{AAB38824-402D-A8CC-6341-0797A03E7F77}"
EndProject
Project("{FAE04EC0-301F-11D3-BF4B-00C04F79EFBC}") = "Censeq.OpenIddict.Domain", "modules\openiddict\Censeq.OpenIddict.Domain\Censeq.OpenIddict.Domain.csproj", "{0C46BE3A-7AF7-341D-8132-57D7D8CF7FC3}"
EndProject
Project("{FAE04EC0-301F-11D3-BF4B-00C04F79EFBC}") = "Censeq.OpenIddict.AspNetCore", "modules\openiddict\Censeq.OpenIddict.AspNetCore\Censeq.OpenIddict.AspNetCore.csproj", "{1C93D63D-AEC0-4779-84F2-7FE2098CF582}"
EndProject
Project("{FAE04EC0-301F-11D3-BF4B-00C04F79EFBC}") = "Censeq.OpenIddict.EntityFrameworkCore", "modules\openiddict\Censeq.OpenIddict.EntityFrameworkCore\Censeq.OpenIddict.EntityFrameworkCore.csproj", "{9F6E7CFE-001A-212F-732A-4DFFFED851AA}"
EndProject
Project("{FAE04EC0-301F-11D3-BF4B-00C04F79EFBC}") = "Censeq.PermissionManagement.Domain.OpenIddict", "modules\openiddict\Censeq.PermissionManagement.Domain.OpenIddict\Censeq.PermissionManagement.Domain.OpenIddict.csproj", "{839ED8CB-6E43-A1E5-B92C-B83BC5C9B295}"
EndProject
Project("{FAE04EC0-301F-11D3-BF4B-00C04F79EFBC}") = "Censeq.Account.Application.Contracts", "modules\account\Censeq.Account.Application.Contracts\Censeq.Account.Application.Contracts.csproj", "{F98C7E1F-1B93-5E2C-3CB8-C4C29FB27A1F}"
EndProject
Project("{FAE04EC0-301F-11D3-BF4B-00C04F79EFBC}") = "Censeq.Account.Application", "modules\account\Censeq.Account.Application\Censeq.Account.Application.csproj", "{2ED83E34-3FDF-BE35-8530-3B6ECAF080C6}"
EndProject
Project("{FAE04EC0-301F-11D3-BF4B-00C04F79EFBC}") = "Censeq.Account.HttpApi", "modules\account\Censeq.Account.HttpApi\Censeq.Account.HttpApi.csproj", "{99D2D920-38FC-C655-8969-1EC0FC9D4245}"
EndProject
Project("{FAE04EC0-301F-11D3-BF4B-00C04F79EFBC}") = "Censeq.Admin.DbMigrator", "src\Censeq.Admin.DbMigrator\Censeq.Admin.DbMigrator.csproj", "{5A22F9BA-8504-18D0-619D-10274A100A85}"
EndProject
Project("{FAE04EC0-301F-11D3-BF4B-00C04F79EFBC}") = "Censeq.AuditLogging.Application.Contracts", "modules\audit-logging\Censeq.AuditLogging.Application.Contracts\Censeq.AuditLogging.Application.Contracts.csproj", "{475DAAEE-6ED7-48D0-A0C9-95131AC476C9}"
EndProject
Project("{FAE04EC0-301F-11D3-BF4B-00C04F79EFBC}") = "Censeq.AuditLogging.Application", "modules\audit-logging\Censeq.AuditLogging.Application\Censeq.AuditLogging.Application.csproj", "{5D32CCDF-FBF3-426C-BE16-070F5469F3F4}"
EndProject
Project("{FAE04EC0-301F-11D3-BF4B-00C04F79EFBC}") = "Censeq.AuditLogging.HttpApi", "modules\audit-logging\Censeq.AuditLogging.HttpApi\Censeq.AuditLogging.HttpApi.csproj", "{8A48CA7C-CEEE-446F-9FD8-7DF9D4A5E836}"
EndProject
Project("{FAE04EC0-301F-11D3-BF4B-00C04F79EFBC}") = "Censeq.OpenIddict.Application.Contracts", "modules\openiddict\Censeq.OpenIddict.Application.Contracts\Censeq.OpenIddict.Application.Contracts.csproj", "{9E94CC1E-033D-A798-5907-13582DDA4CCF}"
EndProject
Project("{FAE04EC0-301F-11D3-BF4B-00C04F79EFBC}") = "Censeq.OpenIddict.Application", "modules\openiddict\Censeq.OpenIddict.Application\Censeq.OpenIddict.Application.csproj", "{9CDC9BA6-A617-6F3F-824B-ED13CA4FB43B}"
EndProject
Project("{FAE04EC0-301F-11D3-BF4B-00C04F79EFBC}") = "Censeq.OpenIddict.HttpApi", "modules\openiddict\Censeq.OpenIddict.HttpApi\Censeq.OpenIddict.HttpApi.csproj", "{921E4437-3C99-5ED5-9785-2F0835921FB8}"
EndProject
Project("{2150E333-8FDC-42A3-9474-1A3956D46DE8}") = "localization-management", "localization-management", "{C3617A88-5C3D-0D53-2F84-602B3C139D7B}"
EndProject
Project("{FAE04EC0-301F-11D3-BF4B-00C04F79EFBC}") = "Censeq.LocalizationManagement.Domain.Shared", "modules\localization-management\Censeq.LocalizationManagement.Domain.Shared\Censeq.LocalizationManagement.Domain.Shared.csproj", "{A5BE53EE-AC6B-4A86-A26A-44E917B39F7C}"
EndProject
Project("{FAE04EC0-301F-11D3-BF4B-00C04F79EFBC}") = "Censeq.LocalizationManagement.Domain", "modules\localization-management\Censeq.LocalizationManagement.Domain\Censeq.LocalizationManagement.Domain.csproj", "{82DE5DCA-341A-440E-B9C6-29F828068BD6}"
EndProject
Project("{FAE04EC0-301F-11D3-BF4B-00C04F79EFBC}") = "Censeq.LocalizationManagement.Application.Contracts", "modules\localization-management\Censeq.LocalizationManagement.Application.Contracts\Censeq.LocalizationManagement.Application.Contracts.csproj", "{4D32A65B-B042-4C47-9CC8-7EC1494254E4}"
EndProject
Project("{FAE04EC0-301F-11D3-BF4B-00C04F79EFBC}") = "Censeq.LocalizationManagement.Application", "modules\localization-management\Censeq.LocalizationManagement.Application\Censeq.LocalizationManagement.Application.csproj", "{A3EB53E5-627E-4083-A014-439F77714DB2}"
EndProject
Project("{FAE04EC0-301F-11D3-BF4B-00C04F79EFBC}") = "Censeq.LocalizationManagement.EntityFrameworkCore", "modules\localization-management\Censeq.LocalizationManagement.EntityFrameworkCore\Censeq.LocalizationManagement.EntityFrameworkCore.csproj", "{836745C8-4CC1-4938-99CE-EFF82489CE9C}"
EndProject
Project("{FAE04EC0-301F-11D3-BF4B-00C04F79EFBC}") = "Censeq.LocalizationManagement.HttpApi", "modules\localization-management\Censeq.LocalizationManagement.HttpApi\Censeq.LocalizationManagement.HttpApi.csproj", "{F59510AC-D190-4B6F-B4B0-90A223186DED}"
EndProject
Global
	GlobalSection(SolutionConfigurationPlatforms) = preSolution
		Debug|Any CPU = Debug|Any CPU
		Debug|x64 = Debug|x64
		Debug|x86 = Debug|x86
		Release|Any CPU = Release|Any CPU
		Release|x64 = Release|x64
		Release|x86 = Release|x86
	EndGlobalSection
	GlobalSection(ProjectConfigurationPlatforms) = postSolution
		{DB10F8CC-C3DB-9F99-45D5-B93CD6538A22}.Debug|Any CPU.ActiveCfg = Debug|Any CPU
		{DB10F8CC-C3DB-9F99-45D5-B93CD6538A22}.Debug|Any CPU.Build.0 = Debug|Any CPU
		{DB10F8CC-C3DB-9F99-45D5-B93CD6538A22}.Debug|x64.ActiveCfg = Debug|Any CPU
		{DB10F8CC-C3DB-9F99-45D5-B93CD6538A22}.Debug|x64.Build.0 = Debug|Any CPU
		{DB10F8CC-C3DB-9F99-45D5-B93CD6538A22}.Debug|x86.ActiveCfg = Debug|Any CPU
		{DB10F8CC-C3DB-9F99-45D5-B93CD6538A22}.Debug|x86.Build.0 = Debug|Any CPU
		{DB10F8CC-C3DB-9F99-45D5-B93CD6538A22}.Release|Any CPU.ActiveCfg = Release|Any CPU
		{DB10F8CC-C3DB-9F99-45D5-B93CD6538A22}.Release|Any CPU.Build.0 = Release|Any CPU
		{DB10F8CC-C3DB-9F99-45D5-B93CD6538A22}.Release|x64.ActiveCfg = Release|Any CPU
		{DB10F8CC-C3DB-9F99-45D5-B93CD6538A22}.Release|x64.Build.0 = Release|Any CPU
		{DB10F8CC-C3DB-9F99-45D5-B93CD6538A22}.Release|x86.ActiveCfg = Release|Any CPU
		{DB10F8CC-C3DB-9F99-45D5-B93CD6538A22}.Release|x86.Build.0 = Release|Any CPU
		{6B39588B-5AA9-678B-ABEC-BC153D7B4632}.Debug|Any CPU.ActiveCfg = Debug|Any CPU
		{6B39588B-5AA9-678B-ABEC-BC153D7B4632}.Debug|Any CPU.Build.0 = Debug|Any CPU
		{6B39588B-5AA9-678B-ABEC-BC153D7B4632}.Debug|x64.ActiveCfg = Debug|Any CPU
		{6B39588B-5AA9-678B-ABEC-BC153D7B4632}.Debug|x64.Build.0 = Debug|Any CPU
		{6B39588B-5AA9-678B-ABEC-BC153D7B4632}.Debug|x86.ActiveCfg = Debug|Any CPU
		{6B39588B-5AA9-678B-ABEC-BC153D7B4632}.Debug|x86.Build.0 = Debug|Any CPU
		{6B39588B-5AA9-678B-ABEC-BC153D7B4632}.Release|Any CPU.ActiveCfg = Release|Any CPU
		{6B39588B-5AA9-678B-ABEC-BC153D7B4632}.Release|Any CPU.Build.0 = Release|Any CPU
		{6B39588B-5AA9-678B-ABEC-BC153D7B4632}.Release|x64.ActiveCfg = Release|Any CPU
		{6B39588B-5AA9-678B-ABEC-BC153D7B4632}.Release|x64.Build.0 = Release|Any CPU
		{6B39588B-5AA9-678B-ABEC-BC153D7B4632}.Release|x86.ActiveCfg = Release|Any CPU
		{6B39588B-5AA9-678B-ABEC-BC153D7B4632}.Release|x86.Build.0 = Release|Any CPU
		{2AE033CC-BF5D-9BF6-D760-A36C5D62AD4F}.Debug|Any CPU.ActiveCfg = Debug|Any CPU
		{2AE033CC-BF5D-9BF6-D760-A36C5D62AD4F}.Debug|Any CPU.Build.0 = Debug|Any CPU
		{2AE033CC-BF5D-9BF6-D760-A36C5D62AD4F}.Debug|x64.ActiveCfg = Debug|Any CPU
		{2AE033CC-BF5D-9BF6-D760-A36C5D62AD4F}.Debug|x64.Build.0 = Debug|Any CPU
		{2AE033CC-BF5D-9BF6-D760-A36C5D62AD4F}.Debug|x86.ActiveCfg = Debug|Any CPU
		{2AE033CC-BF5D-9BF6-D760-A36C5D62AD4F}.Debug|x86.Build.0 = Debug|Any CPU
		{2AE033CC-BF5D-9BF6-D760-A36C5D62AD4F}.Release|Any CPU.ActiveCfg = Release|Any CPU
		{2AE033CC-BF5D-9BF6-D760-A36C5D62AD4F}.Release|Any CPU.Build.0 = Release|Any CPU
		{2AE033CC-BF5D-9BF6-D760-A36C5D62AD4F}.Release|x64.ActiveCfg = Release|Any CPU
		{2AE033CC-BF5D-9BF6-D760-A36C5D62AD4F}.Release|x64.Build.0 = Release|Any CPU
		{2AE033CC-BF5D-9BF6-D760-A36C5D62AD4F}.Release|x86.ActiveCfg = Release|Any CPU
		{2AE033CC-BF5D-9BF6-D760-A36C5D62AD4F}.Release|x86.Build.0 = Release|Any CPU
		{BB7AA6B9-D5F4-0AD4-70F8-62C5F6AEBA40}.Debug|Any CPU.ActiveCfg = Debug|Any CPU
		{BB7AA6B9-D5F4-0AD4-70F8-62C5F6AEBA40}.Debug|Any CPU.Build.0 = Debug|Any CPU
		{BB7AA6B9-D5F4-0AD4-70F8-62C5F6AEBA40}.Debug|x64.ActiveCfg = Debug|Any CPU
		{BB7AA6B9-D5F4-0AD4-70F8-62C5F6AEBA40}.Debug|x64.Build.0 = Debug|Any CPU
		{BB7AA6B9-D5F4-0AD4-70F8-62C5F6AEBA40}.Debug|x86.ActiveCfg = Debug|Any CPU
		{BB7AA6B9-D5F4-0AD4-70F8-62C5F6AEBA40}.Debug|x86.Build.0 = Debug|Any CPU
		{BB7AA6B9-D5F4-0AD4-70F8-62C5F6AEBA40}.Release|Any CPU.ActiveCfg = Release|Any CPU
		{BB7AA6B9-D5F4-0AD4-70F8-62C5F6AEBA40}.Release|Any CPU.Build.0 = Release|Any CPU
		{BB7AA6B9-D5F4-0AD4-70F8-62C5F6AEBA40}.Release|x64.ActiveCfg = Release|Any CPU
		{BB7AA6B9-D5F4-0AD4-70F8-62C5F6AEBA40}.Release|x64.Build.0 = Release|Any CPU
		{BB7AA6B9-D5F4-0AD4-70F8-62C5F6AEBA40}.Release|x86.ActiveCfg = Release|Any CPU
		{BB7AA6B9-D5F4-0AD4-70F8-62C5F6AEBA40}.Release|x86.Build.0 = Release|Any CPU
		{E95E9933-F38B-2C58-3C13-AA6011CA61D6}.Debug|Any CPU.ActiveCfg = Debug|Any CPU
		{E95E9933-F38B-2C58-3C13-AA6011CA61D6}.Debug|Any CPU.Build.0 = Debug|Any CPU
		{E95E9933-F38B-2C58-3C13-AA6011CA61D6}.Debug|x64.ActiveCfg = Debug|Any CPU
		{E95E9933-F38B-2C58-3C13-AA6011CA61D6}.Debug|x64.Build.0 = Debug|Any CPU
		{E95E9933-F38B-2C58-3C13-AA6011CA61D6}.Debug|x86.ActiveCfg = Debug|Any CPU
		{E95E9933-F38B-2C58-3C13-AA6011CA61D6}.Debug|x86.Build.0 = Debug|Any CPU
		{E95E9933-F38B-2C58-3C13-AA6011CA61D6}.Release|Any CPU.ActiveCfg = Release|Any CPU
		{E95E9933-F38B-2C58-3C13-AA6011CA61D6}.Release|Any CPU.Build.0 = Release|Any CPU
		{E95E9933-F38B-2C58-3C13-AA6011CA61D6}.Release|x64.ActiveCfg = Release|Any CPU
		{E95E9933-F38B-2C58-3C13-AA6011CA61D6}.Release|x64.Build.0 = Release|Any CPU
		{E95E9933-F38B-2C58-3C13-AA6011CA61D6}.Release|x86.ActiveCfg = Release|Any CPU
		{E95E9933-F38B-2C58-3C13-AA6011CA61D6}.Release|x86.Build.0 = Release|Any CPU
		{BA27DD4C-72C3-EF9A-04C5-F4995F57164D}.Debug|Any CPU.ActiveCfg = Debug|Any CPU
		{BA27DD4C-72C3-EF9A-04C5-F4995F57164D}.Debug|Any CPU.Build.0 = Debug|Any CPU
		{BA27DD4C-72C3-EF9A-04C5-F4995F57164D}.Debug|x64.ActiveCfg = Debug|Any CPU
		{BA27DD4C-72C3-EF9A-04C5-F4995F57164D}.Debug|x64.Build.0 = Debug|Any CPU
		{BA27DD4C-72C3-EF9A-04C5-F4995F57164D}.Debug|x86.ActiveCfg = Debug|Any CPU
		{BA27DD4C-72C3-EF9A-04C5-F4995F57164D}.Debug|x86.Build.0 = Debug|Any CPU
		{BA27DD4C-72C3-EF9A-04C5-F4995F57164D}.Release|Any CPU.ActiveCfg = Release|Any CPU
		{BA27DD4C-72C3-EF9A-04C5-F4995F57164D}.Release|Any CPU.Build.0 = Release|Any CPU
		{BA27DD4C-72C3-EF9A-04C5-F4995F57164D}.Release|x64.ActiveCfg = Release|Any CPU
		{BA27DD4C-72C3-EF9A-04C5-F4995F57164D}.Release|x64.Build.0 = Release|Any CPU
		{BA27DD4C-72C3-EF9A-04C5-F4995F57164D}.Release|x86.ActiveCfg = Release|Any CPU
		{BA27DD4C-72C3-EF9A-04C5-F4995F57164D}.Release|x86.Build.0 = Release|Any CPU
		{EFD7DA0F-8FFE-D482-1C04-DED971FFEAA1}.Debug|Any CPU.ActiveCfg = Debug|Any CPU
		{EFD7DA0F-8FFE-D482-1C04-DED971FFEAA1}.Debug|Any CPU.Build.0 = Debug|Any CPU
		{EFD7DA0F-8FFE-D482-1C04-DED971FFEAA1}.Debug|x64.ActiveCfg = Debug|Any CPU
		{EFD7DA0F-8FFE-D482-1C04-DED971FFEAA1}.Debug|x64.Build.0 = Debug|Any CPU
		{EFD7DA0F-8FFE-D482-1C04-DED971FFEAA1}.Debug|x86.ActiveCfg = Debug|Any CPU
		{EFD7DA0F-8FFE-D482-1C04-DED971FFEAA1}.Debug|x86.Build.0 = Debug|Any CPU
		{EFD7DA0F-8FFE-D482-1C04-DED971FFEAA1}.Release|Any CPU.ActiveCfg = Release|Any CPU
		{EFD7DA0F-8FFE-D482-1C04-DED971FFEAA1}.Release|Any CPU.Build.0 = Release|Any CPU
		{EFD7DA0F-8FFE-D482-1C04-DED971FFEAA1}.Release|x64.ActiveCfg = Release|Any CPU
		{EFD7DA0F-8FFE-D482-1C04-DED971FFEAA1}.Release|x64.Build.0 = Release|Any CPU
		{EFD7DA0F-8FFE-D482-1C04-DED971FFEAA1}.Release|x86.ActiveCfg = Release|Any CPU
		{EFD7DA0F-8FFE-D482-1C04-DED971FFEAA1}.Release|x86.Build.0 = Release|Any CPU
		{587AE6DA-BF4D-6218-B96A-65DD67542094}.Debug|Any CPU.ActiveCfg = Debug|Any CPU
		{587AE6DA-BF4D-6218-B96A-65DD67542094}.Debug|Any CPU.Build.0 = Debug|Any CPU
		{587AE6DA-BF4D-6218-B96A-65DD67542094}.Debug|x64.ActiveCfg = Debug|Any CPU
		{587AE6DA-BF4D-6218-B96A-65DD67542094}.Debug|x64.Build.0 = Debug|Any CPU
		{587AE6DA-BF4D-6218-B96A-65DD67542094}.Debug|x86.ActiveCfg = Debug|Any CPU
		{587AE6DA-BF4D-6218-B96A-65DD67542094}.Debug|x86.Build.0 = Debug|Any CPU
		{587AE6DA-BF4D-6218-B96A-65DD67542094}.Release|Any CPU.ActiveCfg = Release|Any CPU
		{587AE6DA-BF4D-6218-B96A-65DD67542094}.Release|Any CPU.Build.0 = Release|Any CPU
		{587AE6DA-BF4D-6218-B96A-65DD67542094}.Release|x64.ActiveCfg = Release|Any CPU
		{587AE6DA-BF4D-6218-B96A-65DD67542094}.Release|x64.Build.0 = Release|Any CPU
		{587AE6DA-BF4D-6218-B96A-65DD67542094}.Release|x86.ActiveCfg = Release|Any CPU
		{587AE6DA-BF4D-6218-B96A-65DD67542094}.Release|x86.Build.0 = Release|Any CPU
		{298916BD-CAA0-E890-B1A0-ABFC0DD8BF13}.Debug|Any CPU.ActiveCfg = Debug|Any CPU
		{298916BD-CAA0-E890-B1A0-ABFC0DD8BF13}.Debug|Any CPU.Build.0 = Debug|Any CPU
		{298916BD-CAA0-E890-B1A0-ABFC0DD8BF13}.Debug|x64.ActiveCfg = Debug|Any CPU
		{298916BD-CAA0-E890-B1A0-ABFC0DD8BF13}.Debug|x64.Build.0 = Debug|Any CPU
		{298916BD-CAA0-E890-B1A0-ABFC0DD8BF13}.Debug|x86.ActiveCfg = Debug|Any CPU
		{298916BD-CAA0-E890-B1A0-ABFC0DD8BF13}.Debug|x86.Build.0 = Debug|Any CPU
		{298916BD-CAA0-E890-B1A0-ABFC0DD8BF13}.Release|Any CPU.ActiveCfg = Release|Any CPU
		{298916BD-CAA0-E890-B1A0-ABFC0DD8BF13}.Release|Any CPU.Build.0 = Release|Any CPU
		{298916BD-CAA0-E890-B1A0-ABFC0DD8BF13}.Release|x64.ActiveCfg = Release|Any CPU
		{298916BD-CAA0-E890-B1A0-ABFC0DD8BF13}.Release|x64.Build.0 = Release|Any CPU
		{298916BD-CAA0-E890-B1A0-ABFC0DD8BF13}.Release|x86.ActiveCfg = Release|Any CPU
		{298916BD-CAA0-E890-B1A0-ABFC0DD8BF13}.Release|x86.Build.0 = Release|Any CPU
		{9C987628-0E09-3DB2-2C5C-E5480A0B99B4}.Debug|Any CPU.ActiveCfg = Debug|Any CPU
		{9C987628-0E09-3DB2-2C5C-E5480A0B99B4}.Debug|Any CPU.Build.0 = Debug|Any CPU
		{9C987628-0E09-3DB2-2C5C-E5480A0B99B4}.Debug|x64.ActiveCfg = Debug|Any CPU
		{9C987628-0E09-3DB2-2C5C-E5480A0B99B4}.Debug|x64.Build.0 = Debug|Any CPU
		{9C987628-0E09-3DB2-2C5C-E5480A0B99B4}.Debug|x86.ActiveCfg = Debug|Any CPU
		{9C987628-0E09-3DB2-2C5C-E5480A0B99B4}.Debug|x86.Build.0 = Debug|Any CPU
		{9C987628-0E09-3DB2-2C5C-E5480A0B99B4}.Release|Any CPU.ActiveCfg = Release|Any CPU
		{9C987628-0E09-3DB2-2C5C-E5480A0B99B4}.Release|Any CPU.Build.0 = Release|Any CPU
		{9C987628-0E09-3DB2-2C5C-E5480A0B99B4}.Release|x64.ActiveCfg = Release|Any CPU
		{9C987628-0E09-3DB2-2C5C-E5480A0B99B4}.Release|x64.Build.0 = Release|Any CPU
		{9C987628-0E09-3DB2-2C5C-E5480A0B99B4}.Release|x86.ActiveCfg = Release|Any CPU
		{9C987628-0E09-3DB2-2C5C-E5480A0B99B4}.Release|x86.Build.0 = Release|Any CPU
		{A730B259-CC7A-6686-08A5-2468D11C4A93}.Debug|Any CPU.ActiveCfg = Debug|Any CPU
		{A730B259-CC7A-6686-08A5-2468D11C4A93}.Debug|Any CPU.Build.0 = Debug|Any CPU
		{A730B259-CC7A-6686-08A5-2468D11C4A93}.Debug|x64.ActiveCfg = Debug|Any CPU
		{A730B259-CC7A-6686-08A5-2468D11C4A93}.Debug|x64.Build.0 = Debug|Any CPU
		{A730B259-CC7A-6686-08A5-2468D11C4A93}.Debug|x86.ActiveCfg = Debug|Any CPU
		{A730B259-CC7A-6686-08A5-2468D11C4A93}.Debug|x86.Build.0 = Debug|Any CPU
		{A730B259-CC7A-6686-08A5-2468D11C4A93}.Release|Any CPU.ActiveCfg = Release|Any CPU
		{A730B259-CC7A-6686-08A5-2468D11C4A93}.Release|Any CPU.Build.0 = Release|Any CPU
		{A730B259-CC7A-6686-08A5-2468D11C4A93}.Release|x64.ActiveCfg = Release|Any CPU
		{A730B259-CC7A-6686-08A5-2468D11C4A93}.Release|x64.Build.0 = Release|Any CPU
		{A730B259-CC7A-6686-08A5-2468D11C4A93}.Release|x86.ActiveCfg = Release|Any CPU
		{A730B259-CC7A-6686-08A5-2468D11C4A93}.Release|x86.Build.0 = Release|Any CPU
		{41088BBE-5241-361C-E29D-3B146B153F47}.Debug|Any CPU.ActiveCfg = Debug|Any CPU
		{41088BBE-5241-361C-E29D-3B146B153F47}.Debug|Any CPU.Build.0 = Debug|Any CPU
		{41088BBE-5241-361C-E29D-3B146B153F47}.Debug|x64.ActiveCfg = Debug|Any CPU
		{41088BBE-5241-361C-E29D-3B146B153F47}.Debug|x64.Build.0 = Debug|Any CPU
		{41088BBE-5241-361C-E29D-3B146B153F47}.Debug|x86.ActiveCfg = Debug|Any CPU
		{41088BBE-5241-361C-E29D-3B146B153F47}.Debug|x86.Build.0 = Debug|Any CPU
		{41088BBE-5241-361C-E29D-3B146B153F47}.Release|Any CPU.ActiveCfg = Release|Any CPU
		{41088BBE-5241-361C-E29D-3B146B153F47}.Release|Any CPU.Build.0 = Release|Any CPU
		{41088BBE-5241-361C-E29D-3B146B153F47}.Release|x64.ActiveCfg = Release|Any CPU
		{41088BBE-5241-361C-E29D-3B146B153F47}.Release|x64.Build.0 = Release|Any CPU
		{41088BBE-5241-361C-E29D-3B146B153F47}.Release|x86.ActiveCfg = Release|Any CPU
		{41088BBE-5241-361C-E29D-3B146B153F47}.Release|x86.Build.0 = Release|Any CPU
		{21D49D21-69CE-02EC-7934-B8485854F929}.Debug|Any CPU.ActiveCfg = Debug|Any CPU
		{21D49D21-69CE-02EC-7934-B8485854F929}.Debug|Any CPU.Build.0 = Debug|Any CPU
		{21D49D21-69CE-02EC-7934-B8485854F929}.Debug|x64.ActiveCfg = Debug|Any CPU
		{21D49D21-69CE-02EC-7934-B8485854F929}.Debug|x64.Build.0 = Debug|Any CPU
		{21D49D21-69CE-02EC-7934-B8485854F929}.Debug|x86.ActiveCfg = Debug|Any CPU
		{21D49D21-69CE-02EC-7934-B8485854F929}.Debug|x86.Build.0 = Debug|Any CPU
		{21D49D21-69CE-02EC-7934-B8485854F929}.Release|Any CPU.ActiveCfg = Release|Any CPU
		{21D49D21-69CE-02EC-7934-B8485854F929}.Release|Any CPU.Build.0 = Release|Any CPU
		{21D49D21-69CE-02EC-7934-B8485854F929}.Release|x64.ActiveCfg = Release|Any CPU
		{21D49D21-69CE-02EC-7934-B8485854F929}.Release|x64.Build.0 = Release|Any CPU
		{21D49D21-69CE-02EC-7934-B8485854F929}.Release|x86.ActiveCfg = Release|Any CPU
		{21D49D21-69CE-02EC-7934-B8485854F929}.Release|x86.Build.0 = Release|Any CPU
		{B2F22FAD-1459-D2D7-D66B-1B9D975DEF35}.Debug|Any CPU.ActiveCfg = Debug|Any CPU
		{B2F22FAD-1459-D2D7-D66B-1B9D975DEF35}.Debug|Any CPU.Build.0 = Debug|Any CPU
		{B2F22FAD-1459-D2D7-D66B-1B9D975DEF35}.Debug|x64.ActiveCfg = Debug|Any CPU
		{B2F22FAD-1459-D2D7-D66B-1B9D975DEF35}.Debug|x64.Build.0 = Debug|Any CPU
		{B2F22FAD-1459-D2D7-D66B-1B9D975DEF35}.Debug|x86.ActiveCfg = Debug|Any CPU
		{B2F22FAD-1459-D2D7-D66B-1B9D975DEF35}.Debug|x86.Build.0 = Debug|Any CPU
		{B2F22FAD-1459-D2D7-D66B-1B9D975DEF35}.Release|Any CPU.ActiveCfg = Release|Any CPU
		{B2F22FAD-1459-D2D7-D66B-1B9D975DEF35}.Release|Any CPU.Build.0 = Release|Any CPU
		{B2F22FAD-1459-D2D7-D66B-1B9D975DEF35}.Release|x64.ActiveCfg = Release|Any CPU
		{B2F22FAD-1459-D2D7-D66B-1B9D975DEF35}.Release|x64.Build.0 = Release|Any CPU
		{B2F22FAD-1459-D2D7-D66B-1B9D975DEF35}.Release|x86.ActiveCfg = Release|Any CPU
		{B2F22FAD-1459-D2D7-D66B-1B9D975DEF35}.Release|x86.Build.0 = Release|Any CPU
		{AED7D7CB-49F9-9013-31AB-FCC92A75CC4B}.Debug|Any CPU.ActiveCfg = Debug|Any CPU
		{AED7D7CB-49F9-9013-31AB-FCC92A75CC4B}.Debug|Any CPU.Build.0 = Debug|Any CPU
		{AED7D7CB-49F9-9013-31AB-FCC92A75CC4B}.Debug|x64.ActiveCfg = Debug|Any CPU
		{AED7D7CB-49F9-9013-31AB-FCC92A75CC4B}.Debug|x64.Build.0 = Debug|Any CPU
		{AED7D7CB-49F9-9013-31AB-FCC92A75CC4B}.Debug|x86.ActiveCfg = Debug|Any CPU
		{AED7D7CB-49F9-9013-31AB-FCC92A75CC4B}.Debug|x86.Build.0 = Debug|Any CPU
		{AED7D7CB-49F9-9013-31AB-FCC92A75CC4B}.Release|Any CPU.ActiveCfg = Release|Any CPU
		{AED7D7CB-49F9-9013-31AB-FCC92A75CC4B}.Release|Any CPU.Build.0 = Release|Any CPU
		{AED7D7CB-49F9-9013-31AB-FCC92A75CC4B}.Release|x64.ActiveCfg = Release|Any CPU
		{AED7D7CB-49F9-9013-31AB-FCC92A75CC4B}.Release|x64.Build.0 = Release|Any CPU
		{AED7D7CB-49F9-9013-31AB-FCC92A75CC4B}.Release|x86.ActiveCfg = Release|Any CPU
		{AED7D7CB-49F9-9013-31AB-FCC92A75CC4B}.Release|x86.Build.0 = Release|Any CPU
		{CF6DD81A-73E6-80D9-53B4-15033E2B8E7B}.Debug|Any CPU.ActiveCfg = Debug|Any CPU
		{CF6DD81A-73E6-80D9-53B4-15033E2B8E7B}.Debug|Any CPU.Build.0 = Debug|Any CPU
		{CF6DD81A-73E6-80D9-53B4-15033E2B8E7B}.Debug|x64.ActiveCfg = Debug|Any CPU
		{CF6DD81A-73E6-80D9-53B4-15033E2B8E7B}.Debug|x64.Build.0 = Debug|Any CPU
		{CF6DD81A-73E6-80D9-53B4-15033E2B8E7B}.Debug|x86.ActiveCfg = Debug|Any CPU
		{CF6DD81A-73E6-80D9-53B4-15033E2B8E7B}.Debug|x86.Build.0 = Debug|Any CPU
		{CF6DD81A-73E6-80D9-53B4-15033E2B8E7B}.Release|Any CPU.ActiveCfg = Release|Any CPU
		{CF6DD81A-73E6-80D9-53B4-15033E2B8E7B}.Release|Any CPU.Build.0 = Release|Any CPU
		{CF6DD81A-73E6-80D9-53B4-15033E2B8E7B}.Release|x64.ActiveCfg = Release|Any CPU
		{CF6DD81A-73E6-80D9-53B4-15033E2B8E7B}.Release|x64.Build.0 = Release|Any CPU
		{CF6DD81A-73E6-80D9-53B4-15033E2B8E7B}.Release|x86.ActiveCfg = Release|Any CPU
		{CF6DD81A-73E6-80D9-53B4-15033E2B8E7B}.Release|x86.Build.0 = Release|Any CPU
		{3BB0AA26-0DCA-EA54-F49B-5D78B91C23A3}.Debug|Any CPU.ActiveCfg = Debug|Any CPU
		{3BB0AA26-0DCA-EA54-F49B-5D78B91C23A3}.Debug|Any CPU.Build.0 = Debug|Any CPU
		{3BB0AA26-0DCA-EA54-F49B-5D78B91C23A3}.Debug|x64.ActiveCfg = Debug|Any CPU
		{3BB0AA26-0DCA-EA54-F49B-5D78B91C23A3}.Debug|x64.Build.0 = Debug|Any CPU
		{3BB0AA26-0DCA-EA54-F49B-5D78B91C23A3}.Debug|x86.ActiveCfg = Debug|Any CPU
		{3BB0AA26-0DCA-EA54-F49B-5D78B91C23A3}.Debug|x86.Build.0 = Debug|Any CPU
		{3BB0AA26-0DCA-EA54-F49B-5D78B91C23A3}.Release|Any CPU.ActiveCfg = Release|Any CPU
		{3BB0AA26-0DCA-EA54-F49B-5D78B91C23A3}.Release|Any CPU.Build.0 = Release|Any CPU
		{3BB0AA26-0DCA-EA54-F49B-5D78B91C23A3}.Release|x64.ActiveCfg = Release|Any CPU
		{3BB0AA26-0DCA-EA54-F49B-5D78B91C23A3}.Release|x64.Build.0 = Release|Any CPU
		{3BB0AA26-0DCA-EA54-F49B-5D78B91C23A3}.Release|x86.ActiveCfg = Release|Any CPU
		{3BB0AA26-0DCA-EA54-F49B-5D78B91C23A3}.Release|x86.Build.0 = Release|Any CPU
		{2C7288D2-841E-9463-E441-2DF4C7F6CC7A}.Debug|Any CPU.ActiveCfg = Debug|Any CPU
		{2C7288D2-841E-9463-E441-2DF4C7F6CC7A}.Debug|Any CPU.Build.0 = Debug|Any CPU
		{2C7288D2-841E-9463-E441-2DF4C7F6CC7A}.Debug|x64.ActiveCfg = Debug|Any CPU
		{2C7288D2-841E-9463-E441-2DF4C7F6CC7A}.Debug|x64.Build.0 = Debug|Any CPU
		{2C7288D2-841E-9463-E441-2DF4C7F6CC7A}.Debug|x86.ActiveCfg = Debug|Any CPU
		{2C7288D2-841E-9463-E441-2DF4C7F6CC7A}.Debug|x86.Build.0 = Debug|Any CPU
		{2C7288D2-841E-9463-E441-2DF4C7F6CC7A}.Release|Any CPU.ActiveCfg = Release|Any CPU
		{2C7288D2-841E-9463-E441-2DF4C7F6CC7A}.Release|Any CPU.Build.0 = Release|Any CPU
		{2C7288D2-841E-9463-E441-2DF4C7F6CC7A}.Release|x64.ActiveCfg = Release|Any CPU
		{2C7288D2-841E-9463-E441-2DF4C7F6CC7A}.Release|x64.Build.0 = Release|Any CPU
		{2C7288D2-841E-9463-E441-2DF4C7F6CC7A}.Release|x86.ActiveCfg = Release|Any CPU
		{2C7288D2-841E-9463-E441-2DF4C7F6CC7A}.Release|x86.Build.0 = Release|Any CPU
		{08673C3C-E724-ABE3-4052-6CC0C2A7BDFD}.Debug|Any CPU.ActiveCfg = Debug|Any CPU
		{08673C3C-E724-ABE3-4052-6CC0C2A7BDFD}.Debug|Any CPU.Build.0 = Debug|Any CPU
		{08673C3C-E724-ABE3-4052-6CC0C2A7BDFD}.Debug|x64.ActiveCfg = Debug|Any CPU
		{08673C3C-E724-ABE3-4052-6CC0C2A7BDFD}.Debug|x64.Build.0 = Debug|Any CPU
		{08673C3C-E724-ABE3-4052-6CC0C2A7BDFD}.Debug|x86.ActiveCfg = Debug|Any CPU
		{08673C3C-E724-ABE3-4052-6CC0C2A7BDFD}.Debug|x86.Build.0 = Debug|Any CPU
		{08673C3C-E724-ABE3-4052-6CC0C2A7BDFD}.Release|Any CPU.ActiveCfg = Release|Any CPU
		{08673C3C-E724-ABE3-4052-6CC0C2A7BDFD}.Release|Any CPU.Build.0 = Release|Any CPU
		{08673C3C-E724-ABE3-4052-6CC0C2A7BDFD}.Release|x64.ActiveCfg = Release|Any CPU
		{08673C3C-E724-ABE3-4052-6CC0C2A7BDFD}.Release|x64.Build.0 = Release|Any CPU
		{08673C3C-E724-ABE3-4052-6CC0C2A7BDFD}.Release|x86.ActiveCfg = Release|Any CPU
		{08673C3C-E724-ABE3-4052-6CC0C2A7BDFD}.Release|x86.Build.0 = Release|Any CPU
		{DE71E742-6232-BE6A-F257-E814689F7F46}.Debug|Any CPU.ActiveCfg = Debug|Any CPU
		{DE71E742-6232-BE6A-F257-E814689F7F46}.Debug|Any CPU.Build.0 = Debug|Any CPU
		{DE71E742-6232-BE6A-F257-E814689F7F46}.Debug|x64.ActiveCfg = Debug|Any CPU
		{DE71E742-6232-BE6A-F257-E814689F7F46}.Debug|x64.Build.0 = Debug|Any CPU
		{DE71E742-6232-BE6A-F257-E814689F7F46}.Debug|x86.ActiveCfg = Debug|Any CPU
		{DE71E742-6232-BE6A-F257-E814689F7F46}.Debug|x86.Build.0 = Debug|Any CPU
		{DE71E742-6232-BE6A-F257-E814689F7F46}.Release|Any CPU.ActiveCfg = Release|Any CPU
		{DE71E742-6232-BE6A-F257-E814689F7F46}.Release|Any CPU.Build.0 = Release|Any CPU
		{DE71E742-6232-BE6A-F257-E814689F7F46}.Release|x64.ActiveCfg = Release|Any CPU
		{DE71E742-6232-BE6A-F257-E814689F7F46}.Release|x64.Build.0 = Release|Any CPU
		{DE71E742-6232-BE6A-F257-E814689F7F46}.Release|x86.ActiveCfg = Release|Any CPU
		{DE71E742-6232-BE6A-F257-E814689F7F46}.Release|x86.Build.0 = Release|Any CPU
		{F6212D43-9B96-93DC-6C25-337CCD367F3E}.Debug|Any CPU.ActiveCfg = Debug|Any CPU
		{F6212D43-9B96-93DC-6C25-337CCD367F3E}.Debug|Any CPU.Build.0 = Debug|Any CPU
		{F6212D43-9B96-93DC-6C25-337CCD367F3E}.Debug|x64.ActiveCfg = Debug|Any CPU
		{F6212D43-9B96-93DC-6C25-337CCD367F3E}.Debug|x64.Build.0 = Debug|Any CPU
		{F6212D43-9B96-93DC-6C25-337CCD367F3E}.Debug|x86.ActiveCfg = Debug|Any CPU
		{F6212D43-9B96-93DC-6C25-337CCD367F3E}.Debug|x86.Build.0 = Debug|Any CPU
		{F6212D43-9B96-93DC-6C25-337CCD367F3E}.Release|Any CPU.ActiveCfg = Release|Any CPU
		{F6212D43-9B96-93DC-6C25-337CCD367F3E}.Release|Any CPU.Build.0 = Release|Any CPU
		{F6212D43-9B96-93DC-6C25-337CCD367F3E}.Release|x64.ActiveCfg = Release|Any CPU
		{F6212D43-9B96-93DC-6C25-337CCD367F3E}.Release|x64.Build.0 = Release|Any CPU
		{F6212D43-9B96-93DC-6C25-337CCD367F3E}.Release|x86.ActiveCfg = Release|Any CPU
		{F6212D43-9B96-93DC-6C25-337CCD367F3E}.Release|x86.Build.0 = Release|Any CPU
		{F6F88237-5780-3C84-DB9D-C6554C0BBC6B}.Debug|Any CPU.ActiveCfg = Debug|Any CPU
		{F6F88237-5780-3C84-DB9D-C6554C0BBC6B}.Debug|Any CPU.Build.0 = Debug|Any CPU
		{F6F88237-5780-3C84-DB9D-C6554C0BBC6B}.Debug|x64.ActiveCfg = Debug|Any CPU
		{F6F88237-5780-3C84-DB9D-C6554C0BBC6B}.Debug|x64.Build.0 = Debug|Any CPU
		{F6F88237-5780-3C84-DB9D-C6554C0BBC6B}.Debug|x86.ActiveCfg = Debug|Any CPU
		{F6F88237-5780-3C84-DB9D-C6554C0BBC6B}.Debug|x86.Build.0 = Debug|Any CPU
		{F6F88237-5780-3C84-DB9D-C6554C0BBC6B}.Release|Any CPU.ActiveCfg = Release|Any CPU
		{F6F88237-5780-3C84-DB9D-C6554C0BBC6B}.Release|Any CPU.Build.0 = Release|Any CPU
		{F6F88237-5780-3C84-DB9D-C6554C0BBC6B}.Release|x64.ActiveCfg = Release|Any CPU
		{F6F88237-5780-3C84-DB9D-C6554C0BBC6B}.Release|x64.Build.0 = Release|Any CPU
		{F6F88237-5780-3C84-DB9D-C6554C0BBC6B}.Release|x86.ActiveCfg = Release|Any CPU
		{F6F88237-5780-3C84-DB9D-C6554C0BBC6B}.Release|x86.Build.0 = Release|Any CPU
		{D800798B-4246-07AE-1106-CE62E438936D}.Debug|Any CPU.ActiveCfg = Debug|Any CPU
		{D800798B-4246-07AE-1106-CE62E438936D}.Debug|Any CPU.Build.0 = Debug|Any CPU
		{D800798B-4246-07AE-1106-CE62E438936D}.Debug|x64.ActiveCfg = Debug|Any CPU
		{D800798B-4246-07AE-1106-CE62E438936D}.Debug|x64.Build.0 = Debug|Any CPU
		{D800798B-4246-07AE-1106-CE62E438936D}.Debug|x86.ActiveCfg = Debug|Any CPU
		{D800798B-4246-07AE-1106-CE62E438936D}.Debug|x86.Build.0 = Debug|Any CPU
		{D800798B-4246-07AE-1106-CE62E438936D}.Release|Any CPU.ActiveCfg = Release|Any CPU
		{D800798B-4246-07AE-1106-CE62E438936D}.Release|Any CPU.Build.0 = Release|Any CPU
		{D800798B-4246-07AE-1106-CE62E438936D}.Release|x64.ActiveCfg = Release|Any CPU
		{D800798B-4246-07AE-1106-CE62E438936D}.Release|x64.Build.0 = Release|Any CPU
		{D800798B-4246-07AE-1106-CE62E438936D}.Release|x86.ActiveCfg = Release|Any CPU
		{D800798B-4246-07AE-1106-CE62E438936D}.Release|x86.Build.0 = Release|Any CPU
		{EBD041CF-CA38-8617-D876-D59B0C1477CA}.Debug|Any CPU.ActiveCfg = Debug|Any CPU
		{EBD041CF-CA38-8617-D876-D59B0C1477CA}.Debug|Any CPU.Build.0 = Debug|Any CPU
		{EBD041CF-CA38-8617-D876-D59B0C1477CA}.Debug|x64.ActiveCfg = Debug|Any CPU
		{EBD041CF-CA38-8617-D876-D59B0C1477CA}.Debug|x64.Build.0 = Debug|Any CPU
		{EBD041CF-CA38-8617-D876-D59B0C1477CA}.Debug|x86.ActiveCfg = Debug|Any CPU
		{EBD041CF-CA38-8617-D876-D59B0C1477CA}.Debug|x86.Build.0 = Debug|Any CPU
		{EBD041CF-CA38-8617-D876-D59B0C1477CA}.Release|Any CPU.ActiveCfg = Release|Any CPU
		{EBD041CF-CA38-8617-D876-D59B0C1477CA}.Release|Any CPU.Build.0 = Release|Any CPU
		{EBD041CF-CA38-8617-D876-D59B0C1477CA}.Release|x64.ActiveCfg = Release|Any CPU
		{EBD041CF-CA38-8617-D876-D59B0C1477CA}.Release|x64.Build.0 = Release|Any CPU
		{EBD041CF-CA38-8617-D876-D59B0C1477CA}.Release|x86.ActiveCfg = Release|Any CPU
		{EBD041CF-CA38-8617-D876-D59B0C1477CA}.Release|x86.Build.0 = Release|Any CPU
		{208A5F28-785D-A91C-3A1C-5578101AB464}.Debug|Any CPU.ActiveCfg = Debug|Any CPU
		{208A5F28-785D-A91C-3A1C-5578101AB464}.Debug|Any CPU.Build.0 = Debug|Any CPU
		{208A5F28-785D-A91C-3A1C-5578101AB464}.Debug|x64.ActiveCfg = Debug|Any CPU
		{208A5F28-785D-A91C-3A1C-5578101AB464}.Debug|x64.Build.0 = Debug|Any CPU
		{208A5F28-785D-A91C-3A1C-5578101AB464}.Debug|x86.ActiveCfg = Debug|Any CPU
		{208A5F28-785D-A91C-3A1C-5578101AB464}.Debug|x86.Build.0 = Debug|Any CPU
		{208A5F28-785D-A91C-3A1C-5578101AB464}.Release|Any CPU.ActiveCfg = Release|Any CPU
		{208A5F28-785D-A91C-3A1C-5578101AB464}.Release|Any CPU.Build.0 = Release|Any CPU
		{208A5F28-785D-A91C-3A1C-5578101AB464}.Release|x64.ActiveCfg = Release|Any CPU
		{208A5F28-785D-A91C-3A1C-5578101AB464}.Release|x64.Build.0 = Release|Any CPU
		{208A5F28-785D-A91C-3A1C-5578101AB464}.Release|x86.ActiveCfg = Release|Any CPU
		{208A5F28-785D-A91C-3A1C-5578101AB464}.Release|x86.Build.0 = Release|Any CPU
		{2BC58A73-4EFB-4CA0-A279-7F623495288E}.Debug|Any CPU.ActiveCfg = Debug|Any CPU
		{2BC58A73-4EFB-4CA0-A279-7F623495288E}.Debug|Any CPU.Build.0 = Debug|Any CPU
		{2BC58A73-4EFB-4CA0-A279-7F623495288E}.Debug|x64.ActiveCfg = Debug|Any CPU
		{2BC58A73-4EFB-4CA0-A279-7F623495288E}.Debug|x64.Build.0 = Debug|Any CPU
		{2BC58A73-4EFB-4CA0-A279-7F623495288E}.Debug|x86.ActiveCfg = Debug|Any CPU
		{2BC58A73-4EFB-4CA0-A279-7F623495288E}.Debug|x86.Build.0 = Debug|Any CPU
		{2BC58A73-4EFB-4CA0-A279-7F623495288E}.Release|Any CPU.ActiveCfg = Release|Any CPU
		{2BC58A73-4EFB-4CA0-A279-7F623495288E}.Release|Any CPU.Build.0 = Release|Any CPU
		{2BC58A73-4EFB-4CA0-A279-7F623495288E}.Release|x64.ActiveCfg = Release|Any CPU
		{2BC58A73-4EFB-4CA0-A279-7F623495288E}.Release|x64.Build.0 = Release|Any CPU
		{2BC58A73-4EFB-4CA0-A279-7F623495288E}.Release|x86.ActiveCfg = Release|Any CPU
		{2BC58A73-4EFB-4CA0-A279-7F623495288E}.Release|x86.Build.0 = Release|Any CPU
		{DBD9EAD6-D545-EA05-E6BA-E212E1F8DE10}.Debug|Any CPU.ActiveCfg = Debug|Any CPU
		{DBD9EAD6-D545-EA05-E6BA-E212E1F8DE10}.Debug|Any CPU.Build.0 = Debug|Any CPU
		{DBD9EAD6-D545-EA05-E6BA-E212E1F8DE10}.Debug|x64.ActiveCfg = Debug|Any CPU
		{DBD9EAD6-D545-EA05-E6BA-E212E1F8DE10}.Debug|x64.Build.0 = Debug|Any CPU
		{DBD9EAD6-D545-EA05-E6BA-E212E1F8DE10}.Debug|x86.ActiveCfg = Debug|Any CPU
		{DBD9EAD6-D545-EA05-E6BA-E212E1F8DE10}.Debug|x86.Build.0 = Debug|Any CPU
		{DBD9EAD6-D545-EA05-E6BA-E212E1F8DE10}.Release|Any CPU.ActiveCfg = Release|Any CPU
		{DBD9EAD6-D545-EA05-E6BA-E212E1F8DE10}.Release|Any CPU.Build.0 = Release|Any CPU
		{DBD9EAD6-D545-EA05-E6BA-E212E1F8DE10}.Release|x64.ActiveCfg = Release|Any CPU
		{DBD9EAD6-D545-EA05-E6BA-E212E1F8DE10}.Release|x64.Build.0 = Release|Any CPU
		{DBD9EAD6-D545-EA05-E6BA-E212E1F8DE10}.Release|x86.ActiveCfg = Release|Any CPU
		{DBD9EAD6-D545-EA05-E6BA-E212E1F8DE10}.Release|x86.Build.0 = Release|Any CPU
		{D90C0C6C-B4B9-1726-7D07-7CDA906AD24C}.Debug|Any CPU.ActiveCfg = Debug|Any CPU
		{D90C0C6C-B4B9-1726-7D07-7CDA906AD24C}.Debug|Any CPU.Build.0 = Debug|Any CPU
		{D90C0C6C-B4B9-1726-7D07-7CDA906AD24C}.Debug|x64.ActiveCfg = Debug|Any CPU
		{D90C0C6C-B4B9-1726-7D07-7CDA906AD24C}.Debug|x64.Build.0 = Debug|Any CPU
		{D90C0C6C-B4B9-1726-7D07-7CDA906AD24C}.Debug|x86.ActiveCfg = Debug|Any CPU
		{D90C0C6C-B4B9-1726-7D07-7CDA906AD24C}.Debug|x86.Build.0 = Debug|Any CPU
		{D90C0C6C-B4B9-1726-7D07-7CDA906AD24C}.Release|Any CPU.ActiveCfg = Release|Any CPU
		{D90C0C6C-B4B9-1726-7D07-7CDA906AD24C}.Release|Any CPU.Build.0 = Release|Any CPU
		{D90C0C6C-B4B9-1726-7D07-7CDA906AD24C}.Release|x64.ActiveCfg = Release|Any CPU
		{D90C0C6C-B4B9-1726-7D07-7CDA906AD24C}.Release|x64.Build.0 = Release|Any CPU
		{D90C0C6C-B4B9-1726-7D07-7CDA906AD24C}.Release|x86.ActiveCfg = Release|Any CPU
		{D90C0C6C-B4B9-1726-7D07-7CDA906AD24C}.Release|x86.Build.0 = Release|Any CPU
		{E3A0CB4D-C4BF-C667-4848-8F572853977B}.Debug|Any CPU.ActiveCfg = Debug|Any CPU
		{E3A0CB4D-C4BF-C667-4848-8F572853977B}.Debug|Any CPU.Build.0 = Debug|Any CPU
		{E3A0CB4D-C4BF-C667-4848-8F572853977B}.Debug|x64.ActiveCfg = Debug|Any CPU
		{E3A0CB4D-C4BF-C667-4848-8F572853977B}.Debug|x64.Build.0 = Debug|Any CPU
		{E3A0CB4D-C4BF-C667-4848-8F572853977B}.Debug|x86.ActiveCfg = Debug|Any CPU
		{E3A0CB4D-C4BF-C667-4848-8F572853977B}.Debug|x86.Build.0 = Debug|Any CPU
		{E3A0CB4D-C4BF-C667-4848-8F572853977B}.Release|Any CPU.ActiveCfg = Release|Any CPU
		{E3A0CB4D-C4BF-C667-4848-8F572853977B}.Release|Any CPU.Build.0 = Release|Any CPU
		{E3A0CB4D-C4BF-C667-4848-8F572853977B}.Release|x64.ActiveCfg = Release|Any CPU
		{E3A0CB4D-C4BF-C667-4848-8F572853977B}.Release|x64.Build.0 = Release|Any CPU
		{E3A0CB4D-C4BF-C667-4848-8F572853977B}.Release|x86.ActiveCfg = Release|Any CPU
		{E3A0CB4D-C4BF-C667-4848-8F572853977B}.Release|x86.Build.0 = Release|Any CPU
		{3053C3DE-A8AE-171B-48FD-61D0CA63011E}.Debug|Any CPU.ActiveCfg = Debug|Any CPU
		{3053C3DE-A8AE-171B-48FD-61D0CA63011E}.Debug|Any CPU.Build.0 = Debug|Any CPU
		{3053C3DE-A8AE-171B-48FD-61D0CA63011E}.Debug|x64.ActiveCfg = Debug|Any CPU
		{3053C3DE-A8AE-171B-48FD-61D0CA63011E}.Debug|x64.Build.0 = Debug|Any CPU
		{3053C3DE-A8AE-171B-48FD-61D0CA63011E}.Debug|x86.ActiveCfg = Debug|Any CPU
		{3053C3DE-A8AE-171B-48FD-61D0CA63011E}.Debug|x86.Build.0 = Debug|Any CPU
		{3053C3DE-A8AE-171B-48FD-61D0CA63011E}.Release|Any CPU.ActiveCfg = Release|Any CPU
		{3053C3DE-A8AE-171B-48FD-61D0CA63011E}.Release|Any CPU.Build.0 = Release|Any CPU
		{3053C3DE-A8AE-171B-48FD-61D0CA63011E}.Release|x64.ActiveCfg = Release|Any CPU
		{3053C3DE-A8AE-171B-48FD-61D0CA63011E}.Release|x64.Build.0 = Release|Any CPU
		{3053C3DE-A8AE-171B-48FD-61D0CA63011E}.Release|x86.ActiveCfg = Release|Any CPU
		{3053C3DE-A8AE-171B-48FD-61D0CA63011E}.Release|x86.Build.0 = Release|Any CPU
		{D2EA53DC-6977-1E0C-260A-04F9CD02B189}.Debug|Any CPU.ActiveCfg = Debug|Any CPU
		{D2EA53DC-6977-1E0C-260A-04F9CD02B189}.Debug|Any CPU.Build.0 = Debug|Any CPU
		{D2EA53DC-6977-1E0C-260A-04F9CD02B189}.Debug|x64.ActiveCfg = Debug|Any CPU
		{D2EA53DC-6977-1E0C-260A-04F9CD02B189}.Debug|x64.Build.0 = Debug|Any CPU
		{D2EA53DC-6977-1E0C-260A-04F9CD02B189}.Debug|x86.ActiveCfg = Debug|Any CPU
		{D2EA53DC-6977-1E0C-260A-04F9CD02B189}.Debug|x86.Build.0 = Debug|Any CPU
		{D2EA53DC-6977-1E0C-260A-04F9CD02B189}.Release|Any CPU.ActiveCfg = Release|Any CPU
		{D2EA53DC-6977-1E0C-260A-04F9CD02B189}.Release|Any CPU.Build.0 = Release|Any CPU
		{D2EA53DC-6977-1E0C-260A-04F9CD02B189}.Release|x64.ActiveCfg = Release|Any CPU
		{D2EA53DC-6977-1E0C-260A-04F9CD02B189}.Release|x64.Build.0 = Release|Any CPU
		{D2EA53DC-6977-1E0C-260A-04F9CD02B189}.Release|x86.ActiveCfg = Release|Any CPU
		{D2EA53DC-6977-1E0C-260A-04F9CD02B189}.Release|x86.Build.0 = Release|Any CPU
		{D2B10F7D-B7F9-3238-8284-2AFDD54CC45C}.Debug|Any CPU.ActiveCfg = Debug|Any CPU
		{D2B10F7D-B7F9-3238-8284-2AFDD54CC45C}.Debug|Any CPU.Build.0 = Debug|Any CPU
		{D2B10F7D-B7F9-3238-8284-2AFDD54CC45C}.Debug|x64.ActiveCfg = Debug|Any CPU
		{D2B10F7D-B7F9-3238-8284-2AFDD54CC45C}.Debug|x64.Build.0 = Debug|Any CPU
		{D2B10F7D-B7F9-3238-8284-2AFDD54CC45C}.Debug|x86.ActiveCfg = Debug|Any CPU
		{D2B10F7D-B7F9-3238-8284-2AFDD54CC45C}.Debug|x86.Build.0 = Debug|Any CPU
		{D2B10F7D-B7F9-3238-8284-2AFDD54CC45C}.Release|Any CPU.ActiveCfg = Release|Any CPU
		{D2B10F7D-B7F9-3238-8284-2AFDD54CC45C}.Release|Any CPU.Build.0 = Release|Any CPU
		{D2B10F7D-B7F9-3238-8284-2AFDD54CC45C}.Release|x64.ActiveCfg = Release|Any CPU
		{D2B10F7D-B7F9-3238-8284-2AFDD54CC45C}.Release|x64.Build.0 = Release|Any CPU
		{D2B10F7D-B7F9-3238-8284-2AFDD54CC45C}.Release|x86.ActiveCfg = Release|Any CPU
		{D2B10F7D-B7F9-3238-8284-2AFDD54CC45C}.Release|x86.Build.0 = Release|Any CPU
		{06B47A55-9615-C469-6130-7F50D53D0AD8}.Debug|Any CPU.ActiveCfg = Debug|Any CPU
		{06B47A55-9615-C469-6130-7F50D53D0AD8}.Debug|Any CPU.Build.0 = Debug|Any CPU
		{06B47A55-9615-C469-6130-7F50D53D0AD8}.Debug|x64.ActiveCfg = Debug|Any CPU
		{06B47A55-9615-C469-6130-7F50D53D0AD8}.Debug|x64.Build.0 = Debug|Any CPU
		{06B47A55-9615-C469-6130-7F50D53D0AD8}.Debug|x86.ActiveCfg = Debug|Any CPU
		{06B47A55-9615-C469-6130-7F50D53D0AD8}.Debug|x86.Build.0 = Debug|Any CPU
		{06B47A55-9615-C469-6130-7F50D53D0AD8}.Release|Any CPU.ActiveCfg = Release|Any CPU
		{06B47A55-9615-C469-6130-7F50D53D0AD8}.Release|Any CPU.Build.0 = Release|Any CPU
		{06B47A55-9615-C469-6130-7F50D53D0AD8}.Release|x64.ActiveCfg = Release|Any CPU
		{06B47A55-9615-C469-6130-7F50D53D0AD8}.Release|x64.Build.0 = Release|Any CPU
		{06B47A55-9615-C469-6130-7F50D53D0AD8}.Release|x86.ActiveCfg = Release|Any CPU
		{06B47A55-9615-C469-6130-7F50D53D0AD8}.Release|x86.Build.0 = Release|Any CPU
		{4FA834F7-D9DC-7DC1-5417-C2A729C55220}.Debug|Any CPU.ActiveCfg = Debug|Any CPU
		{4FA834F7-D9DC-7DC1-5417-C2A729C55220}.Debug|Any CPU.Build.0 = Debug|Any CPU
		{4FA834F7-D9DC-7DC1-5417-C2A729C55220}.Debug|x64.ActiveCfg = Debug|Any CPU
		{4FA834F7-D9DC-7DC1-5417-C2A729C55220}.Debug|x64.Build.0 = Debug|Any CPU
		{4FA834F7-D9DC-7DC1-5417-C2A729C55220}.Debug|x86.ActiveCfg = Debug|Any CPU
		{4FA834F7-D9DC-7DC1-5417-C2A729C55220}.Debug|x86.Build.0 = Debug|Any CPU
		{4FA834F7-D9DC-7DC1-5417-C2A729C55220}.Release|Any CPU.ActiveCfg = Release|Any CPU
		{4FA834F7-D9DC-7DC1-5417-C2A729C55220}.Release|Any CPU.Build.0 = Release|Any CPU
		{4FA834F7-D9DC-7DC1-5417-C2A729C55220}.Release|x64.ActiveCfg = Release|Any CPU
		{4FA834F7-D9DC-7DC1-5417-C2A729C55220}.Release|x64.Build.0 = Release|Any CPU
		{4FA834F7-D9DC-7DC1-5417-C2A729C55220}.Release|x86.ActiveCfg = Release|Any CPU
		{4FA834F7-D9DC-7DC1-5417-C2A729C55220}.Release|x86.Build.0 = Release|Any CPU
		{B5C6D7E8-F9A0-4B1C-8D2E-3F4A5B6C7D8E}.Debug|Any CPU.ActiveCfg = Debug|Any CPU
		{B5C6D7E8-F9A0-4B1C-8D2E-3F4A5B6C7D8E}.Debug|Any CPU.Build.0 = Debug|Any CPU
		{B5C6D7E8-F9A0-4B1C-8D2E-3F4A5B6C7D8E}.Debug|x64.ActiveCfg = Debug|Any CPU
		{B5C6D7E8-F9A0-4B1C-8D2E-3F4A5B6C7D8E}.Debug|x64.Build.0 = Debug|Any CPU
		{B5C6D7E8-F9A0-4B1C-8D2E-3F4A5B6C7D8E}.Debug|x86.ActiveCfg = Debug|Any CPU
		{B5C6D7E8-F9A0-4B1C-8D2E-3F4A5B6C7D8E}.Debug|x86.Build.0 = Debug|Any CPU
		{B5C6D7E8-F9A0-4B1C-8D2E-3F4A5B6C7D8E}.Release|Any CPU.ActiveCfg = Release|Any CPU
		{B5C6D7E8-F9A0-4B1C-8D2E-3F4A5B6C7D8E}.Release|Any CPU.Build.0 = Release|Any CPU
		{B5C6D7E8-F9A0-4B1C-8D2E-3F4A5B6C7D8E}.Release|x64.ActiveCfg = Release|Any CPU
		{B5C6D7E8-F9A0-4B1C-8D2E-3F4A5B6C7D8E}.Release|x64.Build.0 = Release|Any CPU
		{B5C6D7E8-F9A0-4B1C-8D2E-3F4A5B6C7D8E}.Release|x86.ActiveCfg = Release|Any CPU
		{B5C6D7E8-F9A0-4B1C-8D2E-3F4A5B6C7D8E}.Release|x86.Build.0 = Release|Any CPU
		{026AA330-34E9-3BE4-6619-8B89387A9673}.Debug|Any CPU.ActiveCfg = Debug|Any CPU
		{026AA330-34E9-3BE4-6619-8B89387A9673}.Debug|Any CPU.Build.0 = Debug|Any CPU
		{026AA330-34E9-3BE4-6619-8B89387A9673}.Debug|x64.ActiveCfg = Debug|Any CPU
		{026AA330-34E9-3BE4-6619-8B89387A9673}.Debug|x64.Build.0 = Debug|Any CPU
		{026AA330-34E9-3BE4-6619-8B89387A9673}.Debug|x86.ActiveCfg = Debug|Any CPU
		{026AA330-34E9-3BE4-6619-8B89387A9673}.Debug|x86.Build.0 = Debug|Any CPU
		{026AA330-34E9-3BE4-6619-8B89387A9673}.Release|Any CPU.ActiveCfg = Release|Any CPU
		{026AA330-34E9-3BE4-6619-8B89387A9673}.Release|Any CPU.Build.0 = Release|Any CPU
		{026AA330-34E9-3BE4-6619-8B89387A9673}.Release|x64.ActiveCfg = Release|Any CPU
		{026AA330-34E9-3BE4-6619-8B89387A9673}.Release|x64.Build.0 = Release|Any CPU
		{026AA330-34E9-3BE4-6619-8B89387A9673}.Release|x86.ActiveCfg = Release|Any CPU
		{026AA330-34E9-3BE4-6619-8B89387A9673}.Release|x86.Build.0 = Release|Any CPU
		{2DC3B3A9-1F9D-9F96-2E2E-E0AE217BE2AF}.Debug|Any CPU.ActiveCfg = Debug|Any CPU
		{2DC3B3A9-1F9D-9F96-2E2E-E0AE217BE2AF}.Debug|Any CPU.Build.0 = Debug|Any CPU
		{2DC3B3A9-1F9D-9F96-2E2E-E0AE217BE2AF}.Debug|x64.ActiveCfg = Debug|Any CPU
		{2DC3B3A9-1F9D-9F96-2E2E-E0AE217BE2AF}.Debug|x64.Build.0 = Debug|Any CPU
		{2DC3B3A9-1F9D-9F96-2E2E-E0AE217BE2AF}.Debug|x86.ActiveCfg = Debug|Any CPU
		{2DC3B3A9-1F9D-9F96-2E2E-E0AE217BE2AF}.Debug|x86.Build.0 = Debug|Any CPU
		{2DC3B3A9-1F9D-9F96-2E2E-E0AE217BE2AF}.Release|Any CPU.ActiveCfg = Release|Any CPU
		{2DC3B3A9-1F9D-9F96-2E2E-E0AE217BE2AF}.Release|Any CPU.Build.0 = Release|Any CPU
		{2DC3B3A9-1F9D-9F96-2E2E-E0AE217BE2AF}.Release|x64.ActiveCfg = Release|Any CPU
		{2DC3B3A9-1F9D-9F96-2E2E-E0AE217BE2AF}.Release|x64.Build.0 = Release|Any CPU
		{2DC3B3A9-1F9D-9F96-2E2E-E0AE217BE2AF}.Release|x86.ActiveCfg = Release|Any CPU
		{2DC3B3A9-1F9D-9F96-2E2E-E0AE217BE2AF}.Release|x86.Build.0 = Release|Any CPU
		{4D937B2E-9A9E-19B5-DEA4-1BE50BD1B6C2}.Debug|Any CPU.ActiveCfg = Debug|Any CPU
		{4D937B2E-9A9E-19B5-DEA4-1BE50BD1B6C2}.Debug|Any CPU.Build.0 = Debug|Any CPU
		{4D937B2E-9A9E-19B5-DEA4-1BE50BD1B6C2}.Debug|x64.ActiveCfg = Debug|Any CPU
		{4D937B2E-9A9E-19B5-DEA4-1BE50BD1B6C2}.Debug|x64.Build.0 = Debug|Any CPU
		{4D937B2E-9A9E-19B5-DEA4-1BE50BD1B6C2}.Debug|x86.ActiveCfg = Debug|Any CPU
		{4D937B2E-9A9E-19B5-DEA4-1BE50BD1B6C2}.Debug|x86.Build.0 = Debug|Any CPU
		{4D937B2E-9A9E-19B5-DEA4-1BE50BD1B6C2}.Release|Any CPU.ActiveCfg = Release|Any CPU
		{4D937B2E-9A9E-19B5-DEA4-1BE50BD1B6C2}.Release|Any CPU.Build.0 = Release|Any CPU
		{4D937B2E-9A9E-19B5-DEA4-1BE50BD1B6C2}.Release|x64.ActiveCfg = Release|Any CPU
		{4D937B2E-9A9E-19B5-DEA4-1BE50BD1B6C2}.Release|x64.Build.0 = Release|Any CPU
		{4D937B2E-9A9E-19B5-DEA4-1BE50BD1B6C2}.Release|x86.ActiveCfg = Release|Any CPU
		{4D937B2E-9A9E-19B5-DEA4-1BE50BD1B6C2}.Release|x86.Build.0 = Release|Any CPU
		{A6E66954-349F-3418-5CEF-EC9489B0E9CE}.Debug|Any CPU.ActiveCfg = Debug|Any CPU
		{A6E66954-349F-3418-5CEF-EC9489B0E9CE}.Debug|Any CPU.Build.0 = Debug|Any CPU
		{A6E66954-349F-3418-5CEF-EC9489B0E9CE}.Debug|x64.ActiveCfg = Debug|Any CPU
		{A6E66954-349F-3418-5CEF-EC9489B0E9CE}.Debug|x64.Build.0 = Debug|Any CPU
		{A6E66954-349F-3418-5CEF-EC9489B0E9CE}.Debug|x86.ActiveCfg = Debug|Any CPU
		{A6E66954-349F-3418-5CEF-EC9489B0E9CE}.Debug|x86.Build.0 = Debug|Any CPU
		{A6E66954-349F-3418-5CEF-EC9489B0E9CE}.Release|Any CPU.ActiveCfg = Release|Any CPU
		{A6E66954-349F-3418-5CEF-EC9489B0E9CE}.Release|Any CPU.Build.0 = Release|Any CPU
		{A6E66954-349F-3418-5CEF-EC9489B0E9CE}.Release|x64.ActiveCfg = Release|Any CPU
		{A6E66954-349F-3418-5CEF-EC9489B0E9CE}.Release|x64.Build.0 = Release|Any CPU
		{A6E66954-349F-3418-5CEF-EC9489B0E9CE}.Release|x86.ActiveCfg = Release|Any CPU
		{A6E66954-349F-3418-5CEF-EC9489B0E9CE}.Release|x86.Build.0 = Release|Any CPU
		{38474EC8-3EBE-84EB-C3DC-E47D227D2CE3}.Debug|Any CPU.ActiveCfg = Debug|Any CPU
		{38474EC8-3EBE-84EB-C3DC-E47D227D2CE3}.Debug|Any CPU.Build.0 = Debug|Any CPU
		{38474EC8-3EBE-84EB-C3DC-E47D227D2CE3}.Debug|x64.ActiveCfg = Debug|Any CPU
		{38474EC8-3EBE-84EB-C3DC-E47D227D2CE3}.Debug|x64.Build.0 = Debug|Any CPU
		{38474EC8-3EBE-84EB-C3DC-E47D227D2CE3}.Debug|x86.ActiveCfg = Debug|Any CPU
		{38474EC8-3EBE-84EB-C3DC-E47D227D2CE3}.Debug|x86.Build.0 = Debug|Any CPU
		{38474EC8-3EBE-84EB-C3DC-E47D227D2CE3}.Release|Any CPU.ActiveCfg = Release|Any CPU
		{38474EC8-3EBE-84EB-C3DC-E47D227D2CE3}.Release|Any CPU.Build.0 = Release|Any CPU
		{38474EC8-3EBE-84EB-C3DC-E47D227D2CE3}.Release|x64.ActiveCfg = Release|Any CPU
		{38474EC8-3EBE-84EB-C3DC-E47D227D2CE3}.Release|x64.Build.0 = Release|Any CPU
		{38474EC8-3EBE-84EB-C3DC-E47D227D2CE3}.Release|x86.ActiveCfg = Release|Any CPU
		{38474EC8-3EBE-84EB-C3DC-E47D227D2CE3}.Release|x86.Build.0 = Release|Any CPU
		{7E8D9C0B-1A2F-4E3D-8C7B-6A5F4E3D2C1B}.Debug|Any CPU.ActiveCfg = Debug|Any CPU
		{7E8D9C0B-1A2F-4E3D-8C7B-6A5F4E3D2C1B}.Debug|Any CPU.Build.0 = Debug|Any CPU
		{7E8D9C0B-1A2F-4E3D-8C7B-6A5F4E3D2C1B}.Debug|x64.ActiveCfg = Debug|Any CPU
		{7E8D9C0B-1A2F-4E3D-8C7B-6A5F4E3D2C1B}.Debug|x64.Build.0 = Debug|Any CPU
		{7E8D9C0B-1A2F-4E3D-8C7B-6A5F4E3D2C1B}.Debug|x86.ActiveCfg = Debug|Any CPU
		{7E8D9C0B-1A2F-4E3D-8C7B-6A5F4E3D2C1B}.Debug|x86.Build.0 = Debug|Any CPU
		{7E8D9C0B-1A2F-4E3D-8C7B-6A5F4E3D2C1B}.Release|Any CPU.ActiveCfg = Release|Any CPU
		{7E8D9C0B-1A2F-4E3D-8C7B-6A5F4E3D2C1B}.Release|Any CPU.Build.0 = Release|Any CPU
		{7E8D9C0B-1A2F-4E3D-8C7B-6A5F4E3D2C1B}.Release|x64.ActiveCfg = Release|Any CPU
		{7E8D9C0B-1A2F-4E3D-8C7B-6A5F4E3D2C1B}.Release|x64.Build.0 = Release|Any CPU
		{7E8D9C0B-1A2F-4E3D-8C7B-6A5F4E3D2C1B}.Release|x86.ActiveCfg = Release|Any CPU
		{7E8D9C0B-1A2F-4E3D-8C7B-6A5F4E3D2C1B}.Release|x86.Build.0 = Release|Any CPU
		{A5ECB562-D03C-A337-658C-5B8E782D2A4B}.Debug|Any CPU.ActiveCfg = Debug|Any CPU
		{A5ECB562-D03C-A337-658C-5B8E782D2A4B}.Debug|Any CPU.Build.0 = Debug|Any CPU
		{A5ECB562-D03C-A337-658C-5B8E782D2A4B}.Debug|x64.ActiveCfg = Debug|Any CPU
		{A5ECB562-D03C-A337-658C-5B8E782D2A4B}.Debug|x64.Build.0 = Debug|Any CPU
		{A5ECB562-D03C-A337-658C-5B8E782D2A4B}.Debug|x86.ActiveCfg = Debug|Any CPU
		{A5ECB562-D03C-A337-658C-5B8E782D2A4B}.Debug|x86.Build.0 = Debug|Any CPU
		{A5ECB562-D03C-A337-658C-5B8E782D2A4B}.Release|Any CPU.ActiveCfg = Release|Any CPU
		{A5ECB562-D03C-A337-658C-5B8E782D2A4B}.Release|Any CPU.Build.0 = Release|Any CPU
		{A5ECB562-D03C-A337-658C-5B8E782D2A4B}.Release|x64.ActiveCfg = Release|Any CPU
		{A5ECB562-D03C-A337-658C-5B8E782D2A4B}.Release|x64.Build.0 = Release|Any CPU
		{A5ECB562-D03C-A337-658C-5B8E782D2A4B}.Release|x86.ActiveCfg = Release|Any CPU
		{A5ECB562-D03C-A337-658C-5B8E782D2A4B}.Release|x86.Build.0 = Release|Any CPU
		{09A89AF5-FDC4-C83A-CD37-1EFEB10CC65A}.Debug|Any CPU.ActiveCfg = Debug|Any CPU
		{09A89AF5-FDC4-C83A-CD37-1EFEB10CC65A}.Debug|Any CPU.Build.0 = Debug|Any CPU
		{09A89AF5-FDC4-C83A-CD37-1EFEB10CC65A}.Debug|x64.ActiveCfg = Debug|Any CPU
		{09A89AF5-FDC4-C83A-CD37-1EFEB10CC65A}.Debug|x64.Build.0 = Debug|Any CPU
		{09A89AF5-FDC4-C83A-CD37-1EFEB10CC65A}.Debug|x86.ActiveCfg = Debug|Any CPU
		{09A89AF5-FDC4-C83A-CD37-1EFEB10CC65A}.Debug|x86.Build.0 = Debug|Any CPU
		{09A89AF5-FDC4-C83A-CD37-1EFEB10CC65A}.Release|Any CPU.ActiveCfg = Release|Any CPU
		{09A89AF5-FDC4-C83A-CD37-1EFEB10CC65A}.Release|Any CPU.Build.0 = Release|Any CPU
		{09A89AF5-FDC4-C83A-CD37-1EFEB10CC65A}.Release|x64.ActiveCfg = Release|Any CPU
		{09A89AF5-FDC4-C83A-CD37-1EFEB10CC65A}.Release|x64.Build.0 = Release|Any CPU
		{09A89AF5-FDC4-C83A-CD37-1EFEB10CC65A}.Release|x86.ActiveCfg = Release|Any CPU
		{09A89AF5-FDC4-C83A-CD37-1EFEB10CC65A}.Release|x86.Build.0 = Release|Any CPU
		{1FFB8C7A-66B4-A4E1-4BF5-B7B5761C146F}.Debug|Any CPU.ActiveCfg = Debug|Any CPU
		{1FFB8C7A-66B4-A4E1-4BF5-B7B5761C146F}.Debug|Any CPU.Build.0 = Debug|Any CPU
		{1FFB8C7A-66B4-A4E1-4BF5-B7B5761C146F}.Debug|x64.ActiveCfg = Debug|Any CPU
		{1FFB8C7A-66B4-A4E1-4BF5-B7B5761C146F}.Debug|x64.Build.0 = Debug|Any CPU
		{1FFB8C7A-66B4-A4E1-4BF5-B7B5761C146F}.Debug|x86.ActiveCfg = Debug|Any CPU
		{1FFB8C7A-66B4-A4E1-4BF5-B7B5761C146F}.Debug|x86.Build.0 = Debug|Any CPU
		{1FFB8C7A-66B4-A4E1-4BF5-B7B5761C146F}.Release|Any CPU.ActiveCfg = Release|Any CPU
		{1FFB8C7A-66B4-A4E1-4BF5-B7B5761C146F}.Release|Any CPU.Build.0 = Release|Any CPU
		{1FFB8C7A-66B4-A4E1-4BF5-B7B5761C146F}.Release|x64.ActiveCfg = Release|Any CPU
		{1FFB8C7A-66B4-A4E1-4BF5-B7B5761C146F}.Release|x64.Build.0 = Release|Any CPU
		{1FFB8C7A-66B4-A4E1-4BF5-B7B5761C146F}.Release|x86.ActiveCfg = Release|Any CPU
		{1FFB8C7A-66B4-A4E1-4BF5-B7B5761C146F}.Release|x86.Build.0 = Release|Any CPU
		{F35AF77A-418F-4D7A-CCF1-5D6BE2D04C00}.Debug|Any CPU.ActiveCfg = Debug|Any CPU
		{F35AF77A-418F-4D7A-CCF1-5D6BE2D04C00}.Debug|Any CPU.Build.0 = Debug|Any CPU
		{F35AF77A-418F-4D7A-CCF1-5D6BE2D04C00}.Debug|x64.ActiveCfg = Debug|Any CPU
		{F35AF77A-418F-4D7A-CCF1-5D6BE2D04C00}.Debug|x64.Build.0 = Debug|Any CPU
		{F35AF77A-418F-4D7A-CCF1-5D6BE2D04C00}.Debug|x86.ActiveCfg = Debug|Any CPU
		{F35AF77A-418F-4D7A-CCF1-5D6BE2D04C00}.Debug|x86.Build.0 = Debug|Any CPU
		{F35AF77A-418F-4D7A-CCF1-5D6BE2D04C00}.Release|Any CPU.ActiveCfg = Release|Any CPU
		{F35AF77A-418F-4D7A-CCF1-5D6BE2D04C00}.Release|Any CPU.Build.0 = Release|Any CPU
		{F35AF77A-418F-4D7A-CCF1-5D6BE2D04C00}.Release|x64.ActiveCfg = Release|Any CPU
		{F35AF77A-418F-4D7A-CCF1-5D6BE2D04C00}.Release|x64.Build.0 = Release|Any CPU
		{F35AF77A-418F-4D7A-CCF1-5D6BE2D04C00}.Release|x86.ActiveCfg = Release|Any CPU
		{F35AF77A-418F-4D7A-CCF1-5D6BE2D04C00}.Release|x86.Build.0 = Release|Any CPU
		{3FE44EE9-1CF9-840B-CF92-61B1831888EE}.Debug|Any CPU.ActiveCfg = Debug|Any CPU
		{3FE44EE9-1CF9-840B-CF92-61B1831888EE}.Debug|Any CPU.Build.0 = Debug|Any CPU
		{3FE44EE9-1CF9-840B-CF92-61B1831888EE}.Debug|x64.ActiveCfg = Debug|Any CPU
		{3FE44EE9-1CF9-840B-CF92-61B1831888EE}.Debug|x64.Build.0 = Debug|Any CPU
		{3FE44EE9-1CF9-840B-CF92-61B1831888EE}.Debug|x86.ActiveCfg = Debug|Any CPU
		{3FE44EE9-1CF9-840B-CF92-61B1831888EE}.Debug|x86.Build.0 = Debug|Any CPU
		{3FE44EE9-1CF9-840B-CF92-61B1831888EE}.Release|Any CPU.ActiveCfg = Release|Any CPU
		{3FE44EE9-1CF9-840B-CF92-61B1831888EE}.Release|Any CPU.Build.0 = Release|Any CPU
		{3FE44EE9-1CF9-840B-CF92-61B1831888EE}.Release|x64.ActiveCfg = Release|Any CPU
		{3FE44EE9-1CF9-840B-CF92-61B1831888EE}.Release|x64.Build.0 = Release|Any CPU
		{3FE44EE9-1CF9-840B-CF92-61B1831888EE}.Release|x86.ActiveCfg = Release|Any CPU
		{3FE44EE9-1CF9-840B-CF92-61B1831888EE}.Release|x86.Build.0 = Release|Any CPU
		{2441E62A-1E29-CCD1-39D5-6954BB795471}.Debug|Any CPU.ActiveCfg = Debug|Any CPU
		{2441E62A-1E29-CCD1-39D5-6954BB795471}.Debug|Any CPU.Build.0 = Debug|Any CPU
		{2441E62A-1E29-CCD1-39D5-6954BB795471}.Debug|x64.ActiveCfg = Debug|Any CPU
		{2441E62A-1E29-CCD1-39D5-6954BB795471}.Debug|x64.Build.0 = Debug|Any CPU
		{2441E62A-1E29-CCD1-39D5-6954BB795471}.Debug|x86.ActiveCfg = Debug|Any CPU
		{2441E62A-1E29-CCD1-39D5-6954BB795471}.Debug|x86.Build.0 = Debug|Any CPU
		{2441E62A-1E29-CCD1-39D5-6954BB795471}.Release|Any CPU.ActiveCfg = Release|Any CPU
		{2441E62A-1E29-CCD1-39D5-6954BB795471}.Release|Any CPU.Build.0 = Release|Any CPU
		{2441E62A-1E29-CCD1-39D5-6954BB795471}.Release|x64.ActiveCfg = Release|Any CPU
		{2441E62A-1E29-CCD1-39D5-6954BB795471}.Release|x64.Build.0 = Release|Any CPU
		{2441E62A-1E29-CCD1-39D5-6954BB795471}.Release|x86.ActiveCfg = Release|Any CPU
		{2441E62A-1E29-CCD1-39D5-6954BB795471}.Release|x86.Build.0 = Release|Any CPU
		{1A5AD9F9-5FCC-C9BF-E94E-D8F550781D70}.Debug|Any CPU.ActiveCfg = Debug|Any CPU
		{1A5AD9F9-5FCC-C9BF-E94E-D8F550781D70}.Debug|Any CPU.Build.0 = Debug|Any CPU
		{1A5AD9F9-5FCC-C9BF-E94E-D8F550781D70}.Debug|x64.ActiveCfg = Debug|Any CPU
		{1A5AD9F9-5FCC-C9BF-E94E-D8F550781D70}.Debug|x64.Build.0 = Debug|Any CPU
		{1A5AD9F9-5FCC-C9BF-E94E-D8F550781D70}.Debug|x86.ActiveCfg = Debug|Any CPU
		{1A5AD9F9-5FCC-C9BF-E94E-D8F550781D70}.Debug|x86.Build.0 = Debug|Any CPU
		{1A5AD9F9-5FCC-C9BF-E94E-D8F550781D70}.Release|Any CPU.ActiveCfg = Release|Any CPU
		{1A5AD9F9-5FCC-C9BF-E94E-D8F550781D70}.Release|Any CPU.Build.0 = Release|Any CPU
		{1A5AD9F9-5FCC-C9BF-E94E-D8F550781D70}.Release|x64.ActiveCfg = Release|Any CPU
		{1A5AD9F9-5FCC-C9BF-E94E-D8F550781D70}.Release|x64.Build.0 = Release|Any CPU
		{1A5AD9F9-5FCC-C9BF-E94E-D8F550781D70}.Release|x86.ActiveCfg = Release|Any CPU
		{1A5AD9F9-5FCC-C9BF-E94E-D8F550781D70}.Release|x86.Build.0 = Release|Any CPU
		{A69744BE-F26A-4F6C-EBC2-2405DB08A519}.Debug|Any CPU.ActiveCfg = Debug|Any CPU
		{A69744BE-F26A-4F6C-EBC2-2405DB08A519}.Debug|Any CPU.Build.0 = Debug|Any CPU
		{A69744BE-F26A-4F6C-EBC2-2405DB08A519}.Debug|x64.ActiveCfg = Debug|Any CPU
		{A69744BE-F26A-4F6C-EBC2-2405DB08A519}.Debug|x64.Build.0 = Debug|Any CPU
		{A69744BE-F26A-4F6C-EBC2-2405DB08A519}.Debug|x86.ActiveCfg = Debug|Any CPU
		{A69744BE-F26A-4F6C-EBC2-2405DB08A519}.Debug|x86.Build.0 = Debug|Any CPU
		{A69744BE-F26A-4F6C-EBC2-2405DB08A519}.Release|Any CPU.ActiveCfg = Release|Any CPU
		{A69744BE-F26A-4F6C-EBC2-2405DB08A519}.Release|Any CPU.Build.0 = Release|Any CPU
		{A69744BE-F26A-4F6C-EBC2-2405DB08A519}.Release|x64.ActiveCfg = Release|Any CPU
		{A69744BE-F26A-4F6C-EBC2-2405DB08A519}.Release|x64.Build.0 = Release|Any CPU
		{A69744BE-F26A-4F6C-EBC2-2405DB08A519}.Release|x86.ActiveCfg = Release|Any CPU
		{A69744BE-F26A-4F6C-EBC2-2405DB08A519}.Release|x86.Build.0 = Release|Any CPU
		{AAB38824-402D-A8CC-6341-0797A03E7F77}.Debug|Any CPU.ActiveCfg = Debug|Any CPU
		{AAB38824-402D-A8CC-6341-0797A03E7F77}.Debug|Any CPU.Build.0 = Debug|Any CPU
		{AAB38824-402D-A8CC-6341-0797A03E7F77}.Debug|x64.ActiveCfg = Debug|Any CPU
		{AAB38824-402D-A8CC-6341-0797A03E7F77}.Debug|x64.Build.0 = Debug|Any CPU
		{AAB38824-402D-A8CC-6341-0797A03E7F77}.Debug|x86.ActiveCfg = Debug|Any CPU
		{AAB38824-402D-A8CC-6341-0797A03E7F77}.Debug|x86.Build.0 = Debug|Any CPU
		{AAB38824-402D-A8CC-6341-0797A03E7F77}.Release|Any CPU.ActiveCfg = Release|Any CPU
		{AAB38824-402D-A8CC-6341-0797A03E7F77}.Release|Any CPU.Build.0 = Release|Any CPU
		{AAB38824-402D-A8CC-6341-0797A03E7F77}.Release|x64.ActiveCfg = Release|Any CPU
		{AAB38824-402D-A8CC-6341-0797A03E7F77}.Release|x64.Build.0 = Release|Any CPU
		{AAB38824-402D-A8CC-6341-0797A03E7F77}.Release|x86.ActiveCfg = Release|Any CPU
		{AAB38824-402D-A8CC-6341-0797A03E7F77}.Release|x86.Build.0 = Release|Any CPU
		{0C46BE3A-7AF7-341D-8132-57D7D8CF7FC3}.Debug|Any CPU.ActiveCfg = Debug|Any CPU
		{0C46BE3A-7AF7-341D-8132-57D7D8CF7FC3}.Debug|Any CPU.Build.0 = Debug|Any CPU
		{0C46BE3A-7AF7-341D-8132-57D7D8CF7FC3}.Debug|x64.ActiveCfg = Debug|Any CPU
		{0C46BE3A-7AF7-341D-8132-57D7D8CF7FC3}.Debug|x64.Build.0 = Debug|Any CPU
		{0C46BE3A-7AF7-341D-8132-57D7D8CF7FC3}.Debug|x86.ActiveCfg = Debug|Any CPU
		{0C46BE3A-7AF7-341D-8132-57D7D8CF7FC3}.Debug|x86.Build.0 = Debug|Any CPU
		{0C46BE3A-7AF7-341D-8132-57D7D8CF7FC3}.Release|Any CPU.ActiveCfg = Release|Any CPU
		{0C46BE3A-7AF7-341D-8132-57D7D8CF7FC3}.Release|Any CPU.Build.0 = Release|Any CPU
		{0C46BE3A-7AF7-341D-8132-57D7D8CF7FC3}.Release|x64.ActiveCfg = Release|Any CPU
		{0C46BE3A-7AF7-341D-8132-57D7D8CF7FC3}.Release|x64.Build.0 = Release|Any CPU
		{0C46BE3A-7AF7-341D-8132-57D7D8CF7FC3}.Release|x86.ActiveCfg = Release|Any CPU
		{0C46BE3A-7AF7-341D-8132-57D7D8CF7FC3}.Release|x86.Build.0 = Release|Any CPU
		{1C93D63D-AEC0-4779-84F2-7FE2098CF582}.Debug|Any CPU.ActiveCfg = Debug|Any CPU
		{1C93D63D-AEC0-4779-84F2-7FE2098CF582}.Debug|Any CPU.Build.0 = Debug|Any CPU
		{1C93D63D-AEC0-4779-84F2-7FE2098CF582}.Debug|x64.ActiveCfg = Debug|Any CPU
		{1C93D63D-AEC0-4779-84F2-7FE2098CF582}.Debug|x64.Build.0 = Debug|Any CPU
		{1C93D63D-AEC0-4779-84F2-7FE2098CF582}.Debug|x86.ActiveCfg = Debug|Any CPU
		{1C93D63D-AEC0-4779-84F2-7FE2098CF582}.Debug|x86.Build.0 = Debug|Any CPU
		{1C93D63D-AEC0-4779-84F2-7FE2098CF582}.Release|Any CPU.ActiveCfg = Release|Any CPU
		{1C93D63D-AEC0-4779-84F2-7FE2098CF582}.Release|Any CPU.Build.0 = Release|Any CPU
		{1C93D63D-AEC0-4779-84F2-7FE2098CF582}.Release|x64.ActiveCfg = Release|Any CPU
		{1C93D63D-AEC0-4779-84F2-7FE2098CF582}.Release|x64.Build.0 = Release|Any CPU
		{1C93D63D-AEC0-4779-84F2-7FE2098CF582}.Release|x86.ActiveCfg = Release|Any CPU
		{1C93D63D-AEC0-4779-84F2-7FE2098CF582}.Release|x86.Build.0 = Release|Any CPU
		{9F6E7CFE-001A-212F-732A-4DFFFED851AA}.Debug|Any CPU.ActiveCfg = Debug|Any CPU
		{9F6E7CFE-001A-212F-732A-4DFFFED851AA}.Debug|Any CPU.Build.0 = Debug|Any CPU
		{9F6E7CFE-001A-212F-732A-4DFFFED851AA}.Debug|x64.ActiveCfg = Debug|Any CPU
		{9F6E7CFE-001A-212F-732A-4DFFFED851AA}.Debug|x64.Build.0 = Debug|Any CPU
		{9F6E7CFE-001A-212F-732A-4DFFFED851AA}.Debug|x86.ActiveCfg = Debug|Any CPU
		{9F6E7CFE-001A-212F-732A-4DFFFED851AA}.Debug|x86.Build.0 = Debug|Any CPU
		{9F6E7CFE-001A-212F-732A-4DFFFED851AA}.Release|Any CPU.ActiveCfg = Release|Any CPU
		{9F6E7CFE-001A-212F-732A-4DFFFED851AA}.Release|Any CPU.Build.0 = Release|Any CPU
		{9F6E7CFE-001A-212F-732A-4DFFFED851AA}.Release|x64.ActiveCfg = Release|Any CPU
		{9F6E7CFE-001A-212F-732A-4DFFFED851AA}.Release|x64.Build.0 = Release|Any CPU
		{9F6E7CFE-001A-212F-732A-4DFFFED851AA}.Release|x86.ActiveCfg = Release|Any CPU
		{9F6E7CFE-001A-212F-732A-4DFFFED851AA}.Release|x86.Build.0 = Release|Any CPU
		{839ED8CB-6E43-A1E5-B92C-B83BC5C9B295}.Debug|Any CPU.ActiveCfg = Debug|Any CPU
		{839ED8CB-6E43-A1E5-B92C-B83BC5C9B295}.Debug|Any CPU.Build.0 = Debug|Any CPU
		{839ED8CB-6E43-A1E5-B92C-B83BC5C9B295}.Debug|x64.ActiveCfg = Debug|Any CPU
		{839ED8CB-6E43-A1E5-B92C-B83BC5C9B295}.Debug|x64.Build.0 = Debug|Any CPU
		{839ED8CB-6E43-A1E5-B92C-B83BC5C9B295}.Debug|x86.ActiveCfg = Debug|Any CPU
		{839ED8CB-6E43-A1E5-B92C-B83BC5C9B295}.Debug|x86.Build.0 = Debug|Any CPU
		{839ED8CB-6E43-A1E5-B92C-B83BC5C9B295}.Release|Any CPU.ActiveCfg = Release|Any CPU
		{839ED8CB-6E43-A1E5-B92C-B83BC5C9B295}.Release|Any CPU.Build.0 = Release|Any CPU
		{839ED8CB-6E43-A1E5-B92C-B83BC5C9B295}.Release|x64.ActiveCfg = Release|Any CPU
		{839ED8CB-6E43-A1E5-B92C-B83BC5C9B295}.Release|x64.Build.0 = Release|Any CPU
		{839ED8CB-6E43-A1E5-B92C-B83BC5C9B295}.Release|x86.ActiveCfg = Release|Any CPU
		{839ED8CB-6E43-A1E5-B92C-B83BC5C9B295}.Release|x86.Build.0 = Release|Any CPU
		{F98C7E1F-1B93-5E2C-3CB8-C4C29FB27A1F}.Debug|Any CPU.ActiveCfg = Debug|Any CPU
		{F98C7E1F-1B93-5E2C-3CB8-C4C29FB27A1F}.Debug|Any CPU.Build.0 = Debug|Any CPU
		{F98C7E1F-1B93-5E2C-3CB8-C4C29FB27A1F}.Debug|x64.ActiveCfg = Debug|Any CPU
		{F98C7E1F-1B93-5E2C-3CB8-C4C29FB27A1F}.Debug|x64.Build.0 = Debug|Any CPU
		{F98C7E1F-1B93-5E2C-3CB8-C4C29FB27A1F}.Debug|x86.ActiveCfg = Debug|Any CPU
		{F98C7E1F-1B93-5E2C-3CB8-C4C29FB27A1F}.Debug|x86.Build.0 = Debug|Any CPU
		{F98C7E1F-1B93-5E2C-3CB8-C4C29FB27A1F}.Release|Any CPU.ActiveCfg = Release|Any CPU
		{F98C7E1F-1B93-5E2C-3CB8-C4C29FB27A1F}.Release|Any CPU.Build.0 = Release|Any CPU
		{F98C7E1F-1B93-5E2C-3CB8-C4C29FB27A1F}.Release|x64.ActiveCfg = Release|Any CPU
		{F98C7E1F-1B93-5E2C-3CB8-C4C29FB27A1F}.Release|x64.Build.0 = Release|Any CPU
		{F98C7E1F-1B93-5E2C-3CB8-C4C29FB27A1F}.Release|x86.ActiveCfg = Release|Any CPU
		{F98C7E1F-1B93-5E2C-3CB8-C4C29FB27A1F}.Release|x86.Build.0 = Release|Any CPU
		{2ED83E34-3FDF-BE35-8530-3B6ECAF080C6}.Debug|Any CPU.ActiveCfg = Debug|Any CPU
		{2ED83E34-3FDF-BE35-8530-3B6ECAF080C6}.Debug|Any CPU.Build.0 = Debug|Any CPU
		{2ED83E34-3FDF-BE35-8530-3B6ECAF080C6}.Debug|x64.ActiveCfg = Debug|Any CPU
		{2ED83E34-3FDF-BE35-8530-3B6ECAF080C6}.Debug|x64.Build.0 = Debug|Any CPU
		{2ED83E34-3FDF-BE35-8530-3B6ECAF080C6}.Debug|x86.ActiveCfg = Debug|Any CPU
		{2ED83E34-3FDF-BE35-8530-3B6ECAF080C6}.Debug|x86.Build.0 = Debug|Any CPU
		{2ED83E34-3FDF-BE35-8530-3B6ECAF080C6}.Release|Any CPU.ActiveCfg = Release|Any CPU
		{2ED83E34-3FDF-BE35-8530-3B6ECAF080C6}.Release|Any CPU.Build.0 = Release|Any CPU
		{2ED83E34-3FDF-BE35-8530-3B6ECAF080C6}.Release|x64.ActiveCfg = Release|Any CPU
		{2ED83E34-3FDF-BE35-8530-3B6ECAF080C6}.Release|x64.Build.0 = Release|Any CPU
		{2ED83E34-3FDF-BE35-8530-3B6ECAF080C6}.Release|x86.ActiveCfg = Release|Any CPU
		{2ED83E34-3FDF-BE35-8530-3B6ECAF080C6}.Release|x86.Build.0 = Release|Any CPU
		{99D2D920-38FC-C655-8969-1EC0FC9D4245}.Debug|Any CPU.ActiveCfg = Debug|Any CPU
		{99D2D920-38FC-C655-8969-1EC0FC9D4245}.Debug|Any CPU.Build.0 = Debug|Any CPU
		{99D2D920-38FC-C655-8969-1EC0FC9D4245}.Debug|x64.ActiveCfg = Debug|Any CPU
		{99D2D920-38FC-C655-8969-1EC0FC9D4245}.Debug|x64.Build.0 = Debug|Any CPU
		{99D2D920-38FC-C655-8969-1EC0FC9D4245}.Debug|x86.ActiveCfg = Debug|Any CPU
		{99D2D920-38FC-C655-8969-1EC0FC9D4245}.Debug|x86.Build.0 = Debug|Any CPU
		{99D2D920-38FC-C655-8969-1EC0FC9D4245}.Release|Any CPU.ActiveCfg = Release|Any CPU
		{99D2D920-38FC-C655-8969-1EC0FC9D4245}.Release|Any CPU.Build.0 = Release|Any CPU
		{99D2D920-38FC-C655-8969-1EC0FC9D4245}.Release|x64.ActiveCfg = Release|Any CPU
		{99D2D920-38FC-C655-8969-1EC0FC9D4245}.Release|x64.Build.0 = Release|Any CPU
		{99D2D920-38FC-C655-8969-1EC0FC9D4245}.Release|x86.ActiveCfg = Release|Any CPU
		{99D2D920-38FC-C655-8969-1EC0FC9D4245}.Release|x86.Build.0 = Release|Any CPU
		{5A22F9BA-8504-18D0-619D-10274A100A85}.Debug|Any CPU.ActiveCfg = Debug|Any CPU
		{5A22F9BA-8504-18D0-619D-10274A100A85}.Debug|Any CPU.Build.0 = Debug|Any CPU
		{5A22F9BA-8504-18D0-619D-10274A100A85}.Debug|x64.ActiveCfg = Debug|Any CPU
		{5A22F9BA-8504-18D0-619D-10274A100A85}.Debug|x64.Build.0 = Debug|Any CPU
		{5A22F9BA-8504-18D0-619D-10274A100A85}.Debug|x86.ActiveCfg = Debug|Any CPU
		{5A22F9BA-8504-18D0-619D-10274A100A85}.Debug|x86.Build.0 = Debug|Any CPU
		{5A22F9BA-8504-18D0-619D-10274A100A85}.Release|Any CPU.ActiveCfg = Release|Any CPU
		{5A22F9BA-8504-18D0-619D-10274A100A85}.Release|Any CPU.Build.0 = Release|Any CPU
		{5A22F9BA-8504-18D0-619D-10274A100A85}.Release|x64.ActiveCfg = Release|Any CPU
		{5A22F9BA-8504-18D0-619D-10274A100A85}.Release|x64.Build.0 = Release|Any CPU
		{5A22F9BA-8504-18D0-619D-10274A100A85}.Release|x86.ActiveCfg = Release|Any CPU
		{5A22F9BA-8504-18D0-619D-10274A100A85}.Release|x86.Build.0 = Release|Any CPU
		{475DAAEE-6ED7-48D0-A0C9-95131AC476C9}.Debug|Any CPU.ActiveCfg = Debug|Any CPU
		{475DAAEE-6ED7-48D0-A0C9-95131AC476C9}.Debug|Any CPU.Build.0 = Debug|Any CPU
		{475DAAEE-6ED7-48D0-A0C9-95131AC476C9}.Debug|x64.ActiveCfg = Debug|Any CPU
		{475DAAEE-6ED7-48D0-A0C9-95131AC476C9}.Debug|x64.Build.0 = Debug|Any CPU
		{475DAAEE-6ED7-48D0-A0C9-95131AC476C9}.Debug|x86.ActiveCfg = Debug|Any CPU
		{475DAAEE-6ED7-48D0-A0C9-95131AC476C9}.Debug|x86.Build.0 = Debug|Any CPU
		{475DAAEE-6ED7-48D0-A0C9-95131AC476C9}.Release|Any CPU.ActiveCfg = Release|Any CPU
		{475DAAEE-6ED7-48D0-A0C9-95131AC476C9}.Release|Any CPU.Build.0 = Release|Any CPU
		{475DAAEE-6ED7-48D0-A0C9-95131AC476C9}.Release|x64.ActiveCfg = Release|Any CPU
		{475DAAEE-6ED7-48D0-A0C9-95131AC476C9}.Release|x64.Build.0 = Release|Any CPU
		{475DAAEE-6ED7-48D0-A0C9-95131AC476C9}.Release|x86.ActiveCfg = Release|Any CPU
		{475DAAEE-6ED7-48D0-A0C9-95131AC476C9}.Release|x86.Build.0 = Release|Any CPU
		{5D32CCDF-FBF3-426C-BE16-070F5469F3F4}.Debug|Any CPU.ActiveCfg = Debug|Any CPU
		{5D32CCDF-FBF3-426C-BE16-070F5469F3F4}.Debug|Any CPU.Build.0 = Debug|Any CPU
		{5D32CCDF-FBF3-426C-BE16-070F5469F3F4}.Debug|x64.ActiveCfg = Debug|Any CPU
		{5D32CCDF-FBF3-426C-BE16-070F5469F3F4}.Debug|x64.Build.0 = Debug|Any CPU
		{5D32CCDF-FBF3-426C-BE16-070F5469F3F4}.Debug|x86.ActiveCfg = Debug|Any CPU
		{5D32CCDF-FBF3-426C-BE16-070F5469F3F4}.Debug|x86.Build.0 = Debug|Any CPU
		{5D32CCDF-FBF3-426C-BE16-070F5469F3F4}.Release|Any CPU.ActiveCfg = Release|Any CPU
		{5D32CCDF-FBF3-426C-BE16-070F5469F3F4}.Release|Any CPU.Build.0 = Release|Any CPU
		{5D32CCDF-FBF3-426C-BE16-070F5469F3F4}.Release|x64.ActiveCfg = Release|Any CPU
		{5D32CCDF-FBF3-426C-BE16-070F5469F3F4}.Release|x64.Build.0 = Release|Any CPU
		{5D32CCDF-FBF3-426C-BE16-070F5469F3F4}.Release|x86.ActiveCfg = Release|Any CPU
		{5D32CCDF-FBF3-426C-BE16-070F5469F3F4}.Release|x86.Build.0 = Release|Any CPU
		{8A48CA7C-CEEE-446F-9FD8-7DF9D4A5E836}.Debug|Any CPU.ActiveCfg = Debug|Any CPU
		{8A48CA7C-CEEE-446F-9FD8-7DF9D4A5E836}.Debug|Any CPU.Build.0 = Debug|Any CPU
		{8A48CA7C-CEEE-446F-9FD8-7DF9D4A5E836}.Debug|x64.ActiveCfg = Debug|Any CPU
		{8A48CA7C-CEEE-446F-9FD8-7DF9D4A5E836}.Debug|x64.Build.0 = Debug|Any CPU
		{8A48CA7C-CEEE-446F-9FD8-7DF9D4A5E836}.Debug|x86.ActiveCfg = Debug|Any CPU
		{8A48CA7C-CEEE-446F-9FD8-7DF9D4A5E836}.Debug|x86.Build.0 = Debug|Any CPU
		{8A48CA7C-CEEE-446F-9FD8-7DF9D4A5E836}.Release|Any CPU.ActiveCfg = Release|Any CPU
		{8A48CA7C-CEEE-446F-9FD8-7DF9D4A5E836}.Release|Any CPU.Build.0 = Release|Any CPU
		{8A48CA7C-CEEE-446F-9FD8-7DF9D4A5E836}.Release|x64.ActiveCfg = Release|Any CPU
		{8A48CA7C-CEEE-446F-9FD8-7DF9D4A5E836}.Release|x64.Build.0 = Release|Any CPU
		{8A48CA7C-CEEE-446F-9FD8-7DF9D4A5E836}.Release|x86.ActiveCfg = Release|Any CPU
		{8A48CA7C-CEEE-446F-9FD8-7DF9D4A5E836}.Release|x86.Build.0 = Release|Any CPU
		{9E94CC1E-033D-A798-5907-13582DDA4CCF}.Debug|Any CPU.ActiveCfg = Debug|Any CPU
		{9E94CC1E-033D-A798-5907-13582DDA4CCF}.Debug|Any CPU.Build.0 = Debug|Any CPU
		{9E94CC1E-033D-A798-5907-13582DDA4CCF}.Debug|x64.ActiveCfg = Debug|Any CPU
		{9E94CC1E-033D-A798-5907-13582DDA4CCF}.Debug|x64.Build.0 = Debug|Any CPU
		{9E94CC1E-033D-A798-5907-13582DDA4CCF}.Debug|x86.ActiveCfg = Debug|Any CPU
		{9E94CC1E-033D-A798-5907-13582DDA4CCF}.Debug|x86.Build.0 = Debug|Any CPU
		{9E94CC1E-033D-A798-5907-13582DDA4CCF}.Release|Any CPU.ActiveCfg = Release|Any CPU
		{9E94CC1E-033D-A798-5907-13582DDA4CCF}.Release|Any CPU.Build.0 = Release|Any CPU
		{9E94CC1E-033D-A798-5907-13582DDA4CCF}.Release|x64.ActiveCfg = Release|Any CPU
		{9E94CC1E-033D-A798-5907-13582DDA4CCF}.Release|x64.Build.0 = Release|Any CPU
		{9E94CC1E-033D-A798-5907-13582DDA4CCF}.Release|x86.ActiveCfg = Release|Any CPU
		{9E94CC1E-033D-A798-5907-13582DDA4CCF}.Release|x86.Build.0 = Release|Any CPU
		{9CDC9BA6-A617-6F3F-824B-ED13CA4FB43B}.Debug|Any CPU.ActiveCfg = Debug|Any CPU
		{9CDC9BA6-A617-6F3F-824B-ED13CA4FB43B}.Debug|Any CPU.Build.0 = Debug|Any CPU
		{9CDC9BA6-A617-6F3F-824B-ED13CA4FB43B}.Debug|x64.ActiveCfg = Debug|Any CPU
		{9CDC9BA6-A617-6F3F-824B-ED13CA4FB43B}.Debug|x64.Build.0 = Debug|Any CPU
		{9CDC9BA6-A617-6F3F-824B-ED13CA4FB43B}.Debug|x86.ActiveCfg = Debug|Any CPU
		{9CDC9BA6-A617-6F3F-824B-ED13CA4FB43B}.Debug|x86.Build.0 = Debug|Any CPU
		{9CDC9BA6-A617-6F3F-824B-ED13CA4FB43B}.Release|Any CPU.ActiveCfg = Release|Any CPU
		{9CDC9BA6-A617-6F3F-824B-ED13CA4FB43B}.Release|Any CPU.Build.0 = Release|Any CPU
		{9CDC9BA6-A617-6F3F-824B-ED13CA4FB43B}.Release|x64.ActiveCfg = Release|Any CPU
		{9CDC9BA6-A617-6F3F-824B-ED13CA4FB43B}.Release|x64.Build.0 = Release|Any CPU
		{9CDC9BA6-A617-6F3F-824B-ED13CA4FB43B}.Release|x86.ActiveCfg = Release|Any CPU
		{9CDC9BA6-A617-6F3F-824B-ED13CA4FB43B}.Release|x86.Build.0 = Release|Any CPU
		{921E4437-3C99-5ED5-9785-2F0835921FB8}.Debug|Any CPU.ActiveCfg = Debug|Any CPU
		{921E4437-3C99-5ED5-9785-2F0835921FB8}.Debug|Any CPU.Build.0 = Debug|Any CPU
		{921E4437-3C99-5ED5-9785-2F0835921FB8}.Debug|x64.ActiveCfg = Debug|Any CPU
		{921E4437-3C99-5ED5-9785-2F0835921FB8}.Debug|x64.Build.0 = Debug|Any CPU
		{921E4437-3C99-5ED5-9785-2F0835921FB8}.Debug|x86.ActiveCfg = Debug|Any CPU
		{921E4437-3C99-5ED5-9785-2F0835921FB8}.Debug|x86.Build.0 = Debug|Any CPU
		{921E4437-3C99-5ED5-9785-2F0835921FB8}.Release|Any CPU.ActiveCfg = Release|Any CPU
		{921E4437-3C99-5ED5-9785-2F0835921FB8}.Release|Any CPU.Build.0 = Release|Any CPU
		{921E4437-3C99-5ED5-9785-2F0835921FB8}.Release|x64.ActiveCfg = Release|Any CPU
		{921E4437-3C99-5ED5-9785-2F0835921FB8}.Release|x64.Build.0 = Release|Any CPU
		{921E4437-3C99-5ED5-9785-2F0835921FB8}.Release|x86.ActiveCfg = Release|Any CPU
		{921E4437-3C99-5ED5-9785-2F0835921FB8}.Release|x86.Build.0 = Release|Any CPU
		{A5BE53EE-AC6B-4A86-A26A-44E917B39F7C}.Debug|Any CPU.ActiveCfg = Debug|Any CPU
		{A5BE53EE-AC6B-4A86-A26A-44E917B39F7C}.Debug|Any CPU.Build.0 = Debug|Any CPU
		{A5BE53EE-AC6B-4A86-A26A-44E917B39F7C}.Debug|x64.ActiveCfg = Debug|Any CPU
		{A5BE53EE-AC6B-4A86-A26A-44E917B39F7C}.Debug|x64.Build.0 = Debug|Any CPU
		{A5BE53EE-AC6B-4A86-A26A-44E917B39F7C}.Debug|x86.ActiveCfg = Debug|Any CPU
		{A5BE53EE-AC6B-4A86-A26A-44E917B39F7C}.Debug|x86.Build.0 = Debug|Any CPU
		{A5BE53EE-AC6B-4A86-A26A-44E917B39F7C}.Release|Any CPU.ActiveCfg = Release|Any CPU
		{A5BE53EE-AC6B-4A86-A26A-44E917B39F7C}.Release|Any CPU.Build.0 = Release|Any CPU
		{A5BE53EE-AC6B-4A86-A26A-44E917B39F7C}.Release|x64.ActiveCfg = Release|Any CPU
		{A5BE53EE-AC6B-4A86-A26A-44E917B39F7C}.Release|x64.Build.0 = Release|Any CPU
		{A5BE53EE-AC6B-4A86-A26A-44E917B39F7C}.Release|x86.ActiveCfg = Release|Any CPU
		{A5BE53EE-AC6B-4A86-A26A-44E917B39F7C}.Release|x86.Build.0 = Release|Any CPU
		{82DE5DCA-341A-440E-B9C6-29F828068BD6}.Debug|Any CPU.ActiveCfg = Debug|Any CPU
		{82DE5DCA-341A-440E-B9C6-29F828068BD6}.Debug|Any CPU.Build.0 = Debug|Any CPU
		{82DE5DCA-341A-440E-B9C6-29F828068BD6}.Debug|x64.ActiveCfg = Debug|Any CPU
		{82DE5DCA-341A-440E-B9C6-29F828068BD6}.Debug|x64.Build.0 = Debug|Any CPU
		{82DE5DCA-341A-440E-B9C6-29F828068BD6}.Debug|x86.ActiveCfg = Debug|Any CPU
		{82DE5DCA-341A-440E-B9C6-29F828068BD6}.Debug|x86.Build.0 = Debug|Any CPU
		{82DE5DCA-341A-440E-B9C6-29F828068BD6}.Release|Any CPU.ActiveCfg = Release|Any CPU
		{82DE5DCA-341A-440E-B9C6-29F828068BD6}.Release|Any CPU.Build.0 = Release|Any CPU
		{82DE5DCA-341A-440E-B9C6-29F828068BD6}.Release|x64.ActiveCfg = Release|Any CPU
		{82DE5DCA-341A-440E-B9C6-29F828068BD6}.Release|x64.Build.0 = Release|Any CPU
		{82DE5DCA-341A-440E-B9C6-29F828068BD6}.Release|x86.ActiveCfg = Release|Any CPU
		{82DE5DCA-341A-440E-B9C6-29F828068BD6}.Release|x86.Build.0 = Release|Any CPU
		{4D32A65B-B042-4C47-9CC8-7EC1494254E4}.Debug|Any CPU.ActiveCfg = Debug|Any CPU
		{4D32A65B-B042-4C47-9CC8-7EC1494254E4}.Debug|Any CPU.Build.0 = Debug|Any CPU
		{4D32A65B-B042-4C47-9CC8-7EC1494254E4}.Debug|x64.ActiveCfg = Debug|Any CPU
		{4D32A65B-B042-4C47-9CC8-7EC1494254E4}.Debug|x64.Build.0 = Debug|Any CPU
		{4D32A65B-B042-4C47-9CC8-7EC1494254E4}.Debug|x86.ActiveCfg = Debug|Any CPU
		{4D32A65B-B042-4C47-9CC8-7EC1494254E4}.Debug|x86.Build.0 = Debug|Any CPU
		{4D32A65B-B042-4C47-9CC8-7EC1494254E4}.Release|Any CPU.ActiveCfg = Release|Any CPU
		{4D32A65B-B042-4C47-9CC8-7EC1494254E4}.Release|Any CPU.Build.0 = Release|Any CPU
		{4D32A65B-B042-4C47-9CC8-7EC1494254E4}.Release|x64.ActiveCfg = Release|Any CPU
		{4D32A65B-B042-4C47-9CC8-7EC1494254E4}.Release|x64.Build.0 = Release|Any CPU
		{4D32A65B-B042-4C47-9CC8-7EC1494254E4}.Release|x86.ActiveCfg = Release|Any CPU
		{4D32A65B-B042-4C47-9CC8-7EC1494254E4}.Release|x86.Build.0 = Release|Any CPU
		{A3EB53E5-627E-4083-A014-439F77714DB2}.Debug|Any CPU.ActiveCfg = Debug|Any CPU
		{A3EB53E5-627E-4083-A014-439F77714DB2}.Debug|Any CPU.Build.0 = Debug|Any CPU
		{A3EB53E5-627E-4083-A014-439F77714DB2}.Debug|x64.ActiveCfg = Debug|Any CPU
		{A3EB53E5-627E-4083-A014-439F77714DB2}.Debug|x64.Build.0 = Debug|Any CPU
		{A3EB53E5-627E-4083-A014-439F77714DB2}.Debug|x86.ActiveCfg = Debug|Any CPU
		{A3EB53E5-627E-4083-A014-439F77714DB2}.Debug|x86.Build.0 = Debug|Any CPU
		{A3EB53E5-627E-4083-A014-439F77714DB2}.Release|Any CPU.ActiveCfg = Release|Any CPU
		{A3EB53E5-627E-4083-A014-439F77714DB2}.Release|Any CPU.Build.0 = Release|Any CPU
		{A3EB53E5-627E-4083-A014-439F77714DB2}.Release|x64.ActiveCfg = Release|Any CPU
		{A3EB53E5-627E-4083-A014-439F77714DB2}.Release|x64.Build.0 = Release|Any CPU
		{A3EB53E5-627E-4083-A014-439F77714DB2}.Release|x86.ActiveCfg = Release|Any CPU
		{A3EB53E5-627E-4083-A014-439F77714DB2}.Release|x86.Build.0 = Release|Any CPU
		{836745C8-4CC1-4938-99CE-EFF82489CE9C}.Debug|Any CPU.ActiveCfg = Debug|Any CPU
		{836745C8-4CC1-4938-99CE-EFF82489CE9C}.Debug|Any CPU.Build.0 = Debug|Any CPU
		{836745C8-4CC1-4938-99CE-EFF82489CE9C}.Debug|x64.ActiveCfg = Debug|Any CPU
		{836745C8-4CC1-4938-99CE-EFF82489CE9C}.Debug|x64.Build.0 = Debug|Any CPU
		{836745C8-4CC1-4938-99CE-EFF82489CE9C}.Debug|x86.ActiveCfg = Debug|Any CPU
		{836745C8-4CC1-4938-99CE-EFF82489CE9C}.Debug|x86.Build.0 = Debug|Any CPU
		{836745C8-4CC1-4938-99CE-EFF82489CE9C}.Release|Any CPU.ActiveCfg = Release|Any CPU
		{836745C8-4CC1-4938-99CE-EFF82489CE9C}.Release|Any CPU.Build.0 = Release|Any CPU
		{836745C8-4CC1-4938-99CE-EFF82489CE9C}.Release|x64.ActiveCfg = Release|Any CPU
		{836745C8-4CC1-4938-99CE-EFF82489CE9C}.Release|x64.Build.0 = Release|Any CPU
		{836745C8-4CC1-4938-99CE-EFF82489CE9C}.Release|x86.ActiveCfg = Release|Any CPU
		{836745C8-4CC1-4938-99CE-EFF82489CE9C}.Release|x86.Build.0 = Release|Any CPU
		{F59510AC-D190-4B6F-B4B0-90A223186DED}.Debug|Any CPU.ActiveCfg = Debug|Any CPU
		{F59510AC-D190-4B6F-B4B0-90A223186DED}.Debug|Any CPU.Build.0 = Debug|Any CPU
		{F59510AC-D190-4B6F-B4B0-90A223186DED}.Debug|x64.ActiveCfg = Debug|Any CPU
		{F59510AC-D190-4B6F-B4B0-90A223186DED}.Debug|x64.Build.0 = Debug|Any CPU
		{F59510AC-D190-4B6F-B4B0-90A223186DED}.Debug|x86.ActiveCfg = Debug|Any CPU
		{F59510AC-D190-4B6F-B4B0-90A223186DED}.Debug|x86.Build.0 = Debug|Any CPU
		{F59510AC-D190-4B6F-B4B0-90A223186DED}.Release|Any CPU.ActiveCfg = Release|Any CPU
		{F59510AC-D190-4B6F-B4B0-90A223186DED}.Release|Any CPU.Build.0 = Release|Any CPU
		{F59510AC-D190-4B6F-B4B0-90A223186DED}.Release|x64.ActiveCfg = Release|Any CPU
		{F59510AC-D190-4B6F-B4B0-90A223186DED}.Release|x64.Build.0 = Release|Any CPU
		{F59510AC-D190-4B6F-B4B0-90A223186DED}.Release|x86.ActiveCfg = Release|Any CPU
		{F59510AC-D190-4B6F-B4B0-90A223186DED}.Release|x86.Build.0 = Release|Any CPU
	EndGlobalSection
	GlobalSection(SolutionProperties) = preSolution
		HideSolutionNode = FALSE
	EndGlobalSection
	GlobalSection(NestedProjects) = preSolution
		{DB10F8CC-C3DB-9F99-45D5-B93CD6538A22} = {02EA681E-C7D8-13C7-8484-4AC65E1B71E8}
		{6B39588B-5AA9-678B-ABEC-BC153D7B4632} = {02EA681E-C7D8-13C7-8484-4AC65E1B71E8}
		{2AE033CC-BF5D-9BF6-D760-A36C5D62AD4F} = {02EA681E-C7D8-13C7-8484-4AC65E1B71E8}
		{BB7AA6B9-D5F4-0AD4-70F8-62C5F6AEBA40} = {123C8106-B92F-48DE-BBF4-1C71062E830E}
		{E95E9933-F38B-2C58-3C13-AA6011CA61D6} = {123C8106-B92F-48DE-BBF4-1C71062E830E}
		{BA27DD4C-72C3-EF9A-04C5-F4995F57164D} = {123C8106-B92F-48DE-BBF4-1C71062E830E}
		{EFD7DA0F-8FFE-D482-1C04-DED971FFEAA1} = {123C8106-B92F-48DE-BBF4-1C71062E830E}
		{587AE6DA-BF4D-6218-B96A-65DD67542094} = {123C8106-B92F-48DE-BBF4-1C71062E830E}
		{298916BD-CAA0-E890-B1A0-ABFC0DD8BF13} = {123C8106-B92F-48DE-BBF4-1C71062E830E}
		{9C987628-0E09-3DB2-2C5C-E5480A0B99B4} = {123C8106-B92F-48DE-BBF4-1C71062E830E}
		{7E5528EA-94BB-42A3-ABD0-B4D3F1488B71} = {EAF7E666-1E79-48B8-B8EA-3DFD72BF359E}
		{A730B259-CC7A-6686-08A5-2468D11C4A93} = {7E5528EA-94BB-42A3-ABD0-B4D3F1488B71}
		{41088BBE-5241-361C-E29D-3B146B153F47} = {7E5528EA-94BB-42A3-ABD0-B4D3F1488B71}
		{21D49D21-69CE-02EC-7934-B8485854F929} = {7E5528EA-94BB-42A3-ABD0-B4D3F1488B71}
		{B2F22FAD-1459-D2D7-D66B-1B9D975DEF35} = {02EA681E-C7D8-13C7-8484-4AC65E1B71E8}
		{5A41B538-B2B9-4EBA-B526-D0C92B0ECBFA} = {EAF7E666-1E79-48B8-B8EA-3DFD72BF359E}
		{AED7D7CB-49F9-9013-31AB-FCC92A75CC4B} = {5A41B538-B2B9-4EBA-B526-D0C92B0ECBFA}
		{B91E0CEC-26BB-480D-AD6C-DC219883A432} = {EAF7E666-1E79-48B8-B8EA-3DFD72BF359E}
		{CF6DD81A-73E6-80D9-53B4-15033E2B8E7B} = {B91E0CEC-26BB-480D-AD6C-DC219883A432}
		{3BB0AA26-0DCA-EA54-F49B-5D78B91C23A3} = {B91E0CEC-26BB-480D-AD6C-DC219883A432}
		{9DC93C82-4B84-4CA0-8F82-4D8B2D7711D2} = {EAF7E666-1E79-48B8-B8EA-3DFD72BF359E}
		{2C7288D2-841E-9463-E441-2DF4C7F6CC7A} = {9DC93C82-4B84-4CA0-8F82-4D8B2D7711D2}
		{08673C3C-E724-ABE3-4052-6CC0C2A7BDFD} = {9DC93C82-4B84-4CA0-8F82-4D8B2D7711D2}
		{DE71E742-6232-BE6A-F257-E814689F7F46} = {9DC93C82-4B84-4CA0-8F82-4D8B2D7711D2}
		{F6212D43-9B96-93DC-6C25-337CCD367F3E} = {9DC93C82-4B84-4CA0-8F82-4D8B2D7711D2}
		{F6F88237-5780-3C84-DB9D-C6554C0BBC6B} = {9DC93C82-4B84-4CA0-8F82-4D8B2D7711D2}
		{D800798B-4246-07AE-1106-CE62E438936D} = {9DC93C82-4B84-4CA0-8F82-4D8B2D7711D2}
		{8BFBEF9D-3396-4BFA-9098-FC01B5A75ECD} = {EAF7E666-1E79-48B8-B8EA-3DFD72BF359E}
		{EBD041CF-CA38-8617-D876-D59B0C1477CA} = {8BFBEF9D-3396-4BFA-9098-FC01B5A75ECD}
		{208A5F28-785D-A91C-3A1C-5578101AB464} = {8BFBEF9D-3396-4BFA-9098-FC01B5A75ECD}
		{2BC58A73-4EFB-4CA0-A279-7F623495288E} = {8BFBEF9D-3396-4BFA-9098-FC01B5A75ECD}
		{DBD9EAD6-D545-EA05-E6BA-E212E1F8DE10} = {8BFBEF9D-3396-4BFA-9098-FC01B5A75ECD}
		{D90C0C6C-B4B9-1726-7D07-7CDA906AD24C} = {8BFBEF9D-3396-4BFA-9098-FC01B5A75ECD}
		{E3A0CB4D-C4BF-C667-4848-8F572853977B} = {8BFBEF9D-3396-4BFA-9098-FC01B5A75ECD}
		{A7339CD4-A941-47E7-866B-27BDDA30E979} = {EAF7E666-1E79-48B8-B8EA-3DFD72BF359E}
		{3053C3DE-A8AE-171B-48FD-61D0CA63011E} = {A7339CD4-A941-47E7-866B-27BDDA30E979}
		{D2EA53DC-6977-1E0C-260A-04F9CD02B189} = {A7339CD4-A941-47E7-866B-27BDDA30E979}
		{D2B10F7D-B7F9-3238-8284-2AFDD54CC45C} = {A7339CD4-A941-47E7-866B-27BDDA30E979}
		{06B47A55-9615-C469-6130-7F50D53D0AD8} = {A7339CD4-A941-47E7-866B-27BDDA30E979}
		{4FA834F7-D9DC-7DC1-5417-C2A729C55220} = {A7339CD4-A941-47E7-866B-27BDDA30E979}
		{B5C6D7E8-F9A0-4B1C-8D2E-3F4A5B6C7D8E} = {A7339CD4-A941-47E7-866B-27BDDA30E979}
		{B335517A-1DCC-445E-9FAC-C6D9BDD5A2C6} = {EAF7E666-1E79-48B8-B8EA-3DFD72BF359E}
		{026AA330-34E9-3BE4-6619-8B89387A9673} = {B335517A-1DCC-445E-9FAC-C6D9BDD5A2C6}
		{2DC3B3A9-1F9D-9F96-2E2E-E0AE217BE2AF} = {B335517A-1DCC-445E-9FAC-C6D9BDD5A2C6}
		{4D937B2E-9A9E-19B5-DEA4-1BE50BD1B6C2} = {B335517A-1DCC-445E-9FAC-C6D9BDD5A2C6}
		{A6E66954-349F-3418-5CEF-EC9489B0E9CE} = {B335517A-1DCC-445E-9FAC-C6D9BDD5A2C6}
		{38474EC8-3EBE-84EB-C3DC-E47D227D2CE3} = {B335517A-1DCC-445E-9FAC-C6D9BDD5A2C6}
		{7E8D9C0B-1A2F-4E3D-8C7B-6A5F4E3D2C1B} = {B335517A-1DCC-445E-9FAC-C6D9BDD5A2C6}
		{2121BC62-619A-478A-ADDC-C5B9C2E219C8} = {EAF7E666-1E79-48B8-B8EA-3DFD72BF359E}
		{82088286-1357-4414-811A-B92DE5E512C3} = {EAF7E666-1E79-48B8-B8EA-3DFD72BF359E}
		{A5ECB562-D03C-A337-658C-5B8E782D2A4B} = {2121BC62-619A-478A-ADDC-C5B9C2E219C8}
		{09A89AF5-FDC4-C83A-CD37-1EFEB10CC65A} = {2121BC62-619A-478A-ADDC-C5B9C2E219C8}
		{1FFB8C7A-66B4-A4E1-4BF5-B7B5761C146F} = {2121BC62-619A-478A-ADDC-C5B9C2E219C8}
		{F35AF77A-418F-4D7A-CCF1-5D6BE2D04C00} = {2121BC62-619A-478A-ADDC-C5B9C2E219C8}
		{3FE44EE9-1CF9-840B-CF92-61B1831888EE} = {2121BC62-619A-478A-ADDC-C5B9C2E219C8}
		{2441E62A-1E29-CCD1-39D5-6954BB795471} = {2121BC62-619A-478A-ADDC-C5B9C2E219C8}
		{1A5AD9F9-5FCC-C9BF-E94E-D8F550781D70} = {2121BC62-619A-478A-ADDC-C5B9C2E219C8}
		{A69744BE-F26A-4F6C-EBC2-2405DB08A519} = {2121BC62-619A-478A-ADDC-C5B9C2E219C8}
		{AAB38824-402D-A8CC-6341-0797A03E7F77} = {82088286-1357-4414-811A-B92DE5E512C3}
		{0C46BE3A-7AF7-341D-8132-57D7D8CF7FC3} = {82088286-1357-4414-811A-B92DE5E512C3}
		{1C93D63D-AEC0-4779-84F2-7FE2098CF582} = {82088286-1357-4414-811A-B92DE5E512C3}
		{9F6E7CFE-001A-212F-732A-4DFFFED851AA} = {82088286-1357-4414-811A-B92DE5E512C3}
		{839ED8CB-6E43-A1E5-B92C-B83BC5C9B295} = {82088286-1357-4414-811A-B92DE5E512C3}
		{F98C7E1F-1B93-5E2C-3CB8-C4C29FB27A1F} = {B91E0CEC-26BB-480D-AD6C-DC219883A432}
		{2ED83E34-3FDF-BE35-8530-3B6ECAF080C6} = {B91E0CEC-26BB-480D-AD6C-DC219883A432}
		{99D2D920-38FC-C655-8969-1EC0FC9D4245} = {B91E0CEC-26BB-480D-AD6C-DC219883A432}
		{5A22F9BA-8504-18D0-619D-10274A100A85} = {123C8106-B92F-48DE-BBF4-1C71062E830E}
		{475DAAEE-6ED7-48D0-A0C9-95131AC476C9} = {7E5528EA-94BB-42A3-ABD0-B4D3F1488B71}
		{5D32CCDF-FBF3-426C-BE16-070F5469F3F4} = {7E5528EA-94BB-42A3-ABD0-B4D3F1488B71}
		{8A48CA7C-CEEE-446F-9FD8-7DF9D4A5E836} = {7E5528EA-94BB-42A3-ABD0-B4D3F1488B71}
		{9E94CC1E-033D-A798-5907-13582DDA4CCF} = {82088286-1357-4414-811A-B92DE5E512C3}
		{9CDC9BA6-A617-6F3F-824B-ED13CA4FB43B} = {82088286-1357-4414-811A-B92DE5E512C3}
		{921E4437-3C99-5ED5-9785-2F0835921FB8} = {82088286-1357-4414-811A-B92DE5E512C3}
		{C3617A88-5C3D-0D53-2F84-602B3C139D7B} = {EAF7E666-1E79-48B8-B8EA-3DFD72BF359E}
		{A5BE53EE-AC6B-4A86-A26A-44E917B39F7C} = {C3617A88-5C3D-0D53-2F84-602B3C139D7B}
		{82DE5DCA-341A-440E-B9C6-29F828068BD6} = {C3617A88-5C3D-0D53-2F84-602B3C139D7B}
		{4D32A65B-B042-4C47-9CC8-7EC1494254E4} = {C3617A88-5C3D-0D53-2F84-602B3C139D7B}
		{A3EB53E5-627E-4083-A014-439F77714DB2} = {C3617A88-5C3D-0D53-2F84-602B3C139D7B}
		{836745C8-4CC1-4938-99CE-EFF82489CE9C} = {C3617A88-5C3D-0D53-2F84-602B3C139D7B}
		{F59510AC-D190-4B6F-B4B0-90A223186DED} = {C3617A88-5C3D-0D53-2F84-602B3C139D7B}
	EndGlobalSection
	GlobalSection(ExtensibilityGlobals) = postSolution
		SolutionGuid = {E23E8388-F169-4F3B-8A0C-AA189D779228}
	EndGlobalSection
EndGlobal
