
Microsoft Visual Studio Solution File, Format Version 12.00
# Visual Studio Version 17
VisualStudioVersion = 17.14.36811.4
MinimumVisualStudioVersion = 10.0.40219.1
Project("{2150E333-8FDC-42A3-9474-1A3956D46DE8}") = "framework", "framework", "{02EA681E-C7D8-13C7-8484-4AC65E1B71E8}"
EndProject
Project("{FAE04EC0-301F-11D3-BF4B-00C04F79EFBC}") = "Censeq.Framework.Core", "framework\Censeq.Framework.Core\Censeq.Framework.Core.csproj", "{DB10F8CC-C3DB-9F99-45D5-B93CD6538A22}"
EndProject
Project("{FAE04EC0-301F-11D3-BF4B-00C04F79EFBC}") = "Censeq.Framework.AspNetCore", "framework\Censeq.Framework.AspNetCore\Censeq.Framework.AspNetCore.csproj", "{6B39588B-5AA9-678B-ABEC-BC153D7B4632}"
EndProject
Project("{FAE04EC0-301F-11D3-BF4B-00C04F79EFBC}") = "Censeq.Framework.Swashbuckle", "framework\Censeq.Framework.Swashbuckle\Censeq.Framework.Swashbuckle.csproj", "{2AE033CC-BF5D-9BF6-D760-A36C5D62AD4F}"
EndProject
Project("{2150E333-8FDC-42A3-9474-1A3956D46DE8}") = "modules", "modules", "{EAF7E666-1E79-48B8-B8EA-3DFD72BF359E}"
EndProject
Project("{2150E333-8FDC-42A3-9474-1A3956D46DE8}") = "src", "src", "{123C8106-B92F-48DE-BBF4-1C71062E830E}"
EndProject
Project("{FAE04EC0-301F-11D3-BF4B-00C04F79EFBC}") = "Censeq.Admin.Domain", "src\Censeq.Admin.Domain\Censeq.Admin.Domain.csproj", "{BB7AA6B9-D5F4-0AD4-70F8-62C5F6AEBA40}"
EndProject
Project("{FAE04EC0-301F-11D3-BF4B-00C04F79EFBC}") = "Censeq.Admin.Domain.Shared", "src\Censeq.Admin.Domain.Shared\Censeq.Admin.Domain.Shared.csproj", "{E95E9933-F38B-2C58-3C13-AA6011CA61D6}"
EndProject
Project("{FAE04EC0-301F-11D3-BF4B-00C04F79EFBC}") = "Censeq.Admin.Application.Contracts", "src\Censeq.Admin.Application.Contracts\Censeq.Admin.Application.Contracts.csproj", "{BA27DD4C-72C3-EF9A-04C5-F4995F57164D}"
EndProject
Project("{FAE04EC0-301F-11D3-BF4B-00C04F79EFBC}") = "Censeq.Admin.Application", "src\Censeq.Admin.Application\Censeq.Admin.Application.csproj", "{EFD7DA0F-8FFE-D482-1C04-DED971FFEAA1}"
EndProject
Project("{FAE04EC0-301F-11D3-BF4B-00C04F79EFBC}") = "Censeq.Admin.EntityFrameworkCore", "src\Censeq.Admin.EntityFrameworkCore\Censeq.Admin.EntityFrameworkCore.csproj", "{587AE6DA-BF4D-6218-B96A-65DD67542094}"
EndProject
Project("{FAE04EC0-301F-11D3-BF4B-00C04F79EFBC}") = "Censeq.Admin.HttpApi", "src\Censeq.Admin.HttpApi\Censeq.Admin.HttpApi.csproj", "{298916BD-CAA0-E890-B1A0-ABFC0DD8BF13}"
EndProject
Project("{FAE04EC0-301F-11D3-BF4B-00C04F79EFBC}") = "Censeq.Admin.HttpApi.Host", "src\Censeq.Admin.HttpApi.Host\Censeq.Admin.HttpApi.Host.csproj", "{9C987628-0E09-3DB2-2C5C-E5480A0B99B4}"
EndProject
Project("{2150E333-8FDC-42A3-9474-1A3956D46DE8}") = "audit-logging", "audit-logging", "{7E5528EA-94BB-42A3-ABD0-B4D3F1488B71}"
EndProject
Project("{FAE04EC0-301F-11D3-BF4B-00C04F79EFBC}") = "Censeq.AuditLogging.Domain.Shared", "modules\audit-logging\Censeq.AuditLogging.Domain.Shared\Censeq.AuditLogging.Domain.Shared.csproj", "{A730B259-CC7A-6686-08A5-2468D11C4A93}"
EndProject
Project("{FAE04EC0-301F-11D3-BF4B-00C04F79EFBC}") = "Censeq.AuditLogging.Domain", "modules\audit-logging\Censeq.AuditLogging.Domain\Censeq.AuditLogging.Domain.csproj", "{41088BBE-5241-361C-E29D-3B146B153F47}"
EndProject
Project("{FAE04EC0-301F-11D3-BF4B-00C04F79EFBC}") = "Censeq.AuditLogging.EntityFrameworkCore", "modules\audit-logging\Censeq.AuditLogging.EntityFrameworkCore\Censeq.AuditLogging.EntityFrameworkCore.csproj", "{21D49D21-69CE-02EC-7934-B8485854F929}"
EndProject
Project("{FAE04EC0-301F-11D3-BF4B-00C04F79EFBC}") = "Censeq.Framework.EntityFrameworkCore", "framework\Censeq.Framework.EntityFrameworkCore\Censeq.Framework.EntityFrameworkCore.csproj", "{B2F22FAD-1459-D2D7-D66B-1B9D975DEF35}"
EndProject
Project("{2150E333-8FDC-42A3-9474-1A3956D46DE8}") = "basic-theme", "basic-theme", "{5A41B538-B2B9-4EBA-B526-D0C92B0ECBFA}"
EndProject
Project("{FAE04EC0-301F-11D3-BF4B-00C04F79EFBC}") = "Censeq.Framework.AspNetCore.Mvc.UI.Theme.Basic", "modules\basic-theme\Censeq.Framework.AspNetCore.Mvc.UI.Theme.Basic\Censeq.Framework.AspNetCore.Mvc.UI.Theme.Basic.csproj", "{AED7D7CB-49F9-9013-31AB-FCC92A75CC4B}"
EndProject
Project("{2150E333-8FDC-42A3-9474-1A3956D46DE8}") = "account", "account", "{B91E0CEC-26BB-480D-AD6C-DC219883A432}"
EndProject
Project("{FAE04EC0-301F-11D3-BF4B-00C04F79EFBC}") = "Censeq.Account.Web", "modules\account\Censeq.Account.Web\Censeq.Account.Web.csproj", "{CF6DD81A-73E6-80D9-53B4-15033E2B8E7B}"
EndProject
Project("{FAE04EC0-301F-11D3-BF4B-00C04F79EFBC}") = "Censeq.Account.Web.OpenIddict", "modules\account\Censeq.Account.Web.OpenIddict\Censeq.Account.Web.OpenIddict.csproj", "{3BB0AA26-0DCA-EA54-F49B-5D78B91C23A3}"
EndProject
Project("{2150E333-8FDC-42A3-9474-1A3956D46DE8}") = "setting-management", "setting-management", "{9DC93C82-4B84-4CA0-8F82-4D8B2D7711D2}"
EndProject
Project("{FAE04EC0-301F-11D3-BF4B-00C04F79EFBC}") = "Censeq.SettingManagement.Domain.Shared", "modules\setting-management\Censeq.SettingManagement.Domain.Shared\Censeq.SettingManagement.Domain.Shared.csproj", "{2C7288D2-841E-9463-E441-2DF4C7F6CC7A}"
EndProject
Project("{FAE04EC0-301F-11D3-BF4B-00C04F79EFBC}") = "Censeq.SettingManagement.Domain", "modules\setting-management\Censeq.SettingManagement.Domain\Censeq.SettingManagement.Domain.csproj", "{08673C3C-E724-ABE3-4052-6CC0C2A7BDFD}"
EndProject
Project("{FAE04EC0-301F-11D3-BF4B-00C04F79EFBC}") = "Censeq.SettingManagement.Application.Contracts", "modules\setting-management\Censeq.SettingManagement.Application.Contracts\Censeq.SettingManagement.Application.Contracts.csproj", "{DE71E742-6232-BE6A-F257-E814689F7F46}"
EndProject
Project("{FAE04EC0-301F-11D3-BF4B-00C04F79EFBC}") = "Censeq.SettingManagement.Application", "modules\setting-management\Censeq.SettingManagement.Application\Censeq.SettingManagement.Application.csproj", "{F6212D43-9B96-93DC-6C25-337CCD367F3E}"
EndProject
Project("{FAE04EC0-301F-11D3-BF4B-00C04F79EFBC}") = "Censeq.SettingManagement.EntityFrameworkCore", "modules\setting-management\Censeq.SettingManagement.EntityFrameworkCore\Censeq.SettingManagement.EntityFrameworkCore.csproj", "{F6F88237-5780-3C84-DB9D-C6554C0BBC6B}"
EndProject
Project("{FAE04EC0-301F-11D3-BF4B-00C04F79EFBC}") = "Censeq.SettingManagement.HttpApi", "modules\setting-management\Censeq.SettingManagement.HttpApi\Censeq.SettingManagement.HttpApi.csproj", "{D800798B-4246-07AE-1106-CE62E438936D}"
EndProject
Global
	GlobalSection(SolutionConfigurationPlatforms) = preSolution
		Debug|Any CPU = Debug|Any CPU
		Release|Any CPU = Release|Any CPU
	EndGlobalSection
	GlobalSection(ProjectConfigurationPlatforms) = postSolution
		{DB10F8CC-C3DB-9F99-45D5-B93CD6538A22}.Debug|Any CPU.ActiveCfg = Debug|Any CPU
		{DB10F8CC-C3DB-9F99-45D5-B93CD6538A22}.Debug|Any CPU.Build.0 = Debug|Any CPU
		{DB10F8CC-C3DB-9F99-45D5-B93CD6538A22}.Release|Any CPU.ActiveCfg = Release|Any CPU
		{DB10F8CC-C3DB-9F99-45D5-B93CD6538A22}.Release|Any CPU.Build.0 = Release|Any CPU
		{6B39588B-5AA9-678B-ABEC-BC153D7B4632}.Debug|Any CPU.ActiveCfg = Debug|Any CPU
		{6B39588B-5AA9-678B-ABEC-BC153D7B4632}.Debug|Any CPU.Build.0 = Debug|Any CPU
		{6B39588B-5AA9-678B-ABEC-BC153D7B4632}.Release|Any CPU.ActiveCfg = Release|Any CPU
		{6B39588B-5AA9-678B-ABEC-BC153D7B4632}.Release|Any CPU.Build.0 = Release|Any CPU
		{2AE033CC-BF5D-9BF6-D760-A36C5D62AD4F}.Debug|Any CPU.ActiveCfg = Debug|Any CPU
		{2AE033CC-BF5D-9BF6-D760-A36C5D62AD4F}.Debug|Any CPU.Build.0 = Debug|Any CPU
		{2AE033CC-BF5D-9BF6-D760-A36C5D62AD4F}.Release|Any CPU.ActiveCfg = Release|Any CPU
		{2AE033CC-BF5D-9BF6-D760-A36C5D62AD4F}.Release|Any CPU.Build.0 = Release|Any CPU
		{BB7AA6B9-D5F4-0AD4-70F8-62C5F6AEBA40}.Debug|Any CPU.ActiveCfg = Debug|Any CPU
		{BB7AA6B9-D5F4-0AD4-70F8-62C5F6AEBA40}.Debug|Any CPU.Build.0 = Debug|Any CPU
		{BB7AA6B9-D5F4-0AD4-70F8-62C5F6AEBA40}.Release|Any CPU.ActiveCfg = Release|Any CPU
		{BB7AA6B9-D5F4-0AD4-70F8-62C5F6AEBA40}.Release|Any CPU.Build.0 = Release|Any CPU
		{E95E9933-F38B-2C58-3C13-AA6011CA61D6}.Debug|Any CPU.ActiveCfg = Debug|Any CPU
		{E95E9933-F38B-2C58-3C13-AA6011CA61D6}.Debug|Any CPU.Build.0 = Debug|Any CPU
		{E95E9933-F38B-2C58-3C13-AA6011CA61D6}.Release|Any CPU.ActiveCfg = Release|Any CPU
		{E95E9933-F38B-2C58-3C13-AA6011CA61D6}.Release|Any CPU.Build.0 = Release|Any CPU
		{BA27DD4C-72C3-EF9A-04C5-F4995F57164D}.Debug|Any CPU.ActiveCfg = Debug|Any CPU
		{BA27DD4C-72C3-EF9A-04C5-F4995F57164D}.Debug|Any CPU.Build.0 = Debug|Any CPU
		{BA27DD4C-72C3-EF9A-04C5-F4995F57164D}.Release|Any CPU.ActiveCfg = Release|Any CPU
		{BA27DD4C-72C3-EF9A-04C5-F4995F57164D}.Release|Any CPU.Build.0 = Release|Any CPU
		{EFD7DA0F-8FFE-D482-1C04-DED971FFEAA1}.Debug|Any CPU.ActiveCfg = Debug|Any CPU
		{EFD7DA0F-8FFE-D482-1C04-DED971FFEAA1}.Debug|Any CPU.Build.0 = Debug|Any CPU
		{EFD7DA0F-8FFE-D482-1C04-DED971FFEAA1}.Release|Any CPU.ActiveCfg = Release|Any CPU
		{EFD7DA0F-8FFE-D482-1C04-DED971FFEAA1}.Release|Any CPU.Build.0 = Release|Any CPU
		{587AE6DA-BF4D-6218-B96A-65DD67542094}.Debug|Any CPU.ActiveCfg = Debug|Any CPU
		{587AE6DA-BF4D-6218-B96A-65DD67542094}.Debug|Any CPU.Build.0 = Debug|Any CPU
		{587AE6DA-BF4D-6218-B96A-65DD67542094}.Release|Any CPU.ActiveCfg = Release|Any CPU
		{587AE6DA-BF4D-6218-B96A-65DD67542094}.Release|Any CPU.Build.0 = Release|Any CPU
		{298916BD-CAA0-E890-B1A0-ABFC0DD8BF13}.Debug|Any CPU.ActiveCfg = Debug|Any CPU
		{298916BD-CAA0-E890-B1A0-ABFC0DD8BF13}.Debug|Any CPU.Build.0 = Debug|Any CPU
		{298916BD-CAA0-E890-B1A0-ABFC0DD8BF13}.Release|Any CPU.ActiveCfg = Release|Any CPU
		{298916BD-CAA0-E890-B1A0-ABFC0DD8BF13}.Release|Any CPU.Build.0 = Release|Any CPU
		{9C987628-0E09-3DB2-2C5C-E5480A0B99B4}.Debug|Any CPU.ActiveCfg = Debug|Any CPU
		{9C987628-0E09-3DB2-2C5C-E5480A0B99B4}.Debug|Any CPU.Build.0 = Debug|Any CPU
		{9C987628-0E09-3DB2-2C5C-E5480A0B99B4}.Release|Any CPU.ActiveCfg = Release|Any CPU
		{9C987628-0E09-3DB2-2C5C-E5480A0B99B4}.Release|Any CPU.Build.0 = Release|Any CPU
		{A730B259-CC7A-6686-08A5-2468D11C4A93}.Debug|Any CPU.ActiveCfg = Debug|Any CPU
		{A730B259-CC7A-6686-08A5-2468D11C4A93}.Debug|Any CPU.Build.0 = Debug|Any CPU
		{A730B259-CC7A-6686-08A5-2468D11C4A93}.Release|Any CPU.ActiveCfg = Release|Any CPU
		{A730B259-CC7A-6686-08A5-2468D11C4A93}.Release|Any CPU.Build.0 = Release|Any CPU
		{41088BBE-5241-361C-E29D-3B146B153F47}.Debug|Any CPU.ActiveCfg = Debug|Any CPU
		{41088BBE-5241-361C-E29D-3B146B153F47}.Debug|Any CPU.Build.0 = Debug|Any CPU
		{41088BBE-5241-361C-E29D-3B146B153F47}.Release|Any CPU.ActiveCfg = Release|Any CPU
		{41088BBE-5241-361C-E29D-3B146B153F47}.Release|Any CPU.Build.0 = Release|Any CPU
		{21D49D21-69CE-02EC-7934-B8485854F929}.Debug|Any CPU.ActiveCfg = Debug|Any CPU
		{21D49D21-69CE-02EC-7934-B8485854F929}.Debug|Any CPU.Build.0 = Debug|Any CPU
		{21D49D21-69CE-02EC-7934-B8485854F929}.Release|Any CPU.ActiveCfg = Release|Any CPU
		{21D49D21-69CE-02EC-7934-B8485854F929}.Release|Any CPU.Build.0 = Release|Any CPU
		{B2F22FAD-1459-D2D7-D66B-1B9D975DEF35}.Debug|Any CPU.ActiveCfg = Debug|Any CPU
		{B2F22FAD-1459-D2D7-D66B-1B9D975DEF35}.Debug|Any CPU.Build.0 = Debug|Any CPU
		{B2F22FAD-1459-D2D7-D66B-1B9D975DEF35}.Release|Any CPU.ActiveCfg = Release|Any CPU
		{B2F22FAD-1459-D2D7-D66B-1B9D975DEF35}.Release|Any CPU.Build.0 = Release|Any CPU
		{AED7D7CB-49F9-9013-31AB-FCC92A75CC4B}.Debug|Any CPU.ActiveCfg = Debug|Any CPU
		{AED7D7CB-49F9-9013-31AB-FCC92A75CC4B}.Debug|Any CPU.Build.0 = Debug|Any CPU
		{AED7D7CB-49F9-9013-31AB-FCC92A75CC4B}.Release|Any CPU.ActiveCfg = Release|Any CPU
		{AED7D7CB-49F9-9013-31AB-FCC92A75CC4B}.Release|Any CPU.Build.0 = Release|Any CPU
		{CF6DD81A-73E6-80D9-53B4-15033E2B8E7B}.Debug|Any CPU.ActiveCfg = Debug|Any CPU
		{CF6DD81A-73E6-80D9-53B4-15033E2B8E7B}.Debug|Any CPU.Build.0 = Debug|Any CPU
		{CF6DD81A-73E6-80D9-53B4-15033E2B8E7B}.Release|Any CPU.ActiveCfg = Release|Any CPU
		{CF6DD81A-73E6-80D9-53B4-15033E2B8E7B}.Release|Any CPU.Build.0 = Release|Any CPU
		{3BB0AA26-0DCA-EA54-F49B-5D78B91C23A3}.Debug|Any CPU.ActiveCfg = Debug|Any CPU
		{3BB0AA26-0DCA-EA54-F49B-5D78B91C23A3}.Debug|Any CPU.Build.0 = Debug|Any CPU
		{3BB0AA26-0DCA-EA54-F49B-5D78B91C23A3}.Release|Any CPU.ActiveCfg = Release|Any CPU
		{3BB0AA26-0DCA-EA54-F49B-5D78B91C23A3}.Release|Any CPU.Build.0 = Release|Any CPU
		{2C7288D2-841E-9463-E441-2DF4C7F6CC7A}.Debug|Any CPU.ActiveCfg = Debug|Any CPU
		{2C7288D2-841E-9463-E441-2DF4C7F6CC7A}.Debug|Any CPU.Build.0 = Debug|Any CPU
		{2C7288D2-841E-9463-E441-2DF4C7F6CC7A}.Release|Any CPU.ActiveCfg = Release|Any CPU
		{2C7288D2-841E-9463-E441-2DF4C7F6CC7A}.Release|Any CPU.Build.0 = Release|Any CPU
		{08673C3C-E724-ABE3-4052-6CC0C2A7BDFD}.Debug|Any CPU.ActiveCfg = Debug|Any CPU
		{08673C3C-E724-ABE3-4052-6CC0C2A7BDFD}.Debug|Any CPU.Build.0 = Debug|Any CPU
		{08673C3C-E724-ABE3-4052-6CC0C2A7BDFD}.Release|Any CPU.ActiveCfg = Release|Any CPU
		{08673C3C-E724-ABE3-4052-6CC0C2A7BDFD}.Release|Any CPU.Build.0 = Release|Any CPU
		{DE71E742-6232-BE6A-F257-E814689F7F46}.Debug|Any CPU.ActiveCfg = Debug|Any CPU
		{DE71E742-6232-BE6A-F257-E814689F7F46}.Debug|Any CPU.Build.0 = Debug|Any CPU
		{DE71E742-6232-BE6A-F257-E814689F7F46}.Release|Any CPU.ActiveCfg = Release|Any CPU
		{DE71E742-6232-BE6A-F257-E814689F7F46}.Release|Any CPU.Build.0 = Release|Any CPU
		{F6212D43-9B96-93DC-6C25-337CCD367F3E}.Debug|Any CPU.ActiveCfg = Debug|Any CPU
		{F6212D43-9B96-93DC-6C25-337CCD367F3E}.Debug|Any CPU.Build.0 = Debug|Any CPU
		{F6212D43-9B96-93DC-6C25-337CCD367F3E}.Release|Any CPU.ActiveCfg = Release|Any CPU
		{F6212D43-9B96-93DC-6C25-337CCD367F3E}.Release|Any CPU.Build.0 = Release|Any CPU
		{F6F88237-5780-3C84-DB9D-C6554C0BBC6B}.Debug|Any CPU.ActiveCfg = Debug|Any CPU
		{F6F88237-5780-3C84-DB9D-C6554C0BBC6B}.Debug|Any CPU.Build.0 = Debug|Any CPU
		{F6F88237-5780-3C84-DB9D-C6554C0BBC6B}.Release|Any CPU.ActiveCfg = Release|Any CPU
		{F6F88237-5780-3C84-DB9D-C6554C0BBC6B}.Release|Any CPU.Build.0 = Release|Any CPU
		{D800798B-4246-07AE-1106-CE62E438936D}.Debug|Any CPU.ActiveCfg = Debug|Any CPU
		{D800798B-4246-07AE-1106-CE62E438936D}.Debug|Any CPU.Build.0 = Debug|Any CPU
		{D800798B-4246-07AE-1106-CE62E438936D}.Release|Any CPU.ActiveCfg = Release|Any CPU
		{D800798B-4246-07AE-1106-CE62E438936D}.Release|Any CPU.Build.0 = Release|Any CPU
	EndGlobalSection
	GlobalSection(SolutionProperties) = preSolution
		HideSolutionNode = FALSE
	EndGlobalSection
	GlobalSection(NestedProjects) = preSolution
		{DB10F8CC-C3DB-9F99-45D5-B93CD6538A22} = {02EA681E-C7D8-13C7-8484-4AC65E1B71E8}
		{6B39588B-5AA9-678B-ABEC-BC153D7B4632} = {02EA681E-C7D8-13C7-8484-4AC65E1B71E8}
		{2AE033CC-BF5D-9BF6-D760-A36C5D62AD4F} = {02EA681E-C7D8-13C7-8484-4AC65E1B71E8}
		{BB7AA6B9-D5F4-0AD4-70F8-62C5F6AEBA40} = {123C8106-B92F-48DE-BBF4-1C71062E830E}
		{E95E9933-F38B-2C58-3C13-AA6011CA61D6} = {123C8106-B92F-48DE-BBF4-1C71062E830E}
		{BA27DD4C-72C3-EF9A-04C5-F4995F57164D} = {123C8106-B92F-48DE-BBF4-1C71062E830E}
		{EFD7DA0F-8FFE-D482-1C04-DED971FFEAA1} = {123C8106-B92F-48DE-BBF4-1C71062E830E}
		{587AE6DA-BF4D-6218-B96A-65DD67542094} = {123C8106-B92F-48DE-BBF4-1C71062E830E}
		{298916BD-CAA0-E890-B1A0-ABFC0DD8BF13} = {123C8106-B92F-48DE-BBF4-1C71062E830E}
		{9C987628-0E09-3DB2-2C5C-E5480A0B99B4} = {123C8106-B92F-48DE-BBF4-1C71062E830E}
		{7E5528EA-94BB-42A3-ABD0-B4D3F1488B71} = {EAF7E666-1E79-48B8-B8EA-3DFD72BF359E}
		{A730B259-CC7A-6686-08A5-2468D11C4A93} = {7E5528EA-94BB-42A3-ABD0-B4D3F1488B71}
		{41088BBE-5241-361C-E29D-3B146B153F47} = {7E5528EA-94BB-42A3-ABD0-B4D3F1488B71}
		{21D49D21-69CE-02EC-7934-B8485854F929} = {7E5528EA-94BB-42A3-ABD0-B4D3F1488B71}
		{B2F22FAD-1459-D2D7-D66B-1B9D975DEF35} = {02EA681E-C7D8-13C7-8484-4AC65E1B71E8}
		{5A41B538-B2B9-4EBA-B526-D0C92B0ECBFA} = {EAF7E666-1E79-48B8-B8EA-3DFD72BF359E}
		{AED7D7CB-49F9-9013-31AB-FCC92A75CC4B} = {5A41B538-B2B9-4EBA-B526-D0C92B0ECBFA}
		{B91E0CEC-26BB-480D-AD6C-DC219883A432} = {EAF7E666-1E79-48B8-B8EA-3DFD72BF359E}
		{CF6DD81A-73E6-80D9-53B4-15033E2B8E7B} = {B91E0CEC-26BB-480D-AD6C-DC219883A432}
		{3BB0AA26-0DCA-EA54-F49B-5D78B91C23A3} = {B91E0CEC-26BB-480D-AD6C-DC219883A432}
		{9DC93C82-4B84-4CA0-8F82-4D8B2D7711D2} = {EAF7E666-1E79-48B8-B8EA-3DFD72BF359E}
		{2C7288D2-841E-9463-E441-2DF4C7F6CC7A} = {9DC93C82-4B84-4CA0-8F82-4D8B2D7711D2}
		{08673C3C-E724-ABE3-4052-6CC0C2A7BDFD} = {9DC93C82-4B84-4CA0-8F82-4D8B2D7711D2}
		{DE71E742-6232-BE6A-F257-E814689F7F46} = {9DC93C82-4B84-4CA0-8F82-4D8B2D7711D2}
		{F6212D43-9B96-93DC-6C25-337CCD367F3E} = {9DC93C82-4B84-4CA0-8F82-4D8B2D7711D2}
		{F6F88237-5780-3C84-DB9D-C6554C0BBC6B} = {9DC93C82-4B84-4CA0-8F82-4D8B2D7711D2}
		{D800798B-4246-07AE-1106-CE62E438936D} = {9DC93C82-4B84-4CA0-8F82-4D8B2D7711D2}
	EndGlobalSection
	GlobalSection(ExtensibilityGlobals) = postSolution
		SolutionGuid = {E23E8388-F169-4F3B-8A0C-AA189D779228}
	EndGlobalSection
EndGlobal
