
Microsoft Visual Studio Solution File, Format Version 12.00
# Visual Studio Version 17
VisualStudioVersion = 17.8.34601.278
MinimumVisualStudioVersion = 10.0.40219.1
Project("{9A19103F-16F7-4668-BE54-9A1E7A4F7556}") = "Starshine.Admin.Domain", "src\Starshine.Admin.Domain\Starshine.Admin.Domain.csproj", "{554AD327-6DBA-4F8F-96F8-81CE7A0C863F}"
EndProject
Project("{9A19103F-16F7-4668-BE54-9A1E7A4F7556}") = "Starshine.Admin.Application", "src\Starshine.Admin.Application\Starshine.Admin.Application.csproj", "{1A94A50E-06DC-43C1-80B5-B662820EC3EB}"
EndProject
Project("{9A19103F-16F7-4668-BE54-9A1E7A4F7556}") = "Starshine.Admin.EntityFrameworkCore", "src\Starshine.Admin.EntityFrameworkCore\Starshine.Admin.EntityFrameworkCore.csproj", "{C956DD76-69C8-4A9C-83EA-D17DF83340FD}"
EndProject
Project("{2150E333-8FDC-42A3-9474-1A3956D46DE8}") = "src", "src", "{CA9AC87F-097E-4F15-8393-4BC07735A5B0}"
EndProject
Project("{9A19103F-16F7-4668-BE54-9A1E7A4F7556}") = "Starshine.Admin.Domain.Shared", "src\Starshine.Admin.Domain.Shared\Starshine.Admin.Domain.Shared.csproj", "{42F719ED-8413-4895-B5B4-5AB56079BC66}"
EndProject
Project("{9A19103F-16F7-4668-BE54-9A1E7A4F7556}") = "Starshine.Admin.Application.Contracts", "src\Starshine.Admin.Application.Contracts\Starshine.Admin.Application.Contracts.csproj", "{520659C8-C734-4298-A3DA-B539DB9DFC0B}"
EndProject
Project("{9A19103F-16F7-4668-BE54-9A1E7A4F7556}") = "Starshine.Admin.HttpApi", "src\Starshine.Admin.HttpApi\Starshine.Admin.HttpApi.csproj", "{4164BDF7-F527-4E85-9CE6-E3C2D7426A27}"
EndProject
Project("{9A19103F-16F7-4668-BE54-9A1E7A4F7556}") = "Starshine.Admin.HttpApi.Client", "src\Starshine.Admin.HttpApi.Client\Starshine.Admin.HttpApi.Client.csproj", "{3B5A0094-670D-4BB1-BFDD-61B88A8773DC}"
EndProject
Project("{9A19103F-16F7-4668-BE54-9A1E7A4F7556}") = "Starshine.Admin.DbMigrator", "src\Starshine.Admin.DbMigrator\Starshine.Admin.DbMigrator.csproj", "{AA94D832-1CCC-4715-95A9-A483F23A1A5D}"
EndProject
Project("{9A19103F-16F7-4668-BE54-9A1E7A4F7556}") = "Starshine.Admin.HttpApi.Host", "src\Starshine.Admin.HttpApi.Host\Starshine.Admin.HttpApi.Host.csproj", "{748584B1-BA69-4F6A-81AA-F4BDE6BCE29D}"
EndProject
Project("{2150E333-8FDC-42A3-9474-1A3956D46DE8}") = "starshine", "starshine", "{B085CB10-095F-47D0-B13D-BBC61B9F76CB}"
EndProject
Project("{2150E333-8FDC-42A3-9474-1A3956D46DE8}") = "modules", "modules", "{C606A10A-958D-4CA2-A358-411CFE2CA7E4}"
EndProject
Project("{2150E333-8FDC-42A3-9474-1A3956D46DE8}") = "framework", "framework", "{6D8917AC-365B-4687-97F8-C97620F95588}"
EndProject
Project("{9A19103F-16F7-4668-BE54-9A1E7A4F7556}") = "Starshine.Abp.Swashbuckle", "..\..\..\starshine-abp\framework\src\Starshine.Abp.Swashbuckle\Starshine.Abp.Swashbuckle.csproj", "{60CEFC9E-9731-47D9-80A2-DB26613F3736}"
EndProject
Project("{9A19103F-16F7-4668-BE54-9A1E7A4F7556}") = "Starshine.Abp.Core", "..\..\..\starshine-abp\framework\src\Starshine.Abp.Core\Starshine.Abp.Core.csproj", "{81DA59C2-C0E5-4B49-A218-7815F8ACAB0B}"
EndProject
Project("{FAE04EC0-301F-11D3-BF4B-00C04F79EFBC}") = "Starshine.Admin.Web", "src\Starshine.Admin.Web\Starshine.Admin.Web.csproj", "{547F25AB-38AB-157B-6053-FA5C43E3B472}"
EndProject
Project("{FAE04EC0-301F-11D3-BF4B-00C04F79EFBC}") = "Starshine.Abp.AspNetCore", "..\..\..\starshine-abp\framework\src\Starshine.Abp.AspNetCore\Starshine.Abp.AspNetCore.csproj", "{62FFC479-27FC-D194-0DDB-C7E04C8ED8CB}"
EndProject
Project("{2150E333-8FDC-42A3-9474-1A3956D46DE8}") = "basic-theme", "basic-theme", "{1B536DB2-48AA-42AC-9930-F62515797F6E}"
EndProject
Project("{FAE04EC0-301F-11D3-BF4B-00C04F79EFBC}") = "Starshine.Abp.AspNetCore.Mvc.UI.Theme.Basic", "..\..\..\starshine-abp\modules\basic-theme\src\Starshine.Abp.AspNetCore.Mvc.UI.Theme.Basic\Starshine.Abp.AspNetCore.Mvc.UI.Theme.Basic.csproj", "{A7D8113E-292E-B8FE-8AE9-FB647E38F23E}"
EndProject
Project("{2150E333-8FDC-42A3-9474-1A3956D46DE8}") = "account", "account", "{02EA681E-C7D8-13C7-8484-4AC65E1B71E8}"
EndProject
Project("{FAE04EC0-301F-11D3-BF4B-00C04F79EFBC}") = "Starshine.Abp.Account.Web", "..\..\..\starshine-abp\modules\account\src\Starshine.Abp.Account.Web\Starshine.Abp.Account.Web.csproj", "{3D1CBAEC-8AE7-16CC-1DCB-10A871A06B97}"
EndProject
Project("{FAE04EC0-301F-11D3-BF4B-00C04F79EFBC}") = "Starshine.Abp.Account.Web.OpenIddict", "..\..\..\starshine-abp\modules\account\src\Starshine.Abp.Account.Web.OpenIddict\Starshine.Abp.Account.Web.OpenIddict.csproj", "{173E6D9C-2C57-A7BD-F52D-B62DD211C847}"
EndProject
Global
	GlobalSection(SolutionConfigurationPlatforms) = preSolution
		Debug|Any CPU = Debug|Any CPU
		Release|Any CPU = Release|Any CPU
	EndGlobalSection
	GlobalSection(ProjectConfigurationPlatforms) = postSolution
		{554AD327-6DBA-4F8F-96F8-81CE7A0C863F}.Debug|Any CPU.ActiveCfg = Debug|Any CPU
		{554AD327-6DBA-4F8F-96F8-81CE7A0C863F}.Debug|Any CPU.Build.0 = Debug|Any CPU
		{554AD327-6DBA-4F8F-96F8-81CE7A0C863F}.Release|Any CPU.ActiveCfg = Release|Any CPU
		{554AD327-6DBA-4F8F-96F8-81CE7A0C863F}.Release|Any CPU.Build.0 = Release|Any CPU
		{1A94A50E-06DC-43C1-80B5-B662820EC3EB}.Debug|Any CPU.ActiveCfg = Debug|Any CPU
		{1A94A50E-06DC-43C1-80B5-B662820EC3EB}.Debug|Any CPU.Build.0 = Debug|Any CPU
		{1A94A50E-06DC-43C1-80B5-B662820EC3EB}.Release|Any CPU.ActiveCfg = Release|Any CPU
		{1A94A50E-06DC-43C1-80B5-B662820EC3EB}.Release|Any CPU.Build.0 = Release|Any CPU
		{C956DD76-69C8-4A9C-83EA-D17DF83340FD}.Debug|Any CPU.ActiveCfg = Debug|Any CPU
		{C956DD76-69C8-4A9C-83EA-D17DF83340FD}.Debug|Any CPU.Build.0 = Debug|Any CPU
		{C956DD76-69C8-4A9C-83EA-D17DF83340FD}.Release|Any CPU.ActiveCfg = Release|Any CPU
		{C956DD76-69C8-4A9C-83EA-D17DF83340FD}.Release|Any CPU.Build.0 = Release|Any CPU
		{42F719ED-8413-4895-B5B4-5AB56079BC66}.Debug|Any CPU.ActiveCfg = Debug|Any CPU
		{42F719ED-8413-4895-B5B4-5AB56079BC66}.Debug|Any CPU.Build.0 = Debug|Any CPU
		{42F719ED-8413-4895-B5B4-5AB56079BC66}.Release|Any CPU.ActiveCfg = Release|Any CPU
		{42F719ED-8413-4895-B5B4-5AB56079BC66}.Release|Any CPU.Build.0 = Release|Any CPU
		{520659C8-C734-4298-A3DA-B539DB9DFC0B}.Debug|Any CPU.ActiveCfg = Debug|Any CPU
		{520659C8-C734-4298-A3DA-B539DB9DFC0B}.Debug|Any CPU.Build.0 = Debug|Any CPU
		{520659C8-C734-4298-A3DA-B539DB9DFC0B}.Release|Any CPU.ActiveCfg = Release|Any CPU
		{520659C8-C734-4298-A3DA-B539DB9DFC0B}.Release|Any CPU.Build.0 = Release|Any CPU
		{4164BDF7-F527-4E85-9CE6-E3C2D7426A27}.Debug|Any CPU.ActiveCfg = Debug|Any CPU
		{4164BDF7-F527-4E85-9CE6-E3C2D7426A27}.Debug|Any CPU.Build.0 = Debug|Any CPU
		{4164BDF7-F527-4E85-9CE6-E3C2D7426A27}.Release|Any CPU.ActiveCfg = Release|Any CPU
		{4164BDF7-F527-4E85-9CE6-E3C2D7426A27}.Release|Any CPU.Build.0 = Release|Any CPU
		{3B5A0094-670D-4BB1-BFDD-61B88A8773DC}.Debug|Any CPU.ActiveCfg = Debug|Any CPU
		{3B5A0094-670D-4BB1-BFDD-61B88A8773DC}.Debug|Any CPU.Build.0 = Debug|Any CPU
		{3B5A0094-670D-4BB1-BFDD-61B88A8773DC}.Release|Any CPU.ActiveCfg = Release|Any CPU
		{3B5A0094-670D-4BB1-BFDD-61B88A8773DC}.Release|Any CPU.Build.0 = Release|Any CPU
		{AA94D832-1CCC-4715-95A9-A483F23A1A5D}.Debug|Any CPU.ActiveCfg = Debug|Any CPU
		{AA94D832-1CCC-4715-95A9-A483F23A1A5D}.Debug|Any CPU.Build.0 = Debug|Any CPU
		{AA94D832-1CCC-4715-95A9-A483F23A1A5D}.Release|Any CPU.ActiveCfg = Release|Any CPU
		{AA94D832-1CCC-4715-95A9-A483F23A1A5D}.Release|Any CPU.Build.0 = Release|Any CPU
		{748584B1-BA69-4F6A-81AA-F4BDE6BCE29D}.Debug|Any CPU.ActiveCfg = Debug|Any CPU
		{748584B1-BA69-4F6A-81AA-F4BDE6BCE29D}.Debug|Any CPU.Build.0 = Debug|Any CPU
		{748584B1-BA69-4F6A-81AA-F4BDE6BCE29D}.Release|Any CPU.ActiveCfg = Release|Any CPU
		{748584B1-BA69-4F6A-81AA-F4BDE6BCE29D}.Release|Any CPU.Build.0 = Release|Any CPU
		{60CEFC9E-9731-47D9-80A2-DB26613F3736}.Debug|Any CPU.ActiveCfg = Debug|Any CPU
		{60CEFC9E-9731-47D9-80A2-DB26613F3736}.Debug|Any CPU.Build.0 = Debug|Any CPU
		{60CEFC9E-9731-47D9-80A2-DB26613F3736}.Release|Any CPU.ActiveCfg = Release|Any CPU
		{60CEFC9E-9731-47D9-80A2-DB26613F3736}.Release|Any CPU.Build.0 = Release|Any CPU
		{81DA59C2-C0E5-4B49-A218-7815F8ACAB0B}.Debug|Any CPU.ActiveCfg = Debug|Any CPU
		{81DA59C2-C0E5-4B49-A218-7815F8ACAB0B}.Debug|Any CPU.Build.0 = Debug|Any CPU
		{81DA59C2-C0E5-4B49-A218-7815F8ACAB0B}.Release|Any CPU.ActiveCfg = Release|Any CPU
		{81DA59C2-C0E5-4B49-A218-7815F8ACAB0B}.Release|Any CPU.Build.0 = Release|Any CPU
		{547F25AB-38AB-157B-6053-FA5C43E3B472}.Debug|Any CPU.ActiveCfg = Debug|Any CPU
		{547F25AB-38AB-157B-6053-FA5C43E3B472}.Debug|Any CPU.Build.0 = Debug|Any CPU
		{547F25AB-38AB-157B-6053-FA5C43E3B472}.Release|Any CPU.ActiveCfg = Release|Any CPU
		{547F25AB-38AB-157B-6053-FA5C43E3B472}.Release|Any CPU.Build.0 = Release|Any CPU
		{62FFC479-27FC-D194-0DDB-C7E04C8ED8CB}.Debug|Any CPU.ActiveCfg = Debug|Any CPU
		{62FFC479-27FC-D194-0DDB-C7E04C8ED8CB}.Debug|Any CPU.Build.0 = Debug|Any CPU
		{62FFC479-27FC-D194-0DDB-C7E04C8ED8CB}.Release|Any CPU.ActiveCfg = Release|Any CPU
		{62FFC479-27FC-D194-0DDB-C7E04C8ED8CB}.Release|Any CPU.Build.0 = Release|Any CPU
		{A7D8113E-292E-B8FE-8AE9-FB647E38F23E}.Debug|Any CPU.ActiveCfg = Debug|Any CPU
		{A7D8113E-292E-B8FE-8AE9-FB647E38F23E}.Debug|Any CPU.Build.0 = Debug|Any CPU
		{A7D8113E-292E-B8FE-8AE9-FB647E38F23E}.Release|Any CPU.ActiveCfg = Release|Any CPU
		{A7D8113E-292E-B8FE-8AE9-FB647E38F23E}.Release|Any CPU.Build.0 = Release|Any CPU
		{3D1CBAEC-8AE7-16CC-1DCB-10A871A06B97}.Debug|Any CPU.ActiveCfg = Debug|Any CPU
		{3D1CBAEC-8AE7-16CC-1DCB-10A871A06B97}.Debug|Any CPU.Build.0 = Debug|Any CPU
		{3D1CBAEC-8AE7-16CC-1DCB-10A871A06B97}.Release|Any CPU.ActiveCfg = Release|Any CPU
		{3D1CBAEC-8AE7-16CC-1DCB-10A871A06B97}.Release|Any CPU.Build.0 = Release|Any CPU
		{173E6D9C-2C57-A7BD-F52D-B62DD211C847}.Debug|Any CPU.ActiveCfg = Debug|Any CPU
		{173E6D9C-2C57-A7BD-F52D-B62DD211C847}.Debug|Any CPU.Build.0 = Debug|Any CPU
		{173E6D9C-2C57-A7BD-F52D-B62DD211C847}.Release|Any CPU.ActiveCfg = Release|Any CPU
		{173E6D9C-2C57-A7BD-F52D-B62DD211C847}.Release|Any CPU.Build.0 = Release|Any CPU
	EndGlobalSection
	GlobalSection(SolutionProperties) = preSolution
		HideSolutionNode = FALSE
	EndGlobalSection
	GlobalSection(NestedProjects) = preSolution
		{554AD327-6DBA-4F8F-96F8-81CE7A0C863F} = {CA9AC87F-097E-4F15-8393-4BC07735A5B0}
		{1A94A50E-06DC-43C1-80B5-B662820EC3EB} = {CA9AC87F-097E-4F15-8393-4BC07735A5B0}
		{C956DD76-69C8-4A9C-83EA-D17DF83340FD} = {CA9AC87F-097E-4F15-8393-4BC07735A5B0}
		{42F719ED-8413-4895-B5B4-5AB56079BC66} = {CA9AC87F-097E-4F15-8393-4BC07735A5B0}
		{520659C8-C734-4298-A3DA-B539DB9DFC0B} = {CA9AC87F-097E-4F15-8393-4BC07735A5B0}
		{4164BDF7-F527-4E85-9CE6-E3C2D7426A27} = {CA9AC87F-097E-4F15-8393-4BC07735A5B0}
		{3B5A0094-670D-4BB1-BFDD-61B88A8773DC} = {CA9AC87F-097E-4F15-8393-4BC07735A5B0}
		{AA94D832-1CCC-4715-95A9-A483F23A1A5D} = {CA9AC87F-097E-4F15-8393-4BC07735A5B0}
		{748584B1-BA69-4F6A-81AA-F4BDE6BCE29D} = {CA9AC87F-097E-4F15-8393-4BC07735A5B0}
		{C606A10A-958D-4CA2-A358-411CFE2CA7E4} = {B085CB10-095F-47D0-B13D-BBC61B9F76CB}
		{6D8917AC-365B-4687-97F8-C97620F95588} = {B085CB10-095F-47D0-B13D-BBC61B9F76CB}
		{60CEFC9E-9731-47D9-80A2-DB26613F3736} = {6D8917AC-365B-4687-97F8-C97620F95588}
		{81DA59C2-C0E5-4B49-A218-7815F8ACAB0B} = {6D8917AC-365B-4687-97F8-C97620F95588}
		{547F25AB-38AB-157B-6053-FA5C43E3B472} = {CA9AC87F-097E-4F15-8393-4BC07735A5B0}
		{62FFC479-27FC-D194-0DDB-C7E04C8ED8CB} = {6D8917AC-365B-4687-97F8-C97620F95588}
		{1B536DB2-48AA-42AC-9930-F62515797F6E} = {C606A10A-958D-4CA2-A358-411CFE2CA7E4}
		{A7D8113E-292E-B8FE-8AE9-FB647E38F23E} = {1B536DB2-48AA-42AC-9930-F62515797F6E}
		{02EA681E-C7D8-13C7-8484-4AC65E1B71E8} = {C606A10A-958D-4CA2-A358-411CFE2CA7E4}
		{3D1CBAEC-8AE7-16CC-1DCB-10A871A06B97} = {02EA681E-C7D8-13C7-8484-4AC65E1B71E8}
		{173E6D9C-2C57-A7BD-F52D-B62DD211C847} = {02EA681E-C7D8-13C7-8484-4AC65E1B71E8}
	EndGlobalSection
	GlobalSection(ExtensibilityGlobals) = postSolution
		SolutionGuid = {28315BFD-90E7-4E14-A2EA-F3D23AF4126F}
	EndGlobalSection
EndGlobal
