
Microsoft Visual Studio Solution File, Format Version 12.00
# Visual Studio Version 17
VisualStudioVersion = 17.8.34601.278
MinimumVisualStudioVersion = 10.0.40219.1
Project("{9A19103F-16F7-4668-BE54-9A1E7A4F7556}") = "Starshine.Admin.Domain", "src\Starshine.Admin.Domain\Starshine.Admin.Domain.csproj", "{554AD327-6DBA-4F8F-96F8-81CE7A0C863F}"
EndProject
Project("{9A19103F-16F7-4668-BE54-9A1E7A4F7556}") = "Starshine.Admin.Application", "src\Starshine.Admin.Application\Starshine.Admin.Application.csproj", "{1A94A50E-06DC-43C1-80B5-B662820EC3EB}"
EndProject
Project("{9A19103F-16F7-4668-BE54-9A1E7A4F7556}") = "Starshine.Admin.EntityFrameworkCore", "src\Starshine.Admin.EntityFrameworkCore\Starshine.Admin.EntityFrameworkCore.csproj", "{C956DD76-69C8-4A9C-83EA-D17DF83340FD}"
EndProject
Project("{2150E333-8FDC-42A3-9474-1A3956D46DE8}") = "src", "src", "{CA9AC87F-097E-4F15-8393-4BC07735A5B0}"
EndProject
Project("{9A19103F-16F7-4668-BE54-9A1E7A4F7556}") = "Starshine.Admin.Domain.Shared", "src\Starshine.Admin.Domain.Shared\Starshine.Admin.Domain.Shared.csproj", "{42F719ED-8413-4895-B5B4-5AB56079BC66}"
EndProject
Project("{9A19103F-16F7-4668-BE54-9A1E7A4F7556}") = "Starshine.Admin.Application.Contracts", "src\Starshine.Admin.Application.Contracts\Starshine.Admin.Application.Contracts.csproj", "{520659C8-C734-4298-A3DA-B539DB9DFC0B}"
EndProject
Project("{9A19103F-16F7-4668-BE54-9A1E7A4F7556}") = "Starshine.Admin.HttpApi", "src\Starshine.Admin.HttpApi\Starshine.Admin.HttpApi.csproj", "{4164BDF7-F527-4E85-9CE6-E3C2D7426A27}"
EndProject
Project("{9A19103F-16F7-4668-BE54-9A1E7A4F7556}") = "Starshine.Admin.HttpApi.Client", "src\Starshine.Admin.HttpApi.Client\Starshine.Admin.HttpApi.Client.csproj", "{3B5A0094-670D-4BB1-BFDD-61B88A8773DC}"
EndProject
Project("{9A19103F-16F7-4668-BE54-9A1E7A4F7556}") = "Starshine.Admin.DbMigrator", "src\Starshine.Admin.DbMigrator\Starshine.Admin.DbMigrator.csproj", "{AA94D832-1CCC-4715-95A9-A483F23A1A5D}"
EndProject
Project("{9A19103F-16F7-4668-BE54-9A1E7A4F7556}") = "Starshine.Admin.HttpApi.Host", "src\Starshine.Admin.HttpApi.Host\Starshine.Admin.HttpApi.Host.csproj", "{748584B1-BA69-4F6A-81AA-F4BDE6BCE29D}"
EndProject
Project("{2150E333-8FDC-42A3-9474-1A3956D46DE8}") = "Solution Items", "Solution Items", "{C8D685EC-3049-495B-B862-EF04B55CE64F}"
	ProjectSection(SolutionItems) = preProject
		.editorconfig = .editorconfig
	EndProjectSection
EndProject
Project("{2150E333-8FDC-42A3-9474-1A3956D46DE8}") = "framework", "framework", "{4BFFAA88-F4F1-4542-843B-6783D104DF5D}"
EndProject
Project("{2150E333-8FDC-42A3-9474-1A3956D46DE8}") = "modules", "modules", "{FC39565C-5CD6-4593-AB2C-F117BCD2A25E}"
EndProject
Project("{FAE04EC0-301F-11D3-BF4B-00C04F79EFBC}") = "Starshine.Abp.Core", "..\..\framework\Starshine.Abp.Core\Starshine.Abp.Core.csproj", "{5C9EC0EA-00A5-9453-EDDC-5905D519247A}"
EndProject
Project("{FAE04EC0-301F-11D3-BF4B-00C04F79EFBC}") = "Starshine.Abp.AspNetCore", "..\..\framework\Starshine.Abp.AspNetCore\Starshine.Abp.AspNetCore.csproj", "{2E1FAA1D-2B20-48ED-2857-C0F21412FC5B}"
EndProject
Project("{FAE04EC0-301F-11D3-BF4B-00C04F79EFBC}") = "Starshine.Abp.Swashbuckle", "..\..\framework\Starshine.Abp.Swashbuckle\Starshine.Abp.Swashbuckle.csproj", "{10844854-ECDE-1FE6-6AB8-FA22741C50CD}"
EndProject
Project("{2150E333-8FDC-42A3-9474-1A3956D46DE8}") = "account", "account", "{A25A84E8-10D9-44D6-ABE5-E63ED837F42C}"
EndProject
Project("{FAE04EC0-301F-11D3-BF4B-00C04F79EFBC}") = "Starshine.Abp.Account.Web", "..\..\modules\account\Starshine.Abp.Account.Web\Starshine.Abp.Account.Web.csproj", "{B1229813-84E6-D808-4F0E-1C2CFF0A8AC7}"
EndProject
Project("{FAE04EC0-301F-11D3-BF4B-00C04F79EFBC}") = "Starshine.Abp.Account.Web.OpenIddict", "..\..\modules\account\Starshine.Abp.Account.Web.OpenIddict\Starshine.Abp.Account.Web.OpenIddict.csproj", "{CD4533AF-E019-B5E0-9D62-3022B18E68E9}"
EndProject
Project("{2150E333-8FDC-42A3-9474-1A3956D46DE8}") = "basic-theme", "basic-theme", "{C5B73EBB-3A24-44BB-BD2B-E314B95582A7}"
EndProject
Project("{FAE04EC0-301F-11D3-BF4B-00C04F79EFBC}") = "Starshine.Abp.AspNetCore.Mvc.UI.Theme.Basic", "..\..\modules\basic-theme\Starshine.Abp.AspNetCore.Mvc.UI.Theme.Basic\Starshine.Abp.AspNetCore.Mvc.UI.Theme.Basic.csproj", "{D34BB93C-A908-DBCF-0234-8B5165B7E632}"
EndProject
Project("{2150E333-8FDC-42A3-9474-1A3956D46DE8}") = "identity", "identity", "{170830BF-9F24-477C-98D3-745EEDB8D5D0}"
EndProject
Project("{2150E333-8FDC-42A3-9474-1A3956D46DE8}") = "permission-management", "permission-management", "{02EA681E-C7D8-13C7-8484-4AC65E1B71E8}"
EndProject
Project("{FAE04EC0-301F-11D3-BF4B-00C04F79EFBC}") = "Starshine.Abp.PermissionManagement.Domain", "..\..\modules\permission-management\Starshine.Abp.PermissionManagement.Domain\Starshine.Abp.PermissionManagement.Domain.csproj", "{541CFC19-9DC5-9212-76F0-8CF7D989B75C}"
EndProject
Project("{FAE04EC0-301F-11D3-BF4B-00C04F79EFBC}") = "Starshine.Abp.PermissionManagement.Domain.Shared", "..\..\modules\permission-management\Starshine.Abp.PermissionManagement.Domain.Shared\Starshine.Abp.PermissionManagement.Domain.Shared.csproj", "{89363ACD-C2AB-AF66-5E52-F5F7DAC48B88}"
EndProject
Project("{FAE04EC0-301F-11D3-BF4B-00C04F79EFBC}") = "Starshine.Abp.PermissionManagement.Application.Contracts", "..\..\modules\permission-management\Starshine.Abp.PermissionManagement.Application.Contracts\Starshine.Abp.PermissionManagement.Application.Contracts.csproj", "{B3B7D740-8079-E0D6-CD3E-EFDB3923261E}"
EndProject
Global
	GlobalSection(SolutionConfigurationPlatforms) = preSolution
		Debug|Any CPU = Debug|Any CPU
		Release|Any CPU = Release|Any CPU
	EndGlobalSection
	GlobalSection(ProjectConfigurationPlatforms) = postSolution
		{554AD327-6DBA-4F8F-96F8-81CE7A0C863F}.Debug|Any CPU.ActiveCfg = Debug|Any CPU
		{554AD327-6DBA-4F8F-96F8-81CE7A0C863F}.Debug|Any CPU.Build.0 = Debug|Any CPU
		{554AD327-6DBA-4F8F-96F8-81CE7A0C863F}.Release|Any CPU.ActiveCfg = Release|Any CPU
		{554AD327-6DBA-4F8F-96F8-81CE7A0C863F}.Release|Any CPU.Build.0 = Release|Any CPU
		{1A94A50E-06DC-43C1-80B5-B662820EC3EB}.Debug|Any CPU.ActiveCfg = Debug|Any CPU
		{1A94A50E-06DC-43C1-80B5-B662820EC3EB}.Debug|Any CPU.Build.0 = Debug|Any CPU
		{1A94A50E-06DC-43C1-80B5-B662820EC3EB}.Release|Any CPU.ActiveCfg = Release|Any CPU
		{1A94A50E-06DC-43C1-80B5-B662820EC3EB}.Release|Any CPU.Build.0 = Release|Any CPU
		{C956DD76-69C8-4A9C-83EA-D17DF83340FD}.Debug|Any CPU.ActiveCfg = Debug|Any CPU
		{C956DD76-69C8-4A9C-83EA-D17DF83340FD}.Debug|Any CPU.Build.0 = Debug|Any CPU
		{C956DD76-69C8-4A9C-83EA-D17DF83340FD}.Release|Any CPU.ActiveCfg = Release|Any CPU
		{C956DD76-69C8-4A9C-83EA-D17DF83340FD}.Release|Any CPU.Build.0 = Release|Any CPU
		{42F719ED-8413-4895-B5B4-5AB56079BC66}.Debug|Any CPU.ActiveCfg = Debug|Any CPU
		{42F719ED-8413-4895-B5B4-5AB56079BC66}.Debug|Any CPU.Build.0 = Debug|Any CPU
		{42F719ED-8413-4895-B5B4-5AB56079BC66}.Release|Any CPU.ActiveCfg = Release|Any CPU
		{42F719ED-8413-4895-B5B4-5AB56079BC66}.Release|Any CPU.Build.0 = Release|Any CPU
		{520659C8-C734-4298-A3DA-B539DB9DFC0B}.Debug|Any CPU.ActiveCfg = Debug|Any CPU
		{520659C8-C734-4298-A3DA-B539DB9DFC0B}.Debug|Any CPU.Build.0 = Debug|Any CPU
		{520659C8-C734-4298-A3DA-B539DB9DFC0B}.Release|Any CPU.ActiveCfg = Release|Any CPU
		{520659C8-C734-4298-A3DA-B539DB9DFC0B}.Release|Any CPU.Build.0 = Release|Any CPU
		{4164BDF7-F527-4E85-9CE6-E3C2D7426A27}.Debug|Any CPU.ActiveCfg = Debug|Any CPU
		{4164BDF7-F527-4E85-9CE6-E3C2D7426A27}.Debug|Any CPU.Build.0 = Debug|Any CPU
		{4164BDF7-F527-4E85-9CE6-E3C2D7426A27}.Release|Any CPU.ActiveCfg = Release|Any CPU
		{4164BDF7-F527-4E85-9CE6-E3C2D7426A27}.Release|Any CPU.Build.0 = Release|Any CPU
		{3B5A0094-670D-4BB1-BFDD-61B88A8773DC}.Debug|Any CPU.ActiveCfg = Debug|Any CPU
		{3B5A0094-670D-4BB1-BFDD-61B88A8773DC}.Debug|Any CPU.Build.0 = Debug|Any CPU
		{3B5A0094-670D-4BB1-BFDD-61B88A8773DC}.Release|Any CPU.ActiveCfg = Release|Any CPU
		{3B5A0094-670D-4BB1-BFDD-61B88A8773DC}.Release|Any CPU.Build.0 = Release|Any CPU
		{AA94D832-1CCC-4715-95A9-A483F23A1A5D}.Debug|Any CPU.ActiveCfg = Debug|Any CPU
		{AA94D832-1CCC-4715-95A9-A483F23A1A5D}.Debug|Any CPU.Build.0 = Debug|Any CPU
		{AA94D832-1CCC-4715-95A9-A483F23A1A5D}.Release|Any CPU.ActiveCfg = Release|Any CPU
		{AA94D832-1CCC-4715-95A9-A483F23A1A5D}.Release|Any CPU.Build.0 = Release|Any CPU
		{748584B1-BA69-4F6A-81AA-F4BDE6BCE29D}.Debug|Any CPU.ActiveCfg = Debug|Any CPU
		{748584B1-BA69-4F6A-81AA-F4BDE6BCE29D}.Debug|Any CPU.Build.0 = Debug|Any CPU
		{748584B1-BA69-4F6A-81AA-F4BDE6BCE29D}.Release|Any CPU.ActiveCfg = Release|Any CPU
		{748584B1-BA69-4F6A-81AA-F4BDE6BCE29D}.Release|Any CPU.Build.0 = Release|Any CPU
		{5C9EC0EA-00A5-9453-EDDC-5905D519247A}.Debug|Any CPU.ActiveCfg = Debug|Any CPU
		{5C9EC0EA-00A5-9453-EDDC-5905D519247A}.Debug|Any CPU.Build.0 = Debug|Any CPU
		{5C9EC0EA-00A5-9453-EDDC-5905D519247A}.Release|Any CPU.ActiveCfg = Release|Any CPU
		{5C9EC0EA-00A5-9453-EDDC-5905D519247A}.Release|Any CPU.Build.0 = Release|Any CPU
		{2E1FAA1D-2B20-48ED-2857-C0F21412FC5B}.Debug|Any CPU.ActiveCfg = Debug|Any CPU
		{2E1FAA1D-2B20-48ED-2857-C0F21412FC5B}.Debug|Any CPU.Build.0 = Debug|Any CPU
		{2E1FAA1D-2B20-48ED-2857-C0F21412FC5B}.Release|Any CPU.ActiveCfg = Release|Any CPU
		{2E1FAA1D-2B20-48ED-2857-C0F21412FC5B}.Release|Any CPU.Build.0 = Release|Any CPU
		{10844854-ECDE-1FE6-6AB8-FA22741C50CD}.Debug|Any CPU.ActiveCfg = Debug|Any CPU
		{10844854-ECDE-1FE6-6AB8-FA22741C50CD}.Debug|Any CPU.Build.0 = Debug|Any CPU
		{10844854-ECDE-1FE6-6AB8-FA22741C50CD}.Release|Any CPU.ActiveCfg = Release|Any CPU
		{10844854-ECDE-1FE6-6AB8-FA22741C50CD}.Release|Any CPU.Build.0 = Release|Any CPU
		{B1229813-84E6-D808-4F0E-1C2CFF0A8AC7}.Debug|Any CPU.ActiveCfg = Debug|Any CPU
		{B1229813-84E6-D808-4F0E-1C2CFF0A8AC7}.Debug|Any CPU.Build.0 = Debug|Any CPU
		{B1229813-84E6-D808-4F0E-1C2CFF0A8AC7}.Release|Any CPU.ActiveCfg = Release|Any CPU
		{B1229813-84E6-D808-4F0E-1C2CFF0A8AC7}.Release|Any CPU.Build.0 = Release|Any CPU
		{CD4533AF-E019-B5E0-9D62-3022B18E68E9}.Debug|Any CPU.ActiveCfg = Debug|Any CPU
		{CD4533AF-E019-B5E0-9D62-3022B18E68E9}.Debug|Any CPU.Build.0 = Debug|Any CPU
		{CD4533AF-E019-B5E0-9D62-3022B18E68E9}.Release|Any CPU.ActiveCfg = Release|Any CPU
		{CD4533AF-E019-B5E0-9D62-3022B18E68E9}.Release|Any CPU.Build.0 = Release|Any CPU
		{D34BB93C-A908-DBCF-0234-8B5165B7E632}.Debug|Any CPU.ActiveCfg = Debug|Any CPU
		{D34BB93C-A908-DBCF-0234-8B5165B7E632}.Debug|Any CPU.Build.0 = Debug|Any CPU
		{D34BB93C-A908-DBCF-0234-8B5165B7E632}.Release|Any CPU.ActiveCfg = Release|Any CPU
		{D34BB93C-A908-DBCF-0234-8B5165B7E632}.Release|Any CPU.Build.0 = Release|Any CPU
		{541CFC19-9DC5-9212-76F0-8CF7D989B75C}.Debug|Any CPU.ActiveCfg = Debug|Any CPU
		{541CFC19-9DC5-9212-76F0-8CF7D989B75C}.Debug|Any CPU.Build.0 = Debug|Any CPU
		{541CFC19-9DC5-9212-76F0-8CF7D989B75C}.Release|Any CPU.ActiveCfg = Release|Any CPU
		{541CFC19-9DC5-9212-76F0-8CF7D989B75C}.Release|Any CPU.Build.0 = Release|Any CPU
		{89363ACD-C2AB-AF66-5E52-F5F7DAC48B88}.Debug|Any CPU.ActiveCfg = Debug|Any CPU
		{89363ACD-C2AB-AF66-5E52-F5F7DAC48B88}.Debug|Any CPU.Build.0 = Debug|Any CPU
		{89363ACD-C2AB-AF66-5E52-F5F7DAC48B88}.Release|Any CPU.ActiveCfg = Release|Any CPU
		{89363ACD-C2AB-AF66-5E52-F5F7DAC48B88}.Release|Any CPU.Build.0 = Release|Any CPU
		{B3B7D740-8079-E0D6-CD3E-EFDB3923261E}.Debug|Any CPU.ActiveCfg = Debug|Any CPU
		{B3B7D740-8079-E0D6-CD3E-EFDB3923261E}.Debug|Any CPU.Build.0 = Debug|Any CPU
		{B3B7D740-8079-E0D6-CD3E-EFDB3923261E}.Release|Any CPU.ActiveCfg = Release|Any CPU
		{B3B7D740-8079-E0D6-CD3E-EFDB3923261E}.Release|Any CPU.Build.0 = Release|Any CPU
	EndGlobalSection
	GlobalSection(SolutionProperties) = preSolution
		HideSolutionNode = FALSE
	EndGlobalSection
	GlobalSection(NestedProjects) = preSolution
		{554AD327-6DBA-4F8F-96F8-81CE7A0C863F} = {CA9AC87F-097E-4F15-8393-4BC07735A5B0}
		{1A94A50E-06DC-43C1-80B5-B662820EC3EB} = {CA9AC87F-097E-4F15-8393-4BC07735A5B0}
		{C956DD76-69C8-4A9C-83EA-D17DF83340FD} = {CA9AC87F-097E-4F15-8393-4BC07735A5B0}
		{42F719ED-8413-4895-B5B4-5AB56079BC66} = {CA9AC87F-097E-4F15-8393-4BC07735A5B0}
		{520659C8-C734-4298-A3DA-B539DB9DFC0B} = {CA9AC87F-097E-4F15-8393-4BC07735A5B0}
		{4164BDF7-F527-4E85-9CE6-E3C2D7426A27} = {CA9AC87F-097E-4F15-8393-4BC07735A5B0}
		{3B5A0094-670D-4BB1-BFDD-61B88A8773DC} = {CA9AC87F-097E-4F15-8393-4BC07735A5B0}
		{AA94D832-1CCC-4715-95A9-A483F23A1A5D} = {CA9AC87F-097E-4F15-8393-4BC07735A5B0}
		{748584B1-BA69-4F6A-81AA-F4BDE6BCE29D} = {CA9AC87F-097E-4F15-8393-4BC07735A5B0}
		{5C9EC0EA-00A5-9453-EDDC-5905D519247A} = {4BFFAA88-F4F1-4542-843B-6783D104DF5D}
		{2E1FAA1D-2B20-48ED-2857-C0F21412FC5B} = {4BFFAA88-F4F1-4542-843B-6783D104DF5D}
		{10844854-ECDE-1FE6-6AB8-FA22741C50CD} = {4BFFAA88-F4F1-4542-843B-6783D104DF5D}
		{A25A84E8-10D9-44D6-ABE5-E63ED837F42C} = {FC39565C-5CD6-4593-AB2C-F117BCD2A25E}
		{B1229813-84E6-D808-4F0E-1C2CFF0A8AC7} = {A25A84E8-10D9-44D6-ABE5-E63ED837F42C}
		{CD4533AF-E019-B5E0-9D62-3022B18E68E9} = {A25A84E8-10D9-44D6-ABE5-E63ED837F42C}
		{C5B73EBB-3A24-44BB-BD2B-E314B95582A7} = {FC39565C-5CD6-4593-AB2C-F117BCD2A25E}
		{D34BB93C-A908-DBCF-0234-8B5165B7E632} = {C5B73EBB-3A24-44BB-BD2B-E314B95582A7}
		{170830BF-9F24-477C-98D3-745EEDB8D5D0} = {FC39565C-5CD6-4593-AB2C-F117BCD2A25E}
		{02EA681E-C7D8-13C7-8484-4AC65E1B71E8} = {FC39565C-5CD6-4593-AB2C-F117BCD2A25E}
		{541CFC19-9DC5-9212-76F0-8CF7D989B75C} = {02EA681E-C7D8-13C7-8484-4AC65E1B71E8}
		{89363ACD-C2AB-AF66-5E52-F5F7DAC48B88} = {02EA681E-C7D8-13C7-8484-4AC65E1B71E8}
		{B3B7D740-8079-E0D6-CD3E-EFDB3923261E} = {02EA681E-C7D8-13C7-8484-4AC65E1B71E8}
	EndGlobalSection
	GlobalSection(ExtensibilityGlobals) = postSolution
		SolutionGuid = {28315BFD-90E7-4E14-A2EA-F3D23AF4126F}
	EndGlobalSection
EndGlobal
