Microsoft Visual Studio Solution File, Format Version 12.00
# Visual Studio Version 17
VisualStudioVersion = 17.5.2.0
MinimumVisualStudioVersion = 10.0.40219.1
Project("{FAE04EC0-301F-11D3-BF4B-00C04F79EFBC}") = "Censeq.SettingManagement.Application", "Censeq.SettingManagement.Application\Censeq.SettingManagement.Application.csproj", "{9D5812A9-E3D0-33E5-D48E-A0FC5273FFDB}"
EndProject
Project("{FAE04EC0-301F-11D3-BF4B-00C04F79EFBC}") = "Censeq.SettingManagement.Application.Contracts", "Censeq.SettingManagement.Application.Contracts\Censeq.SettingManagement.Application.Contracts.csproj", "{3B3FCF18-1A64-A4D9-E2E5-02913D2DD4C4}"
EndProject
Project("{FAE04EC0-301F-11D3-BF4B-00C04F79EFBC}") = "Censeq.SettingManagement.Domain", "Censeq.SettingManagement.Domain\Censeq.SettingManagement.Domain.csproj", "{300C9819-C02A-F223-7198-B589CA64CFE3}"
EndProject
Project("{FAE04EC0-301F-11D3-BF4B-00C04F79EFBC}") = "Censeq.SettingManagement.Domain.Shared", "Censeq.SettingManagement.Domain.Shared\Censeq.SettingManagement.Domain.Shared.csproj", "{2C1B2B2D-BDE9-1B75-D037-12443A568873}"
EndProject
Project("{FAE04EC0-301F-11D3-BF4B-00C04F79EFBC}") = "Censeq.SettingManagement.EntityFrameworkCore", "Censeq.SettingManagement.EntityFrameworkCore\Censeq.SettingManagement.EntityFrameworkCore.csproj", "{EA5BDE35-30F9-490D-E554-24C47E7261AB}"
EndProject
Project("{FAE04EC0-301F-11D3-BF4B-00C04F79EFBC}") = "Censeq.SettingManagement.HttpApi", "Censeq.SettingManagement.HttpApi\Censeq.SettingManagement.HttpApi.csproj", "{4EE2C849-3B05-1A08-6E71-5B3CC9D5F857}"
EndProject
Project("{FAE04EC0-301F-11D3-BF4B-00C04F79EFBC}") = "Censeq.SettingManagement.HttpApi.Client", "Censeq.SettingManagement.HttpApi.Client\Censeq.SettingManagement.HttpApi.Client.csproj", "{122706B3-EF58-8CF5-CE5D-4F28BA92077B}"
EndProject
Global
	GlobalSection(SolutionConfigurationPlatforms) = preSolution
		Debug|Any CPU = Debug|Any CPU
		Release|Any CPU = Release|Any CPU
	EndGlobalSection
	GlobalSection(ProjectConfigurationPlatforms) = postSolution
		{9D5812A9-E3D0-33E5-D48E-A0FC5273FFDB}.Debug|Any CPU.ActiveCfg = Debug|Any CPU
		{9D5812A9-E3D0-33E5-D48E-A0FC5273FFDB}.Debug|Any CPU.Build.0 = Debug|Any CPU
		{9D5812A9-E3D0-33E5-D48E-A0FC5273FFDB}.Release|Any CPU.ActiveCfg = Release|Any CPU
		{9D5812A9-E3D0-33E5-D48E-A0FC5273FFDB}.Release|Any CPU.Build.0 = Release|Any CPU
		{3B3FCF18-1A64-A4D9-E2E5-02913D2DD4C4}.Debug|Any CPU.ActiveCfg = Debug|Any CPU
		{3B3FCF18-1A64-A4D9-E2E5-02913D2DD4C4}.Debug|Any CPU.Build.0 = Debug|Any CPU
		{3B3FCF18-1A64-A4D9-E2E5-02913D2DD4C4}.Release|Any CPU.ActiveCfg = Release|Any CPU
		{3B3FCF18-1A64-A4D9-E2E5-02913D2DD4C4}.Release|Any CPU.Build.0 = Release|Any CPU
		{300C9819-C02A-F223-7198-B589CA64CFE3}.Debug|Any CPU.ActiveCfg = Debug|Any CPU
		{300C9819-C02A-F223-7198-B589CA64CFE3}.Debug|Any CPU.Build.0 = Debug|Any CPU
		{300C9819-C02A-F223-7198-B589CA64CFE3}.Release|Any CPU.ActiveCfg = Release|Any CPU
		{300C9819-C02A-F223-7198-B589CA64CFE3}.Release|Any CPU.Build.0 = Release|Any CPU
		{2C1B2B2D-BDE9-1B75-D037-12443A568873}.Debug|Any CPU.ActiveCfg = Debug|Any CPU
		{2C1B2B2D-BDE9-1B75-D037-12443A568873}.Debug|Any CPU.Build.0 = Debug|Any CPU
		{2C1B2B2D-BDE9-1B75-D037-12443A568873}.Release|Any CPU.ActiveCfg = Release|Any CPU
		{2C1B2B2D-BDE9-1B75-D037-12443A568873}.Release|Any CPU.Build.0 = Release|Any CPU
		{EA5BDE35-30F9-490D-E554-24C47E7261AB}.Debug|Any CPU.ActiveCfg = Debug|Any CPU
		{EA5BDE35-30F9-490D-E554-24C47E7261AB}.Debug|Any CPU.Build.0 = Debug|Any CPU
		{EA5BDE35-30F9-490D-E554-24C47E7261AB}.Release|Any CPU.ActiveCfg = Release|Any CPU
		{EA5BDE35-30F9-490D-E554-24C47E7261AB}.Release|Any CPU.Build.0 = Release|Any CPU
		{4EE2C849-3B05-1A08-6E71-5B3CC9D5F857}.Debug|Any CPU.ActiveCfg = Debug|Any CPU
		{4EE2C849-3B05-1A08-6E71-5B3CC9D5F857}.Debug|Any CPU.Build.0 = Debug|Any CPU
		{4EE2C849-3B05-1A08-6E71-5B3CC9D5F857}.Release|Any CPU.ActiveCfg = Release|Any CPU
		{4EE2C849-3B05-1A08-6E71-5B3CC9D5F857}.Release|Any CPU.Build.0 = Release|Any CPU
		{122706B3-EF58-8CF5-CE5D-4F28BA92077B}.Debug|Any CPU.ActiveCfg = Debug|Any CPU
		{122706B3-EF58-8CF5-CE5D-4F28BA92077B}.Debug|Any CPU.Build.0 = Debug|Any CPU
		{122706B3-EF58-8CF5-CE5D-4F28BA92077B}.Release|Any CPU.ActiveCfg = Release|Any CPU
		{122706B3-EF58-8CF5-CE5D-4F28BA92077B}.Release|Any CPU.Build.0 = Release|Any CPU
	EndGlobalSection
	GlobalSection(SolutionProperties) = preSolution
		HideSolutionNode = FALSE
	EndGlobalSection
	GlobalSection(ExtensibilityGlobals) = postSolution
		SolutionGuid = {DB1E0669-9ACE-4E38-B64D-ED48374413F5}
	EndGlobalSection
EndGlobal
